
Microsoft Visual Studio Solution File, Format Version 12.00
# Visual Studio 14
VisualStudioVersion = 14.0.25420.1
MinimumVisualStudioVersion = 10.0.40219.1
Project("{FAE04EC0-301F-11D3-BF4B-00C04F79EFBC}") = "QA.ProductCatalog.ImpactService", "QA.ProductCatalog.ImpactService\QA.ProductCatalog.ImpactService.csproj", "{4DC1E99B-52AC-4FBD-B8BB-486998FBA45D}"
EndProject
Project("{FAE04EC0-301F-11D3-BF4B-00C04F79EFBC}") = "QA.ProductCatalog.ImpactService.Tests", "QA.ProductCatalog.ImpactService.Tests\QA.ProductCatalog.ImpactService.Tests.csproj", "{DEEDCDEE-A343-4B63-8905-3A549F505002}"
EndProject
Project("{8BB2217D-0F2D-49D1-97BC-3654ED321F3B}") = "QA.ProductCatalog.ImpactService.API", "QA.ProductCatalog.ImpactService.API\QA.ProductCatalog.ImpactService.API.xproj", "{BDA5817B-BE73-4FC3-9B64-E85599BF7E51}"
EndProject
Global
	GlobalSection(SolutionConfigurationPlatforms) = preSolution
		Debug|Any CPU = Debug|Any CPU
		Release|Any CPU = Release|Any CPU
	EndGlobalSection
	GlobalSection(ProjectConfigurationPlatforms) = postSolution
		{4DC1E99B-52AC-4FBD-B8BB-486998FBA45D}.Debug|Any CPU.ActiveCfg = Debug|Any CPU
		{4DC1E99B-52AC-4FBD-B8BB-486998FBA45D}.Debug|Any CPU.Build.0 = Debug|Any CPU
		{4DC1E99B-52AC-4FBD-B8BB-486998FBA45D}.Release|Any CPU.ActiveCfg = Release|Any CPU
		{4DC1E99B-52AC-4FBD-B8BB-486998FBA45D}.Release|Any CPU.Build.0 = Release|Any CPU
		{DEEDCDEE-A343-4B63-8905-3A549F505002}.Debug|Any CPU.ActiveCfg = Debug|Any CPU
		{DEEDCDEE-A343-4B63-8905-3A549F505002}.Debug|Any CPU.Build.0 = Debug|Any CPU
		{DEEDCDEE-A343-4B63-8905-3A549F505002}.Release|Any CPU.ActiveCfg = Release|Any CPU
		{DEEDCDEE-A343-4B63-8905-3A549F505002}.Release|Any CPU.Build.0 = Release|Any CPU
		{BDA5817B-BE73-4FC3-9B64-E85599BF7E51}.Debug|Any CPU.ActiveCfg = Debug|Any CPU
		{BDA5817B-BE73-4FC3-9B64-E85599BF7E51}.Debug|Any CPU.Build.0 = Debug|Any CPU
		{BDA5817B-BE73-4FC3-9B64-E85599BF7E51}.Release|Any CPU.ActiveCfg = Release|Any CPU
		{BDA5817B-BE73-4FC3-9B64-E85599BF7E51}.Release|Any CPU.Build.0 = Release|Any CPU
	EndGlobalSection
	GlobalSection(SolutionProperties) = preSolution
		HideSolutionNode = FALSE
	EndGlobalSection
EndGlobal
