
Microsoft Visual Studio Solution File, Format Version 12.00
# Visual Studio 14
VisualStudioVersion = 14.0.25123.0
MinimumVisualStudioVersion = 10.0.40219.1
Project("{2150E333-8FDC-42A3-9474-1A3956D46DE8}") = "Tests", "Tests", "{9E374573-BDFB-453D-B9A7-D098D2E295C5}"
EndProject
Project("{2150E333-8FDC-42A3-9474-1A3956D46DE8}") = "Core", "Core", "{7E24881D-A8B0-4569-9B6A-D4A76AE2125E}"
EndProject
Project("{2150E333-8FDC-42A3-9474-1A3956D46DE8}") = "Data", "Data", "{AB0E48A6-4C45-4470-9FE4-0213262054A6}"
EndProject
Project("{FAE04EC0-301F-11D3-BF4B-00C04F79EFBC}") = "QA.ProductCatalog.Infrastructure", "QA.ProductCatalog.Infrastructure\QA.ProductCatalog.Infrastructure.csproj", "{5AF860A1-97A7-4C36-9496-21054975E226}"
EndProject
Project("{FAE04EC0-301F-11D3-BF4B-00C04F79EFBC}") = "QA.Core.Models", "QA.Core.Models\QA.Core.Models.csproj", "{4BAEAE00-DA81-49DC-8B75-475724D4C4C2}"
EndProject
Project("{FAE04EC0-301F-11D3-BF4B-00C04F79EFBC}") = "QA.Core.Models.Tests", "QA.Core.Models.Tests\QA.Core.Models.Tests.csproj", "{722A9ABE-56A0-46ED-89C8-ABCA3AAC54E5}"
EndProject
Project("{FAE04EC0-301F-11D3-BF4B-00C04F79EFBC}") = "QA.Core.DPC.Loader", "QA.Core.DPC.Loader\QA.Core.DPC.Loader.csproj", "{30CE970F-DC61-40B7-9625-44A70E8BEAF8}"
EndProject
Project("{FAE04EC0-301F-11D3-BF4B-00C04F79EFBC}") = "QA.Core.DPC.Loader.Tests", "QA.Core.DPC.Loader.Tests\QA.Core.DPC.Loader.Tests.csproj", "{B06F1098-5BA5-48D2-A81F-4BAADE9ADACC}"
EndProject
Project("{FAE04EC0-301F-11D3-BF4B-00C04F79EFBC}") = "QA.ProductCatalog.Admin.WebApp", "QA.ProductCatalog.Admin.WebApp\QA.ProductCatalog.Admin.WebApp.csproj", "{7F8AC7E1-5857-4383-A542-BBC1E9CD7609}"
EndProject
Project("{FAE04EC0-301F-11D3-BF4B-00C04F79EFBC}") = "QA.Core.DPC.UI", "QA.Core.DPC.UI\QA.Core.DPC.UI.csproj", "{08B8D510-2309-425F-B3E3-DD9DCDB3497F}"
EndProject
Project("{FAE04EC0-301F-11D3-BF4B-00C04F79EFBC}") = "QA.ProductCatalog.Integration", "QA.ProductCatalog.Integration\QA.ProductCatalog.Integration.csproj", "{54C5A130-E1F2-4971-A76A-C7991FC456AA}"
EndProject
Project("{FAE04EC0-301F-11D3-BF4B-00C04F79EFBC}") = "QA.Core.ProductCatalog.Actions", "QA.Core.ProductCatalog.Actions\QA.Core.ProductCatalog.Actions.csproj", "{8516B769-6B89-4E24-BEF7-3C4B1924A11A}"
EndProject
Project("{FAE04EC0-301F-11D3-BF4B-00C04F79EFBC}") = "QA.Core.ProductCatalog.Actions.Tests", "QA.Core.ProductCatalog.Actions.Tests\QA.Core.ProductCatalog.Actions.Tests.csproj", "{D321028F-16DD-480A-923E-8451140B3926}"
EndProject
Project("{FAE04EC0-301F-11D3-BF4B-00C04F79EFBC}") = "QA.Core.ProductCatalog.ActionsService", "QA.Core.ProductCatalog.ActionsService\QA.Core.ProductCatalog.ActionsService.csproj", "{0C29C41B-87D1-462F-9C33-C875C76D464D}"
EndProject
Project("{FAE04EC0-301F-11D3-BF4B-00C04F79EFBC}") = "QA.Core.ProductCatalog.ActionsRunner", "QA.Core.ProductCatalog.ActionsRunner\QA.Core.ProductCatalog.ActionsRunner.csproj", "{8AC337D0-15BE-4A60-9166-B7EEAE3D5B32}"
EndProject
Project("{FAE04EC0-301F-11D3-BF4B-00C04F79EFBC}") = "QA.Core.ProductCatalog.ActionsRunnerModel", "QA.Core.ProductCatalog.ActionsRunnerModel\QA.Core.ProductCatalog.ActionsRunnerModel.csproj", "{56E7FB60-0511-4BC7-9091-99C91D4CA5F7}"
EndProject
Project("{FAE04EC0-301F-11D3-BF4B-00C04F79EFBC}") = "QA.ProductCatalog.StressTestUtility", "QA.ProductCatalog.StressTestUtility\QA.ProductCatalog.StressTestUtility.csproj", "{73A51D81-579C-440A-938F-88157909A084}"
EndProject
Project("{FAE04EC0-301F-11D3-BF4B-00C04F79EFBC}") = "QA.Core.ProductCatalog.TaskScheduler", "QA.Core.ProductCatalog.TaskScheduler\QA.Core.ProductCatalog.TaskScheduler.csproj", "{DC1022BC-9FB5-498F-AF48-BDE521AA5B4C}"
EndProject
Project("{FAE04EC0-301F-11D3-BF4B-00C04F79EFBC}") = "QA.Core.DPC.NotificationSender", "QA.Core.DPC.NotificationSender\QA.Core.DPC.NotificationSender.csproj", "{B946F700-B9DF-41EA-9203-484303757C97}"
EndProject
Project("{FAE04EC0-301F-11D3-BF4B-00C04F79EFBC}") = "QA.ProductCatalog.WebApi", "QA.ProductCatalog.WebApi\QA.ProductCatalog.WebApi.csproj", "{AD3609FC-0781-432A-912B-FDD3B1FB773C}"
EndProject
Project("{FAE04EC0-301F-11D3-BF4B-00C04F79EFBC}") = "QA.Core.DocumentGenerator", "QA.Core.DocumentGenerator\QA.Core.DocumentGenerator.csproj", "{7BF30688-370A-4290-89E4-EF9181D373E4}"
EndProject
Project("{FAE04EC0-301F-11D3-BF4B-00C04F79EFBC}") = "QA.Core.DocumentGenerator.Tests", "QA.Core.DocumentGenerator.Tests\QA.Core.DocumentGenerator.Tests.csproj", "{FD13BB50-4C6C-4B4C-A343-9B44C089BA98}"
EndProject
Project("{FAE04EC0-301F-11D3-BF4B-00C04F79EFBC}") = "QA.Core.DPC.Formatters", "QA.Core.DPC.Formatters\QA.Core.DPC.Formatters.csproj", "{749FE9E8-3678-497B-948F-F0B0135E2D97}"
EndProject
Project("{FAE04EC0-301F-11D3-BF4B-00C04F79EFBC}") = "QA.Core.DPC.API", "QA.Core.DPC.API\QA.Core.DPC.API.csproj", "{F14BB090-9951-49BA-BE2B-80027F155D65}"
EndProject
Project("{FAE04EC0-301F-11D3-BF4B-00C04F79EFBC}") = "QA.ProductCatalog.SiteSyncWebHost", "QA.ProductCatalog.SiteSyncWebHost\QA.ProductCatalog.SiteSyncWebHost.csproj", "{375EC380-2D28-47CF-80A2-F7AB84123883}"
EndProject
Project("{FAE04EC0-301F-11D3-BF4B-00C04F79EFBC}") = "QA.Core.DPC.Integration", "QA.Core.DPC.Integration\QA.Core.DPC.Integration.csproj", "{71121A6B-3673-4CC1-A97A-610E9C33F33A}"
EndProject
Project("{FAE04EC0-301F-11D3-BF4B-00C04F79EFBC}") = "QA.ProductCatalog.Validation", "QA.ProductCatalog.Validation\QA.ProductCatalog.Validation.csproj", "{1B4547C9-EA65-4025-A940-A1516EA460D3}"
EndProject
Project("{FAE04EC0-301F-11D3-BF4B-00C04F79EFBC}") = "QA.Core.DPC.Notification", "QA.Core.DPC.Notification\QA.Core.DPC.Notification.csproj", "{D0E2CB2D-042A-4882-8E6D-BBB0966FB47B}"
EndProject
Project("{FAE04EC0-301F-11D3-BF4B-00C04F79EFBC}") = "QA.ProductCatalog.FileSyncWebHost", "QA.ProductCatalog.FileSyncWebHost\QA.ProductCatalog.FileSyncWebHost.csproj", "{EF2CA54C-748B-4E29-9EE2-15DE0DB5BFD6}"
EndProject
Project("{FAE04EC0-301F-11D3-BF4B-00C04F79EFBC}") = "QA.Core.DPC.Integration.Tests", "QA.Core.DPC.Integration.Tests\QA.Core.DPC.Integration.Tests.csproj", "{B48876AB-8BC5-4D53-8D23-C725E2247A4D}"
EndProject
Project("{FAE04EC0-301F-11D3-BF4B-00C04F79EFBC}") = "QA.Core.DPC.Xaml", "QA.Core.DPC.Xaml\QA.Core.DPC.Xaml.csproj", "{8EE920A3-9A9F-49F4-91DE-153E283F753C}"
EndProject
Project("{2150E333-8FDC-42A3-9474-1A3956D46DE8}") = ".nuget", ".nuget", "{876EF345-432B-4D45-814F-97F0F608430B}"
	ProjectSection(SolutionItems) = preProject
		nuget.config = nuget.config
	EndProjectSection
EndProject
Project("{2150E333-8FDC-42A3-9474-1A3956D46DE8}") = "HighloadFront", "HighloadFront", "{064EB671-0575-4864-AEB9-84B6D08F029B}"
EndProject
Project("{FAE04EC0-301F-11D3-BF4B-00C04F79EFBC}") = "QA.ProductCatalog.HighloadFront", "QA.ProductCatalog.HighloadFront\QA.ProductCatalog.HighloadFront.csproj", "{08DE5738-45F8-47B9-B828-D657223EAE51}"
EndProject
Project("{FAE04EC0-301F-11D3-BF4B-00C04F79EFBC}") = "QA.ProductCatalog.HighloadFront.API", "QA.ProductCatalog.HighloadFront.API\QA.ProductCatalog.HighloadFront.API.csproj", "{78124EE7-9123-4B67-A9F9-B34A8E39823E}"
EndProject
Project("{FAE04EC0-301F-11D3-BF4B-00C04F79EFBC}") = "QA.ProductCatalog.HighloadFront.Elastic", "QA.ProductCatalog.HighloadFront.Elastic\QA.ProductCatalog.HighloadFront.Elastic.csproj", "{3B949EFD-3D99-4915-ADA1-AA74025156EA}"
EndProject
Project("{FAE04EC0-301F-11D3-BF4B-00C04F79EFBC}") = "QA.ProductCatalog.HighloadFront.Importer", "QA.ProductCatalog.HighloadFront.Importer\QA.ProductCatalog.HighloadFront.Importer.csproj", "{455C03F3-A541-469E-B0F5-FFAE84F56274}"
EndProject
Project("{FAE04EC0-301F-11D3-BF4B-00C04F79EFBC}") = "QA.ProductCatalog.HighloadFront.Infrastructure", "QA.ProductCatalog.HighloadFront.Infrastructure\QA.ProductCatalog.HighloadFront.Infrastructure.csproj", "{828345E1-3B11-45DD-871D-AC445B466E42}"
EndProject
Project("{2150E333-8FDC-42A3-9474-1A3956D46DE8}") = "Actions", "Actions", "{6B8EF7FB-0D20-4D5B-B5C8-98648657CC0B}"
EndProject
Project("{2150E333-8FDC-42A3-9474-1A3956D46DE8}") = "RegionSync", "RegionSync", "{BD97F8FF-249D-4776-8C46-6346C8E29ADA}"
EndProject
Project("{FAE04EC0-301F-11D3-BF4B-00C04F79EFBC}") = "QA.ProductCatalog.RegionSync.Core", "QA.ProductCatalog.RegionSync.Core\QA.ProductCatalog.RegionSync.Core.csproj", "{A92ADEFA-5229-4BE3-AEFC-925EA55A8848}"
EndProject
Project("{FAE04EC0-301F-11D3-BF4B-00C04F79EFBC}") = "QA.ProductCatalog.RegionSync.Service", "QA.ProductCatalog.RegionSyncService\QA.ProductCatalog.RegionSync.Service.csproj", "{65934658-47E0-4175-A495-7F2D94318640}"
EndProject
Project("{FAE04EC0-301F-11D3-BF4B-00C04F79EFBC}") = "QA.Scheduler.API", "QA.Scheduler.API\QA.Scheduler.API.csproj", "{5BA9AE54-4D68-4365-9EA2-34EE72BA27A0}"
EndProject
Project("{FAE04EC0-301F-11D3-BF4B-00C04F79EFBC}") = "QA.Scheduler.Core", "QA.Scheduler.Core\QA.Scheduler.Core.csproj", "{5B884BAB-79C7-4F14-8D6D-398FECE0C4E8}"
EndProject
Global
	GlobalSection(SolutionConfigurationPlatforms) = preSolution
		Bee_test|Any CPU = Bee_test|Any CPU
		Debug|Any CPU = Debug|Any CPU
		Megafon|Any CPU = Megafon|Any CPU
		MTS_Json|Any CPU = MTS_Json|Any CPU
		MTS_Prod|Any CPU = MTS_Prod|Any CPU
		MTS_Stage|Any CPU = MTS_Stage|Any CPU
		MTS|Any CPU = MTS|Any CPU
		Release|Any CPU = Release|Any CPU
		Tele2|Any CPU = Tele2|Any CPU
	EndGlobalSection
	GlobalSection(ProjectConfigurationPlatforms) = postSolution
		{5AF860A1-97A7-4C36-9496-21054975E226}.Bee_test|Any CPU.ActiveCfg = Bee_test|Any CPU
		{5AF860A1-97A7-4C36-9496-21054975E226}.Bee_test|Any CPU.Build.0 = Bee_test|Any CPU
		{5AF860A1-97A7-4C36-9496-21054975E226}.Debug|Any CPU.ActiveCfg = Debug|Any CPU
		{5AF860A1-97A7-4C36-9496-21054975E226}.Debug|Any CPU.Build.0 = Debug|Any CPU
		{5AF860A1-97A7-4C36-9496-21054975E226}.Megafon|Any CPU.ActiveCfg = Megafon|Any CPU
		{5AF860A1-97A7-4C36-9496-21054975E226}.Megafon|Any CPU.Build.0 = Megafon|Any CPU
		{5AF860A1-97A7-4C36-9496-21054975E226}.MTS_Json|Any CPU.ActiveCfg = MTS_Prod|Any CPU
		{5AF860A1-97A7-4C36-9496-21054975E226}.MTS_Json|Any CPU.Build.0 = MTS_Prod|Any CPU
		{5AF860A1-97A7-4C36-9496-21054975E226}.MTS_Prod|Any CPU.ActiveCfg = MTS_Prod|Any CPU
		{5AF860A1-97A7-4C36-9496-21054975E226}.MTS_Prod|Any CPU.Build.0 = MTS_Prod|Any CPU
		{5AF860A1-97A7-4C36-9496-21054975E226}.MTS_Stage|Any CPU.ActiveCfg = MTS_Prod|Any CPU
		{5AF860A1-97A7-4C36-9496-21054975E226}.MTS_Stage|Any CPU.Build.0 = MTS_Prod|Any CPU
		{5AF860A1-97A7-4C36-9496-21054975E226}.MTS|Any CPU.ActiveCfg = MTS|Any CPU
		{5AF860A1-97A7-4C36-9496-21054975E226}.MTS|Any CPU.Build.0 = MTS|Any CPU
		{5AF860A1-97A7-4C36-9496-21054975E226}.Release|Any CPU.ActiveCfg = Release|Any CPU
		{5AF860A1-97A7-4C36-9496-21054975E226}.Release|Any CPU.Build.0 = Release|Any CPU
		{5AF860A1-97A7-4C36-9496-21054975E226}.Tele2|Any CPU.ActiveCfg = Tele2|Any CPU
		{5AF860A1-97A7-4C36-9496-21054975E226}.Tele2|Any CPU.Build.0 = Tele2|Any CPU
		{4BAEAE00-DA81-49DC-8B75-475724D4C4C2}.Bee_test|Any CPU.ActiveCfg = Bee_test|Any CPU
		{4BAEAE00-DA81-49DC-8B75-475724D4C4C2}.Bee_test|Any CPU.Build.0 = Bee_test|Any CPU
		{4BAEAE00-DA81-49DC-8B75-475724D4C4C2}.Debug|Any CPU.ActiveCfg = Debug|Any CPU
		{4BAEAE00-DA81-49DC-8B75-475724D4C4C2}.Debug|Any CPU.Build.0 = Debug|Any CPU
		{4BAEAE00-DA81-49DC-8B75-475724D4C4C2}.Megafon|Any CPU.ActiveCfg = Megafon|Any CPU
		{4BAEAE00-DA81-49DC-8B75-475724D4C4C2}.Megafon|Any CPU.Build.0 = Megafon|Any CPU
		{4BAEAE00-DA81-49DC-8B75-475724D4C4C2}.MTS_Json|Any CPU.ActiveCfg = MTS_Prod|Any CPU
		{4BAEAE00-DA81-49DC-8B75-475724D4C4C2}.MTS_Json|Any CPU.Build.0 = MTS_Prod|Any CPU
		{4BAEAE00-DA81-49DC-8B75-475724D4C4C2}.MTS_Prod|Any CPU.ActiveCfg = MTS_Prod|Any CPU
		{4BAEAE00-DA81-49DC-8B75-475724D4C4C2}.MTS_Prod|Any CPU.Build.0 = MTS_Prod|Any CPU
		{4BAEAE00-DA81-49DC-8B75-475724D4C4C2}.MTS_Stage|Any CPU.ActiveCfg = MTS_Prod|Any CPU
		{4BAEAE00-DA81-49DC-8B75-475724D4C4C2}.MTS_Stage|Any CPU.Build.0 = MTS_Prod|Any CPU
		{4BAEAE00-DA81-49DC-8B75-475724D4C4C2}.MTS|Any CPU.ActiveCfg = MTS|Any CPU
		{4BAEAE00-DA81-49DC-8B75-475724D4C4C2}.MTS|Any CPU.Build.0 = MTS|Any CPU
		{4BAEAE00-DA81-49DC-8B75-475724D4C4C2}.Release|Any CPU.ActiveCfg = Release|Any CPU
		{4BAEAE00-DA81-49DC-8B75-475724D4C4C2}.Release|Any CPU.Build.0 = Release|Any CPU
		{4BAEAE00-DA81-49DC-8B75-475724D4C4C2}.Tele2|Any CPU.ActiveCfg = Tele2|Any CPU
		{4BAEAE00-DA81-49DC-8B75-475724D4C4C2}.Tele2|Any CPU.Build.0 = Tele2|Any CPU
		{722A9ABE-56A0-46ED-89C8-ABCA3AAC54E5}.Bee_test|Any CPU.ActiveCfg = Bee_test|Any CPU
		{722A9ABE-56A0-46ED-89C8-ABCA3AAC54E5}.Bee_test|Any CPU.Build.0 = Bee_test|Any CPU
		{722A9ABE-56A0-46ED-89C8-ABCA3AAC54E5}.Debug|Any CPU.ActiveCfg = Debug|Any CPU
		{722A9ABE-56A0-46ED-89C8-ABCA3AAC54E5}.Debug|Any CPU.Build.0 = Debug|Any CPU
		{722A9ABE-56A0-46ED-89C8-ABCA3AAC54E5}.Megafon|Any CPU.ActiveCfg = Megafon|Any CPU
		{722A9ABE-56A0-46ED-89C8-ABCA3AAC54E5}.Megafon|Any CPU.Build.0 = Megafon|Any CPU
		{722A9ABE-56A0-46ED-89C8-ABCA3AAC54E5}.MTS_Json|Any CPU.ActiveCfg = MTS_Prod|Any CPU
		{722A9ABE-56A0-46ED-89C8-ABCA3AAC54E5}.MTS_Json|Any CPU.Build.0 = MTS_Prod|Any CPU
		{722A9ABE-56A0-46ED-89C8-ABCA3AAC54E5}.MTS_Prod|Any CPU.ActiveCfg = MTS_Prod|Any CPU
		{722A9ABE-56A0-46ED-89C8-ABCA3AAC54E5}.MTS_Prod|Any CPU.Build.0 = MTS_Prod|Any CPU
		{722A9ABE-56A0-46ED-89C8-ABCA3AAC54E5}.MTS_Stage|Any CPU.ActiveCfg = MTS_Prod|Any CPU
		{722A9ABE-56A0-46ED-89C8-ABCA3AAC54E5}.MTS_Stage|Any CPU.Build.0 = MTS_Prod|Any CPU
		{722A9ABE-56A0-46ED-89C8-ABCA3AAC54E5}.MTS|Any CPU.ActiveCfg = MTS_Prod|Any CPU
		{722A9ABE-56A0-46ED-89C8-ABCA3AAC54E5}.MTS|Any CPU.Build.0 = MTS_Prod|Any CPU
		{722A9ABE-56A0-46ED-89C8-ABCA3AAC54E5}.Release|Any CPU.ActiveCfg = Release|Any CPU
		{722A9ABE-56A0-46ED-89C8-ABCA3AAC54E5}.Release|Any CPU.Build.0 = Release|Any CPU
		{722A9ABE-56A0-46ED-89C8-ABCA3AAC54E5}.Tele2|Any CPU.ActiveCfg = Tele2|Any CPU
		{722A9ABE-56A0-46ED-89C8-ABCA3AAC54E5}.Tele2|Any CPU.Build.0 = Tele2|Any CPU
		{30CE970F-DC61-40B7-9625-44A70E8BEAF8}.Bee_test|Any CPU.ActiveCfg = Bee_test|Any CPU
		{30CE970F-DC61-40B7-9625-44A70E8BEAF8}.Bee_test|Any CPU.Build.0 = Bee_test|Any CPU
		{30CE970F-DC61-40B7-9625-44A70E8BEAF8}.Debug|Any CPU.ActiveCfg = Debug|Any CPU
		{30CE970F-DC61-40B7-9625-44A70E8BEAF8}.Debug|Any CPU.Build.0 = Debug|Any CPU
		{30CE970F-DC61-40B7-9625-44A70E8BEAF8}.Megafon|Any CPU.ActiveCfg = Megafon|Any CPU
		{30CE970F-DC61-40B7-9625-44A70E8BEAF8}.Megafon|Any CPU.Build.0 = Megafon|Any CPU
		{30CE970F-DC61-40B7-9625-44A70E8BEAF8}.MTS_Json|Any CPU.ActiveCfg = MTS_Prod|Any CPU
		{30CE970F-DC61-40B7-9625-44A70E8BEAF8}.MTS_Json|Any CPU.Build.0 = MTS_Prod|Any CPU
		{30CE970F-DC61-40B7-9625-44A70E8BEAF8}.MTS_Prod|Any CPU.ActiveCfg = MTS_Prod|Any CPU
		{30CE970F-DC61-40B7-9625-44A70E8BEAF8}.MTS_Prod|Any CPU.Build.0 = MTS_Prod|Any CPU
		{30CE970F-DC61-40B7-9625-44A70E8BEAF8}.MTS_Stage|Any CPU.ActiveCfg = MTS_Prod|Any CPU
		{30CE970F-DC61-40B7-9625-44A70E8BEAF8}.MTS_Stage|Any CPU.Build.0 = MTS_Prod|Any CPU
		{30CE970F-DC61-40B7-9625-44A70E8BEAF8}.MTS|Any CPU.ActiveCfg = MTS|Any CPU
		{30CE970F-DC61-40B7-9625-44A70E8BEAF8}.MTS|Any CPU.Build.0 = MTS|Any CPU
		{30CE970F-DC61-40B7-9625-44A70E8BEAF8}.Release|Any CPU.ActiveCfg = Release|Any CPU
		{30CE970F-DC61-40B7-9625-44A70E8BEAF8}.Release|Any CPU.Build.0 = Release|Any CPU
		{30CE970F-DC61-40B7-9625-44A70E8BEAF8}.Tele2|Any CPU.ActiveCfg = Tele2|Any CPU
		{30CE970F-DC61-40B7-9625-44A70E8BEAF8}.Tele2|Any CPU.Build.0 = Tele2|Any CPU
		{B06F1098-5BA5-48D2-A81F-4BAADE9ADACC}.Bee_test|Any CPU.ActiveCfg = Bee_test|Any CPU
		{B06F1098-5BA5-48D2-A81F-4BAADE9ADACC}.Bee_test|Any CPU.Build.0 = Bee_test|Any CPU
		{B06F1098-5BA5-48D2-A81F-4BAADE9ADACC}.Debug|Any CPU.ActiveCfg = Debug|Any CPU
		{B06F1098-5BA5-48D2-A81F-4BAADE9ADACC}.Debug|Any CPU.Build.0 = Debug|Any CPU
		{B06F1098-5BA5-48D2-A81F-4BAADE9ADACC}.Megafon|Any CPU.ActiveCfg = Megafon|Any CPU
		{B06F1098-5BA5-48D2-A81F-4BAADE9ADACC}.Megafon|Any CPU.Build.0 = Megafon|Any CPU
		{B06F1098-5BA5-48D2-A81F-4BAADE9ADACC}.MTS_Json|Any CPU.ActiveCfg = MTS_Prod|Any CPU
		{B06F1098-5BA5-48D2-A81F-4BAADE9ADACC}.MTS_Json|Any CPU.Build.0 = MTS_Prod|Any CPU
		{B06F1098-5BA5-48D2-A81F-4BAADE9ADACC}.MTS_Prod|Any CPU.ActiveCfg = MTS_Prod|Any CPU
		{B06F1098-5BA5-48D2-A81F-4BAADE9ADACC}.MTS_Prod|Any CPU.Build.0 = MTS_Prod|Any CPU
		{B06F1098-5BA5-48D2-A81F-4BAADE9ADACC}.MTS_Stage|Any CPU.ActiveCfg = MTS_Prod|Any CPU
		{B06F1098-5BA5-48D2-A81F-4BAADE9ADACC}.MTS_Stage|Any CPU.Build.0 = MTS_Prod|Any CPU
		{B06F1098-5BA5-48D2-A81F-4BAADE9ADACC}.MTS|Any CPU.ActiveCfg = MTS_Prod|Any CPU
		{B06F1098-5BA5-48D2-A81F-4BAADE9ADACC}.MTS|Any CPU.Build.0 = MTS_Prod|Any CPU
		{B06F1098-5BA5-48D2-A81F-4BAADE9ADACC}.Release|Any CPU.ActiveCfg = Release|Any CPU
		{B06F1098-5BA5-48D2-A81F-4BAADE9ADACC}.Release|Any CPU.Build.0 = Release|Any CPU
		{B06F1098-5BA5-48D2-A81F-4BAADE9ADACC}.Tele2|Any CPU.ActiveCfg = Tele2|Any CPU
		{B06F1098-5BA5-48D2-A81F-4BAADE9ADACC}.Tele2|Any CPU.Build.0 = Tele2|Any CPU
		{7F8AC7E1-5857-4383-A542-BBC1E9CD7609}.Bee_test|Any CPU.ActiveCfg = Bee_test|Any CPU
		{7F8AC7E1-5857-4383-A542-BBC1E9CD7609}.Bee_test|Any CPU.Build.0 = Bee_test|Any CPU
		{7F8AC7E1-5857-4383-A542-BBC1E9CD7609}.Debug|Any CPU.ActiveCfg = Debug|Any CPU
		{7F8AC7E1-5857-4383-A542-BBC1E9CD7609}.Debug|Any CPU.Build.0 = Debug|Any CPU
		{7F8AC7E1-5857-4383-A542-BBC1E9CD7609}.Megafon|Any CPU.ActiveCfg = Megafon|Any CPU
		{7F8AC7E1-5857-4383-A542-BBC1E9CD7609}.Megafon|Any CPU.Build.0 = Megafon|Any CPU
		{7F8AC7E1-5857-4383-A542-BBC1E9CD7609}.MTS_Json|Any CPU.ActiveCfg = MTS_Prod|Any CPU
		{7F8AC7E1-5857-4383-A542-BBC1E9CD7609}.MTS_Json|Any CPU.Build.0 = MTS_Prod|Any CPU
		{7F8AC7E1-5857-4383-A542-BBC1E9CD7609}.MTS_Prod|Any CPU.ActiveCfg = MTS_Prod|Any CPU
		{7F8AC7E1-5857-4383-A542-BBC1E9CD7609}.MTS_Prod|Any CPU.Build.0 = MTS_Prod|Any CPU
		{7F8AC7E1-5857-4383-A542-BBC1E9CD7609}.MTS_Stage|Any CPU.ActiveCfg = MTS_Prod|Any CPU
		{7F8AC7E1-5857-4383-A542-BBC1E9CD7609}.MTS_Stage|Any CPU.Build.0 = MTS_Prod|Any CPU
		{7F8AC7E1-5857-4383-A542-BBC1E9CD7609}.MTS|Any CPU.ActiveCfg = MTS|Any CPU
		{7F8AC7E1-5857-4383-A542-BBC1E9CD7609}.MTS|Any CPU.Build.0 = MTS|Any CPU
		{7F8AC7E1-5857-4383-A542-BBC1E9CD7609}.Release|Any CPU.ActiveCfg = Release|Any CPU
		{7F8AC7E1-5857-4383-A542-BBC1E9CD7609}.Release|Any CPU.Build.0 = Release|Any CPU
		{7F8AC7E1-5857-4383-A542-BBC1E9CD7609}.Tele2|Any CPU.ActiveCfg = Tele2|Any CPU
		{7F8AC7E1-5857-4383-A542-BBC1E9CD7609}.Tele2|Any CPU.Build.0 = Tele2|Any CPU
		{08B8D510-2309-425F-B3E3-DD9DCDB3497F}.Bee_test|Any CPU.ActiveCfg = Bee_test|Any CPU
		{08B8D510-2309-425F-B3E3-DD9DCDB3497F}.Bee_test|Any CPU.Build.0 = Bee_test|Any CPU
		{08B8D510-2309-425F-B3E3-DD9DCDB3497F}.Debug|Any CPU.ActiveCfg = Debug|Any CPU
		{08B8D510-2309-425F-B3E3-DD9DCDB3497F}.Debug|Any CPU.Build.0 = Debug|Any CPU
		{08B8D510-2309-425F-B3E3-DD9DCDB3497F}.Megafon|Any CPU.ActiveCfg = Megafon|Any CPU
		{08B8D510-2309-425F-B3E3-DD9DCDB3497F}.Megafon|Any CPU.Build.0 = Megafon|Any CPU
		{08B8D510-2309-425F-B3E3-DD9DCDB3497F}.MTS_Json|Any CPU.ActiveCfg = MTS_Prod|Any CPU
		{08B8D510-2309-425F-B3E3-DD9DCDB3497F}.MTS_Json|Any CPU.Build.0 = MTS_Prod|Any CPU
		{08B8D510-2309-425F-B3E3-DD9DCDB3497F}.MTS_Prod|Any CPU.ActiveCfg = MTS_Prod|Any CPU
		{08B8D510-2309-425F-B3E3-DD9DCDB3497F}.MTS_Prod|Any CPU.Build.0 = MTS_Prod|Any CPU
		{08B8D510-2309-425F-B3E3-DD9DCDB3497F}.MTS_Stage|Any CPU.ActiveCfg = MTS_Prod|Any CPU
		{08B8D510-2309-425F-B3E3-DD9DCDB3497F}.MTS_Stage|Any CPU.Build.0 = MTS_Prod|Any CPU
		{08B8D510-2309-425F-B3E3-DD9DCDB3497F}.MTS|Any CPU.ActiveCfg = MTS|Any CPU
		{08B8D510-2309-425F-B3E3-DD9DCDB3497F}.MTS|Any CPU.Build.0 = MTS|Any CPU
		{08B8D510-2309-425F-B3E3-DD9DCDB3497F}.Release|Any CPU.ActiveCfg = Release|Any CPU
		{08B8D510-2309-425F-B3E3-DD9DCDB3497F}.Release|Any CPU.Build.0 = Release|Any CPU
		{08B8D510-2309-425F-B3E3-DD9DCDB3497F}.Tele2|Any CPU.ActiveCfg = Tele2|Any CPU
		{08B8D510-2309-425F-B3E3-DD9DCDB3497F}.Tele2|Any CPU.Build.0 = Tele2|Any CPU
		{54C5A130-E1F2-4971-A76A-C7991FC456AA}.Bee_test|Any CPU.ActiveCfg = Bee_test|Any CPU
		{54C5A130-E1F2-4971-A76A-C7991FC456AA}.Bee_test|Any CPU.Build.0 = Bee_test|Any CPU
		{54C5A130-E1F2-4971-A76A-C7991FC456AA}.Debug|Any CPU.ActiveCfg = Debug|Any CPU
		{54C5A130-E1F2-4971-A76A-C7991FC456AA}.Debug|Any CPU.Build.0 = Debug|Any CPU
		{54C5A130-E1F2-4971-A76A-C7991FC456AA}.Megafon|Any CPU.ActiveCfg = Megafon|Any CPU
		{54C5A130-E1F2-4971-A76A-C7991FC456AA}.Megafon|Any CPU.Build.0 = Megafon|Any CPU
		{54C5A130-E1F2-4971-A76A-C7991FC456AA}.MTS_Json|Any CPU.ActiveCfg = MTS_Prod|Any CPU
		{54C5A130-E1F2-4971-A76A-C7991FC456AA}.MTS_Json|Any CPU.Build.0 = MTS_Prod|Any CPU
		{54C5A130-E1F2-4971-A76A-C7991FC456AA}.MTS_Prod|Any CPU.ActiveCfg = MTS_Prod|Any CPU
		{54C5A130-E1F2-4971-A76A-C7991FC456AA}.MTS_Prod|Any CPU.Build.0 = MTS_Prod|Any CPU
		{54C5A130-E1F2-4971-A76A-C7991FC456AA}.MTS_Stage|Any CPU.ActiveCfg = MTS_Prod|Any CPU
		{54C5A130-E1F2-4971-A76A-C7991FC456AA}.MTS_Stage|Any CPU.Build.0 = MTS_Prod|Any CPU
		{54C5A130-E1F2-4971-A76A-C7991FC456AA}.MTS|Any CPU.ActiveCfg = MTS|Any CPU
		{54C5A130-E1F2-4971-A76A-C7991FC456AA}.MTS|Any CPU.Build.0 = MTS|Any CPU
		{54C5A130-E1F2-4971-A76A-C7991FC456AA}.Release|Any CPU.ActiveCfg = Release|Any CPU
		{54C5A130-E1F2-4971-A76A-C7991FC456AA}.Release|Any CPU.Build.0 = Release|Any CPU
		{54C5A130-E1F2-4971-A76A-C7991FC456AA}.Tele2|Any CPU.ActiveCfg = Tele2|Any CPU
		{54C5A130-E1F2-4971-A76A-C7991FC456AA}.Tele2|Any CPU.Build.0 = Tele2|Any CPU
		{8516B769-6B89-4E24-BEF7-3C4B1924A11A}.Bee_test|Any CPU.ActiveCfg = Bee_test|Any CPU
		{8516B769-6B89-4E24-BEF7-3C4B1924A11A}.Bee_test|Any CPU.Build.0 = Bee_test|Any CPU
		{8516B769-6B89-4E24-BEF7-3C4B1924A11A}.Debug|Any CPU.ActiveCfg = Debug|Any CPU
		{8516B769-6B89-4E24-BEF7-3C4B1924A11A}.Debug|Any CPU.Build.0 = Debug|Any CPU
		{8516B769-6B89-4E24-BEF7-3C4B1924A11A}.Megafon|Any CPU.ActiveCfg = Megafon|Any CPU
		{8516B769-6B89-4E24-BEF7-3C4B1924A11A}.Megafon|Any CPU.Build.0 = Megafon|Any CPU
		{8516B769-6B89-4E24-BEF7-3C4B1924A11A}.MTS_Json|Any CPU.ActiveCfg = MTS_Prod|Any CPU
		{8516B769-6B89-4E24-BEF7-3C4B1924A11A}.MTS_Json|Any CPU.Build.0 = MTS_Prod|Any CPU
		{8516B769-6B89-4E24-BEF7-3C4B1924A11A}.MTS_Prod|Any CPU.ActiveCfg = MTS_Prod|Any CPU
		{8516B769-6B89-4E24-BEF7-3C4B1924A11A}.MTS_Prod|Any CPU.Build.0 = MTS_Prod|Any CPU
		{8516B769-6B89-4E24-BEF7-3C4B1924A11A}.MTS_Stage|Any CPU.ActiveCfg = MTS_Prod|Any CPU
		{8516B769-6B89-4E24-BEF7-3C4B1924A11A}.MTS_Stage|Any CPU.Build.0 = MTS_Prod|Any CPU
		{8516B769-6B89-4E24-BEF7-3C4B1924A11A}.MTS|Any CPU.ActiveCfg = MTS|Any CPU
		{8516B769-6B89-4E24-BEF7-3C4B1924A11A}.MTS|Any CPU.Build.0 = MTS|Any CPU
		{8516B769-6B89-4E24-BEF7-3C4B1924A11A}.Release|Any CPU.ActiveCfg = Release|Any CPU
		{8516B769-6B89-4E24-BEF7-3C4B1924A11A}.Release|Any CPU.Build.0 = Release|Any CPU
		{8516B769-6B89-4E24-BEF7-3C4B1924A11A}.Tele2|Any CPU.ActiveCfg = Tele2|Any CPU
		{8516B769-6B89-4E24-BEF7-3C4B1924A11A}.Tele2|Any CPU.Build.0 = Tele2|Any CPU
		{D321028F-16DD-480A-923E-8451140B3926}.Bee_test|Any CPU.ActiveCfg = Bee_test|Any CPU
		{D321028F-16DD-480A-923E-8451140B3926}.Bee_test|Any CPU.Build.0 = Bee_test|Any CPU
		{D321028F-16DD-480A-923E-8451140B3926}.Debug|Any CPU.ActiveCfg = Debug|Any CPU
		{D321028F-16DD-480A-923E-8451140B3926}.Debug|Any CPU.Build.0 = Debug|Any CPU
		{D321028F-16DD-480A-923E-8451140B3926}.Megafon|Any CPU.ActiveCfg = Megafon|Any CPU
		{D321028F-16DD-480A-923E-8451140B3926}.Megafon|Any CPU.Build.0 = Megafon|Any CPU
		{D321028F-16DD-480A-923E-8451140B3926}.MTS_Json|Any CPU.ActiveCfg = MTS_Prod|Any CPU
		{D321028F-16DD-480A-923E-8451140B3926}.MTS_Json|Any CPU.Build.0 = MTS_Prod|Any CPU
		{D321028F-16DD-480A-923E-8451140B3926}.MTS_Prod|Any CPU.ActiveCfg = MTS_Prod|Any CPU
		{D321028F-16DD-480A-923E-8451140B3926}.MTS_Prod|Any CPU.Build.0 = MTS_Prod|Any CPU
		{D321028F-16DD-480A-923E-8451140B3926}.MTS_Stage|Any CPU.ActiveCfg = MTS_Prod|Any CPU
		{D321028F-16DD-480A-923E-8451140B3926}.MTS_Stage|Any CPU.Build.0 = MTS_Prod|Any CPU
		{D321028F-16DD-480A-923E-8451140B3926}.MTS|Any CPU.ActiveCfg = MTS_Prod|Any CPU
		{D321028F-16DD-480A-923E-8451140B3926}.MTS|Any CPU.Build.0 = MTS_Prod|Any CPU
		{D321028F-16DD-480A-923E-8451140B3926}.Release|Any CPU.ActiveCfg = Release|Any CPU
		{D321028F-16DD-480A-923E-8451140B3926}.Release|Any CPU.Build.0 = Release|Any CPU
		{D321028F-16DD-480A-923E-8451140B3926}.Tele2|Any CPU.ActiveCfg = Tele2|Any CPU
		{D321028F-16DD-480A-923E-8451140B3926}.Tele2|Any CPU.Build.0 = Tele2|Any CPU
		{0C29C41B-87D1-462F-9C33-C875C76D464D}.Bee_test|Any CPU.ActiveCfg = Bee_test|Any CPU
		{0C29C41B-87D1-462F-9C33-C875C76D464D}.Bee_test|Any CPU.Build.0 = Bee_test|Any CPU
		{0C29C41B-87D1-462F-9C33-C875C76D464D}.Debug|Any CPU.ActiveCfg = Debug|Any CPU
		{0C29C41B-87D1-462F-9C33-C875C76D464D}.Debug|Any CPU.Build.0 = Debug|Any CPU
		{0C29C41B-87D1-462F-9C33-C875C76D464D}.Megafon|Any CPU.ActiveCfg = Megafon|Any CPU
		{0C29C41B-87D1-462F-9C33-C875C76D464D}.Megafon|Any CPU.Build.0 = Megafon|Any CPU
		{0C29C41B-87D1-462F-9C33-C875C76D464D}.MTS_Json|Any CPU.ActiveCfg = MTS_Prod|Any CPU
		{0C29C41B-87D1-462F-9C33-C875C76D464D}.MTS_Json|Any CPU.Build.0 = MTS_Prod|Any CPU
		{0C29C41B-87D1-462F-9C33-C875C76D464D}.MTS_Prod|Any CPU.ActiveCfg = MTS_Prod|Any CPU
		{0C29C41B-87D1-462F-9C33-C875C76D464D}.MTS_Prod|Any CPU.Build.0 = MTS_Prod|Any CPU
		{0C29C41B-87D1-462F-9C33-C875C76D464D}.MTS_Stage|Any CPU.ActiveCfg = MTS_Prod|Any CPU
		{0C29C41B-87D1-462F-9C33-C875C76D464D}.MTS_Stage|Any CPU.Build.0 = MTS_Prod|Any CPU
		{0C29C41B-87D1-462F-9C33-C875C76D464D}.MTS|Any CPU.ActiveCfg = MTS|Any CPU
		{0C29C41B-87D1-462F-9C33-C875C76D464D}.MTS|Any CPU.Build.0 = MTS|Any CPU
		{0C29C41B-87D1-462F-9C33-C875C76D464D}.Release|Any CPU.ActiveCfg = Release|Any CPU
		{0C29C41B-87D1-462F-9C33-C875C76D464D}.Release|Any CPU.Build.0 = Release|Any CPU
		{0C29C41B-87D1-462F-9C33-C875C76D464D}.Tele2|Any CPU.ActiveCfg = Tele2|Any CPU
		{0C29C41B-87D1-462F-9C33-C875C76D464D}.Tele2|Any CPU.Build.0 = Tele2|Any CPU
		{8AC337D0-15BE-4A60-9166-B7EEAE3D5B32}.Bee_test|Any CPU.ActiveCfg = Bee_test|Any CPU
		{8AC337D0-15BE-4A60-9166-B7EEAE3D5B32}.Bee_test|Any CPU.Build.0 = Bee_test|Any CPU
		{8AC337D0-15BE-4A60-9166-B7EEAE3D5B32}.Debug|Any CPU.ActiveCfg = Debug|Any CPU
		{8AC337D0-15BE-4A60-9166-B7EEAE3D5B32}.Debug|Any CPU.Build.0 = Debug|Any CPU
		{8AC337D0-15BE-4A60-9166-B7EEAE3D5B32}.Megafon|Any CPU.ActiveCfg = Megafon|Any CPU
		{8AC337D0-15BE-4A60-9166-B7EEAE3D5B32}.Megafon|Any CPU.Build.0 = Megafon|Any CPU
		{8AC337D0-15BE-4A60-9166-B7EEAE3D5B32}.MTS_Json|Any CPU.ActiveCfg = MTS_Prod|Any CPU
		{8AC337D0-15BE-4A60-9166-B7EEAE3D5B32}.MTS_Json|Any CPU.Build.0 = MTS_Prod|Any CPU
		{8AC337D0-15BE-4A60-9166-B7EEAE3D5B32}.MTS_Prod|Any CPU.ActiveCfg = MTS_Prod|Any CPU
		{8AC337D0-15BE-4A60-9166-B7EEAE3D5B32}.MTS_Prod|Any CPU.Build.0 = MTS_Prod|Any CPU
		{8AC337D0-15BE-4A60-9166-B7EEAE3D5B32}.MTS_Stage|Any CPU.ActiveCfg = MTS_Prod|Any CPU
		{8AC337D0-15BE-4A60-9166-B7EEAE3D5B32}.MTS_Stage|Any CPU.Build.0 = MTS_Prod|Any CPU
		{8AC337D0-15BE-4A60-9166-B7EEAE3D5B32}.MTS|Any CPU.ActiveCfg = MTS|Any CPU
		{8AC337D0-15BE-4A60-9166-B7EEAE3D5B32}.MTS|Any CPU.Build.0 = MTS|Any CPU
		{8AC337D0-15BE-4A60-9166-B7EEAE3D5B32}.Release|Any CPU.ActiveCfg = Release|Any CPU
		{8AC337D0-15BE-4A60-9166-B7EEAE3D5B32}.Release|Any CPU.Build.0 = Release|Any CPU
		{8AC337D0-15BE-4A60-9166-B7EEAE3D5B32}.Tele2|Any CPU.ActiveCfg = Tele2|Any CPU
		{8AC337D0-15BE-4A60-9166-B7EEAE3D5B32}.Tele2|Any CPU.Build.0 = Tele2|Any CPU
		{56E7FB60-0511-4BC7-9091-99C91D4CA5F7}.Bee_test|Any CPU.ActiveCfg = Bee_test|Any CPU
		{56E7FB60-0511-4BC7-9091-99C91D4CA5F7}.Bee_test|Any CPU.Build.0 = Bee_test|Any CPU
		{56E7FB60-0511-4BC7-9091-99C91D4CA5F7}.Debug|Any CPU.ActiveCfg = Debug|Any CPU
		{56E7FB60-0511-4BC7-9091-99C91D4CA5F7}.Debug|Any CPU.Build.0 = Debug|Any CPU
		{56E7FB60-0511-4BC7-9091-99C91D4CA5F7}.Megafon|Any CPU.ActiveCfg = Megafon|Any CPU
		{56E7FB60-0511-4BC7-9091-99C91D4CA5F7}.Megafon|Any CPU.Build.0 = Megafon|Any CPU
		{56E7FB60-0511-4BC7-9091-99C91D4CA5F7}.MTS_Json|Any CPU.ActiveCfg = MTS_Prod|Any CPU
		{56E7FB60-0511-4BC7-9091-99C91D4CA5F7}.MTS_Json|Any CPU.Build.0 = MTS_Prod|Any CPU
		{56E7FB60-0511-4BC7-9091-99C91D4CA5F7}.MTS_Prod|Any CPU.ActiveCfg = MTS_Prod|Any CPU
		{56E7FB60-0511-4BC7-9091-99C91D4CA5F7}.MTS_Prod|Any CPU.Build.0 = MTS_Prod|Any CPU
		{56E7FB60-0511-4BC7-9091-99C91D4CA5F7}.MTS_Stage|Any CPU.ActiveCfg = MTS_Prod|Any CPU
		{56E7FB60-0511-4BC7-9091-99C91D4CA5F7}.MTS_Stage|Any CPU.Build.0 = MTS_Prod|Any CPU
		{56E7FB60-0511-4BC7-9091-99C91D4CA5F7}.MTS|Any CPU.ActiveCfg = MTS|Any CPU
		{56E7FB60-0511-4BC7-9091-99C91D4CA5F7}.MTS|Any CPU.Build.0 = MTS|Any CPU
		{56E7FB60-0511-4BC7-9091-99C91D4CA5F7}.Release|Any CPU.ActiveCfg = Release|Any CPU
		{56E7FB60-0511-4BC7-9091-99C91D4CA5F7}.Release|Any CPU.Build.0 = Release|Any CPU
		{56E7FB60-0511-4BC7-9091-99C91D4CA5F7}.Tele2|Any CPU.ActiveCfg = Tele2|Any CPU
		{56E7FB60-0511-4BC7-9091-99C91D4CA5F7}.Tele2|Any CPU.Build.0 = Tele2|Any CPU
		{73A51D81-579C-440A-938F-88157909A084}.Bee_test|Any CPU.ActiveCfg = MTS_Prod|Any CPU
		{73A51D81-579C-440A-938F-88157909A084}.Bee_test|Any CPU.Build.0 = MTS_Prod|Any CPU
		{73A51D81-579C-440A-938F-88157909A084}.Debug|Any CPU.ActiveCfg = Debug|Any CPU
		{73A51D81-579C-440A-938F-88157909A084}.Debug|Any CPU.Build.0 = Debug|Any CPU
		{73A51D81-579C-440A-938F-88157909A084}.Megafon|Any CPU.ActiveCfg = Megafon|Any CPU
		{73A51D81-579C-440A-938F-88157909A084}.Megafon|Any CPU.Build.0 = Megafon|Any CPU
		{73A51D81-579C-440A-938F-88157909A084}.MTS_Json|Any CPU.ActiveCfg = MTS_Prod|Any CPU
		{73A51D81-579C-440A-938F-88157909A084}.MTS_Json|Any CPU.Build.0 = MTS_Prod|Any CPU
		{73A51D81-579C-440A-938F-88157909A084}.MTS_Prod|Any CPU.ActiveCfg = MTS_Prod|Any CPU
		{73A51D81-579C-440A-938F-88157909A084}.MTS_Prod|Any CPU.Build.0 = MTS_Prod|Any CPU
		{73A51D81-579C-440A-938F-88157909A084}.MTS_Stage|Any CPU.ActiveCfg = MTS_Prod|Any CPU
		{73A51D81-579C-440A-938F-88157909A084}.MTS_Stage|Any CPU.Build.0 = MTS_Prod|Any CPU
		{73A51D81-579C-440A-938F-88157909A084}.MTS|Any CPU.ActiveCfg = MTS_Prod|Any CPU
		{73A51D81-579C-440A-938F-88157909A084}.MTS|Any CPU.Build.0 = MTS_Prod|Any CPU
		{73A51D81-579C-440A-938F-88157909A084}.Release|Any CPU.ActiveCfg = Release|Any CPU
		{73A51D81-579C-440A-938F-88157909A084}.Release|Any CPU.Build.0 = Release|Any CPU
		{73A51D81-579C-440A-938F-88157909A084}.Tele2|Any CPU.ActiveCfg = Tele2|Any CPU
		{73A51D81-579C-440A-938F-88157909A084}.Tele2|Any CPU.Build.0 = Tele2|Any CPU
		{DC1022BC-9FB5-498F-AF48-BDE521AA5B4C}.Bee_test|Any CPU.ActiveCfg = MTS_Prod|Any CPU
		{DC1022BC-9FB5-498F-AF48-BDE521AA5B4C}.Bee_test|Any CPU.Build.0 = MTS_Prod|Any CPU
		{DC1022BC-9FB5-498F-AF48-BDE521AA5B4C}.Debug|Any CPU.ActiveCfg = Debug|Any CPU
		{DC1022BC-9FB5-498F-AF48-BDE521AA5B4C}.Debug|Any CPU.Build.0 = Debug|Any CPU
		{DC1022BC-9FB5-498F-AF48-BDE521AA5B4C}.Megafon|Any CPU.ActiveCfg = Megafon|Any CPU
		{DC1022BC-9FB5-498F-AF48-BDE521AA5B4C}.Megafon|Any CPU.Build.0 = Megafon|Any CPU
		{DC1022BC-9FB5-498F-AF48-BDE521AA5B4C}.MTS_Json|Any CPU.ActiveCfg = MTS_Prod|Any CPU
		{DC1022BC-9FB5-498F-AF48-BDE521AA5B4C}.MTS_Json|Any CPU.Build.0 = MTS_Prod|Any CPU
		{DC1022BC-9FB5-498F-AF48-BDE521AA5B4C}.MTS_Prod|Any CPU.ActiveCfg = MTS_Prod|Any CPU
		{DC1022BC-9FB5-498F-AF48-BDE521AA5B4C}.MTS_Prod|Any CPU.Build.0 = MTS_Prod|Any CPU
		{DC1022BC-9FB5-498F-AF48-BDE521AA5B4C}.MTS_Stage|Any CPU.ActiveCfg = MTS_Prod|Any CPU
		{DC1022BC-9FB5-498F-AF48-BDE521AA5B4C}.MTS_Stage|Any CPU.Build.0 = MTS_Prod|Any CPU
		{DC1022BC-9FB5-498F-AF48-BDE521AA5B4C}.MTS|Any CPU.ActiveCfg = MTS_Prod|Any CPU
		{DC1022BC-9FB5-498F-AF48-BDE521AA5B4C}.MTS|Any CPU.Build.0 = MTS_Prod|Any CPU
		{DC1022BC-9FB5-498F-AF48-BDE521AA5B4C}.Release|Any CPU.ActiveCfg = Release|Any CPU
		{DC1022BC-9FB5-498F-AF48-BDE521AA5B4C}.Release|Any CPU.Build.0 = Release|Any CPU
		{DC1022BC-9FB5-498F-AF48-BDE521AA5B4C}.Tele2|Any CPU.ActiveCfg = Tele2|Any CPU
		{DC1022BC-9FB5-498F-AF48-BDE521AA5B4C}.Tele2|Any CPU.Build.0 = Tele2|Any CPU
		{B946F700-B9DF-41EA-9203-484303757C97}.Bee_test|Any CPU.ActiveCfg = Bee_test|Any CPU
		{B946F700-B9DF-41EA-9203-484303757C97}.Bee_test|Any CPU.Build.0 = Bee_test|Any CPU
		{B946F700-B9DF-41EA-9203-484303757C97}.Debug|Any CPU.ActiveCfg = Debug|Any CPU
		{B946F700-B9DF-41EA-9203-484303757C97}.Debug|Any CPU.Build.0 = Debug|Any CPU
		{B946F700-B9DF-41EA-9203-484303757C97}.Megafon|Any CPU.ActiveCfg = Megafon|Any CPU
		{B946F700-B9DF-41EA-9203-484303757C97}.Megafon|Any CPU.Build.0 = Megafon|Any CPU
		{B946F700-B9DF-41EA-9203-484303757C97}.MTS_Json|Any CPU.ActiveCfg = MTS_Prod|Any CPU
		{B946F700-B9DF-41EA-9203-484303757C97}.MTS_Json|Any CPU.Build.0 = MTS_Prod|Any CPU
		{B946F700-B9DF-41EA-9203-484303757C97}.MTS_Prod|Any CPU.ActiveCfg = MTS_Prod|Any CPU
		{B946F700-B9DF-41EA-9203-484303757C97}.MTS_Prod|Any CPU.Build.0 = MTS_Prod|Any CPU
		{B946F700-B9DF-41EA-9203-484303757C97}.MTS_Stage|Any CPU.ActiveCfg = MTS_Prod|Any CPU
		{B946F700-B9DF-41EA-9203-484303757C97}.MTS_Stage|Any CPU.Build.0 = MTS_Prod|Any CPU
		{B946F700-B9DF-41EA-9203-484303757C97}.MTS|Any CPU.ActiveCfg = MTS|Any CPU
		{B946F700-B9DF-41EA-9203-484303757C97}.MTS|Any CPU.Build.0 = MTS|Any CPU
		{B946F700-B9DF-41EA-9203-484303757C97}.Release|Any CPU.ActiveCfg = Release|Any CPU
		{B946F700-B9DF-41EA-9203-484303757C97}.Release|Any CPU.Build.0 = Release|Any CPU
		{B946F700-B9DF-41EA-9203-484303757C97}.Tele2|Any CPU.ActiveCfg = Tele2|Any CPU
		{B946F700-B9DF-41EA-9203-484303757C97}.Tele2|Any CPU.Build.0 = Tele2|Any CPU
		{AD3609FC-0781-432A-912B-FDD3B1FB773C}.Bee_test|Any CPU.ActiveCfg = Bee_test|Any CPU
		{AD3609FC-0781-432A-912B-FDD3B1FB773C}.Bee_test|Any CPU.Build.0 = Bee_test|Any CPU
		{AD3609FC-0781-432A-912B-FDD3B1FB773C}.Debug|Any CPU.ActiveCfg = Debug|Any CPU
		{AD3609FC-0781-432A-912B-FDD3B1FB773C}.Debug|Any CPU.Build.0 = Debug|Any CPU
		{AD3609FC-0781-432A-912B-FDD3B1FB773C}.Megafon|Any CPU.ActiveCfg = Megafon|Any CPU
		{AD3609FC-0781-432A-912B-FDD3B1FB773C}.Megafon|Any CPU.Build.0 = Megafon|Any CPU
		{AD3609FC-0781-432A-912B-FDD3B1FB773C}.MTS_Json|Any CPU.ActiveCfg = MTS_Prod|Any CPU
		{AD3609FC-0781-432A-912B-FDD3B1FB773C}.MTS_Json|Any CPU.Build.0 = MTS_Prod|Any CPU
		{AD3609FC-0781-432A-912B-FDD3B1FB773C}.MTS_Prod|Any CPU.ActiveCfg = MTS_Prod|Any CPU
		{AD3609FC-0781-432A-912B-FDD3B1FB773C}.MTS_Prod|Any CPU.Build.0 = MTS_Prod|Any CPU
		{AD3609FC-0781-432A-912B-FDD3B1FB773C}.MTS_Stage|Any CPU.ActiveCfg = MTS_Prod|Any CPU
		{AD3609FC-0781-432A-912B-FDD3B1FB773C}.MTS_Stage|Any CPU.Build.0 = MTS_Prod|Any CPU
		{AD3609FC-0781-432A-912B-FDD3B1FB773C}.MTS|Any CPU.ActiveCfg = MTS|Any CPU
		{AD3609FC-0781-432A-912B-FDD3B1FB773C}.MTS|Any CPU.Build.0 = MTS|Any CPU
		{AD3609FC-0781-432A-912B-FDD3B1FB773C}.Release|Any CPU.ActiveCfg = Release|Any CPU
		{AD3609FC-0781-432A-912B-FDD3B1FB773C}.Release|Any CPU.Build.0 = Release|Any CPU
		{AD3609FC-0781-432A-912B-FDD3B1FB773C}.Tele2|Any CPU.ActiveCfg = Tele2|Any CPU
		{AD3609FC-0781-432A-912B-FDD3B1FB773C}.Tele2|Any CPU.Build.0 = Tele2|Any CPU
		{7BF30688-370A-4290-89E4-EF9181D373E4}.Bee_test|Any CPU.ActiveCfg = MTS_Prod|Any CPU
		{7BF30688-370A-4290-89E4-EF9181D373E4}.Bee_test|Any CPU.Build.0 = MTS_Prod|Any CPU
		{7BF30688-370A-4290-89E4-EF9181D373E4}.Debug|Any CPU.ActiveCfg = Debug|Any CPU
		{7BF30688-370A-4290-89E4-EF9181D373E4}.Debug|Any CPU.Build.0 = Debug|Any CPU
		{7BF30688-370A-4290-89E4-EF9181D373E4}.Megafon|Any CPU.ActiveCfg = Megafon|Any CPU
		{7BF30688-370A-4290-89E4-EF9181D373E4}.Megafon|Any CPU.Build.0 = Megafon|Any CPU
		{7BF30688-370A-4290-89E4-EF9181D373E4}.MTS_Json|Any CPU.ActiveCfg = MTS_Prod|Any CPU
		{7BF30688-370A-4290-89E4-EF9181D373E4}.MTS_Json|Any CPU.Build.0 = MTS_Prod|Any CPU
		{7BF30688-370A-4290-89E4-EF9181D373E4}.MTS_Prod|Any CPU.ActiveCfg = MTS_Prod|Any CPU
		{7BF30688-370A-4290-89E4-EF9181D373E4}.MTS_Prod|Any CPU.Build.0 = MTS_Prod|Any CPU
		{7BF30688-370A-4290-89E4-EF9181D373E4}.MTS_Stage|Any CPU.ActiveCfg = MTS_Prod|Any CPU
		{7BF30688-370A-4290-89E4-EF9181D373E4}.MTS_Stage|Any CPU.Build.0 = MTS_Prod|Any CPU
		{7BF30688-370A-4290-89E4-EF9181D373E4}.MTS|Any CPU.ActiveCfg = MTS|Any CPU
		{7BF30688-370A-4290-89E4-EF9181D373E4}.MTS|Any CPU.Build.0 = MTS|Any CPU
		{7BF30688-370A-4290-89E4-EF9181D373E4}.Release|Any CPU.ActiveCfg = Release|Any CPU
		{7BF30688-370A-4290-89E4-EF9181D373E4}.Release|Any CPU.Build.0 = Release|Any CPU
		{7BF30688-370A-4290-89E4-EF9181D373E4}.Tele2|Any CPU.ActiveCfg = Tele2|Any CPU
		{7BF30688-370A-4290-89E4-EF9181D373E4}.Tele2|Any CPU.Build.0 = Tele2|Any CPU
		{FD13BB50-4C6C-4B4C-A343-9B44C089BA98}.Bee_test|Any CPU.ActiveCfg = MTS_Prod|Any CPU
		{FD13BB50-4C6C-4B4C-A343-9B44C089BA98}.Bee_test|Any CPU.Build.0 = MTS_Prod|Any CPU
		{FD13BB50-4C6C-4B4C-A343-9B44C089BA98}.Debug|Any CPU.ActiveCfg = Debug|Any CPU
		{FD13BB50-4C6C-4B4C-A343-9B44C089BA98}.Debug|Any CPU.Build.0 = Debug|Any CPU
		{FD13BB50-4C6C-4B4C-A343-9B44C089BA98}.Megafon|Any CPU.ActiveCfg = Megafon|Any CPU
		{FD13BB50-4C6C-4B4C-A343-9B44C089BA98}.Megafon|Any CPU.Build.0 = Megafon|Any CPU
		{FD13BB50-4C6C-4B4C-A343-9B44C089BA98}.MTS_Json|Any CPU.ActiveCfg = MTS_Prod|Any CPU
		{FD13BB50-4C6C-4B4C-A343-9B44C089BA98}.MTS_Json|Any CPU.Build.0 = MTS_Prod|Any CPU
		{FD13BB50-4C6C-4B4C-A343-9B44C089BA98}.MTS_Prod|Any CPU.ActiveCfg = MTS_Prod|Any CPU
		{FD13BB50-4C6C-4B4C-A343-9B44C089BA98}.MTS_Prod|Any CPU.Build.0 = MTS_Prod|Any CPU
		{FD13BB50-4C6C-4B4C-A343-9B44C089BA98}.MTS_Stage|Any CPU.ActiveCfg = MTS_Prod|Any CPU
		{FD13BB50-4C6C-4B4C-A343-9B44C089BA98}.MTS_Stage|Any CPU.Build.0 = MTS_Prod|Any CPU
		{FD13BB50-4C6C-4B4C-A343-9B44C089BA98}.MTS|Any CPU.ActiveCfg = MTS_Prod|Any CPU
		{FD13BB50-4C6C-4B4C-A343-9B44C089BA98}.MTS|Any CPU.Build.0 = MTS_Prod|Any CPU
		{FD13BB50-4C6C-4B4C-A343-9B44C089BA98}.Release|Any CPU.ActiveCfg = Release|Any CPU
		{FD13BB50-4C6C-4B4C-A343-9B44C089BA98}.Release|Any CPU.Build.0 = Release|Any CPU
		{FD13BB50-4C6C-4B4C-A343-9B44C089BA98}.Tele2|Any CPU.ActiveCfg = Tele2|Any CPU
		{FD13BB50-4C6C-4B4C-A343-9B44C089BA98}.Tele2|Any CPU.Build.0 = Tele2|Any CPU
		{749FE9E8-3678-497B-948F-F0B0135E2D97}.Bee_test|Any CPU.ActiveCfg = MTS_Prod|Any CPU
		{749FE9E8-3678-497B-948F-F0B0135E2D97}.Bee_test|Any CPU.Build.0 = MTS_Prod|Any CPU
		{749FE9E8-3678-497B-948F-F0B0135E2D97}.Debug|Any CPU.ActiveCfg = Debug|Any CPU
		{749FE9E8-3678-497B-948F-F0B0135E2D97}.Debug|Any CPU.Build.0 = Debug|Any CPU
		{749FE9E8-3678-497B-948F-F0B0135E2D97}.Megafon|Any CPU.ActiveCfg = MTS_Prod|Any CPU
		{749FE9E8-3678-497B-948F-F0B0135E2D97}.Megafon|Any CPU.Build.0 = MTS_Prod|Any CPU
		{749FE9E8-3678-497B-948F-F0B0135E2D97}.MTS_Json|Any CPU.ActiveCfg = MTS_Prod|Any CPU
		{749FE9E8-3678-497B-948F-F0B0135E2D97}.MTS_Json|Any CPU.Build.0 = MTS_Prod|Any CPU
		{749FE9E8-3678-497B-948F-F0B0135E2D97}.MTS_Prod|Any CPU.ActiveCfg = MTS_Prod|Any CPU
		{749FE9E8-3678-497B-948F-F0B0135E2D97}.MTS_Prod|Any CPU.Build.0 = MTS_Prod|Any CPU
		{749FE9E8-3678-497B-948F-F0B0135E2D97}.MTS_Stage|Any CPU.ActiveCfg = MTS_Prod|Any CPU
		{749FE9E8-3678-497B-948F-F0B0135E2D97}.MTS_Stage|Any CPU.Build.0 = MTS_Prod|Any CPU
		{749FE9E8-3678-497B-948F-F0B0135E2D97}.MTS|Any CPU.ActiveCfg = MTS|Any CPU
		{749FE9E8-3678-497B-948F-F0B0135E2D97}.MTS|Any CPU.Build.0 = MTS|Any CPU
		{749FE9E8-3678-497B-948F-F0B0135E2D97}.Release|Any CPU.ActiveCfg = Release|Any CPU
		{749FE9E8-3678-497B-948F-F0B0135E2D97}.Release|Any CPU.Build.0 = Release|Any CPU
		{749FE9E8-3678-497B-948F-F0B0135E2D97}.Tele2|Any CPU.ActiveCfg = Tele2|Any CPU
		{749FE9E8-3678-497B-948F-F0B0135E2D97}.Tele2|Any CPU.Build.0 = Tele2|Any CPU
		{F14BB090-9951-49BA-BE2B-80027F155D65}.Bee_test|Any CPU.ActiveCfg = MTS_Prod|Any CPU
		{F14BB090-9951-49BA-BE2B-80027F155D65}.Bee_test|Any CPU.Build.0 = MTS_Prod|Any CPU
		{F14BB090-9951-49BA-BE2B-80027F155D65}.Debug|Any CPU.ActiveCfg = Debug|Any CPU
		{F14BB090-9951-49BA-BE2B-80027F155D65}.Debug|Any CPU.Build.0 = Debug|Any CPU
		{F14BB090-9951-49BA-BE2B-80027F155D65}.Megafon|Any CPU.ActiveCfg = MTS_Prod|Any CPU
		{F14BB090-9951-49BA-BE2B-80027F155D65}.Megafon|Any CPU.Build.0 = MTS_Prod|Any CPU
		{F14BB090-9951-49BA-BE2B-80027F155D65}.MTS_Json|Any CPU.ActiveCfg = MTS_Prod|Any CPU
		{F14BB090-9951-49BA-BE2B-80027F155D65}.MTS_Json|Any CPU.Build.0 = MTS_Prod|Any CPU
		{F14BB090-9951-49BA-BE2B-80027F155D65}.MTS_Prod|Any CPU.ActiveCfg = MTS_Prod|Any CPU
		{F14BB090-9951-49BA-BE2B-80027F155D65}.MTS_Prod|Any CPU.Build.0 = MTS_Prod|Any CPU
		{F14BB090-9951-49BA-BE2B-80027F155D65}.MTS_Stage|Any CPU.ActiveCfg = MTS_Prod|Any CPU
		{F14BB090-9951-49BA-BE2B-80027F155D65}.MTS_Stage|Any CPU.Build.0 = MTS_Prod|Any CPU
		{F14BB090-9951-49BA-BE2B-80027F155D65}.MTS|Any CPU.ActiveCfg = MTS|Any CPU
		{F14BB090-9951-49BA-BE2B-80027F155D65}.MTS|Any CPU.Build.0 = MTS|Any CPU
		{F14BB090-9951-49BA-BE2B-80027F155D65}.Release|Any CPU.ActiveCfg = Release|Any CPU
		{F14BB090-9951-49BA-BE2B-80027F155D65}.Release|Any CPU.Build.0 = Release|Any CPU
		{F14BB090-9951-49BA-BE2B-80027F155D65}.Tele2|Any CPU.ActiveCfg = Tele2|Any CPU
		{F14BB090-9951-49BA-BE2B-80027F155D65}.Tele2|Any CPU.Build.0 = Tele2|Any CPU
		{375EC380-2D28-47CF-80A2-F7AB84123883}.Bee_test|Any CPU.ActiveCfg = MTS_Json|Any CPU
		{375EC380-2D28-47CF-80A2-F7AB84123883}.Bee_test|Any CPU.Build.0 = MTS_Json|Any CPU
		{375EC380-2D28-47CF-80A2-F7AB84123883}.Debug|Any CPU.ActiveCfg = Debug|Any CPU
		{375EC380-2D28-47CF-80A2-F7AB84123883}.Debug|Any CPU.Build.0 = Debug|Any CPU
		{375EC380-2D28-47CF-80A2-F7AB84123883}.Megafon|Any CPU.ActiveCfg = MTS_Json|Any CPU
		{375EC380-2D28-47CF-80A2-F7AB84123883}.Megafon|Any CPU.Build.0 = MTS_Json|Any CPU
		{375EC380-2D28-47CF-80A2-F7AB84123883}.MTS_Json|Any CPU.ActiveCfg = MTS_Json|Any CPU
		{375EC380-2D28-47CF-80A2-F7AB84123883}.MTS_Json|Any CPU.Build.0 = MTS_Json|Any CPU
		{375EC380-2D28-47CF-80A2-F7AB84123883}.MTS_Prod|Any CPU.ActiveCfg = MTS_Prod|Any CPU
		{375EC380-2D28-47CF-80A2-F7AB84123883}.MTS_Prod|Any CPU.Build.0 = MTS_Prod|Any CPU
		{375EC380-2D28-47CF-80A2-F7AB84123883}.MTS_Stage|Any CPU.ActiveCfg = MTS_Stage|Any CPU
		{375EC380-2D28-47CF-80A2-F7AB84123883}.MTS_Stage|Any CPU.Build.0 = MTS_Stage|Any CPU
		{375EC380-2D28-47CF-80A2-F7AB84123883}.MTS|Any CPU.ActiveCfg = MTS|Any CPU
		{375EC380-2D28-47CF-80A2-F7AB84123883}.MTS|Any CPU.Build.0 = MTS|Any CPU
		{375EC380-2D28-47CF-80A2-F7AB84123883}.Release|Any CPU.ActiveCfg = Release|Any CPU
		{375EC380-2D28-47CF-80A2-F7AB84123883}.Release|Any CPU.Build.0 = Release|Any CPU
		{375EC380-2D28-47CF-80A2-F7AB84123883}.Tele2|Any CPU.ActiveCfg = Tele2|Any CPU
		{375EC380-2D28-47CF-80A2-F7AB84123883}.Tele2|Any CPU.Build.0 = Tele2|Any CPU
		{71121A6B-3673-4CC1-A97A-610E9C33F33A}.Bee_test|Any CPU.ActiveCfg = MTS_Prod|Any CPU
		{71121A6B-3673-4CC1-A97A-610E9C33F33A}.Bee_test|Any CPU.Build.0 = MTS_Prod|Any CPU
		{71121A6B-3673-4CC1-A97A-610E9C33F33A}.Debug|Any CPU.ActiveCfg = Debug|Any CPU
		{71121A6B-3673-4CC1-A97A-610E9C33F33A}.Debug|Any CPU.Build.0 = Debug|Any CPU
		{71121A6B-3673-4CC1-A97A-610E9C33F33A}.Megafon|Any CPU.ActiveCfg = MTS_Prod|Any CPU
		{71121A6B-3673-4CC1-A97A-610E9C33F33A}.Megafon|Any CPU.Build.0 = MTS_Prod|Any CPU
		{71121A6B-3673-4CC1-A97A-610E9C33F33A}.MTS_Json|Any CPU.ActiveCfg = MTS_Prod|Any CPU
		{71121A6B-3673-4CC1-A97A-610E9C33F33A}.MTS_Json|Any CPU.Build.0 = MTS_Prod|Any CPU
		{71121A6B-3673-4CC1-A97A-610E9C33F33A}.MTS_Prod|Any CPU.ActiveCfg = MTS_Prod|Any CPU
		{71121A6B-3673-4CC1-A97A-610E9C33F33A}.MTS_Prod|Any CPU.Build.0 = MTS_Prod|Any CPU
		{71121A6B-3673-4CC1-A97A-610E9C33F33A}.MTS_Stage|Any CPU.ActiveCfg = MTS_Prod|Any CPU
		{71121A6B-3673-4CC1-A97A-610E9C33F33A}.MTS_Stage|Any CPU.Build.0 = MTS_Prod|Any CPU
		{71121A6B-3673-4CC1-A97A-610E9C33F33A}.MTS|Any CPU.ActiveCfg = MTS_Prod|Any CPU
		{71121A6B-3673-4CC1-A97A-610E9C33F33A}.MTS|Any CPU.Build.0 = MTS_Prod|Any CPU
		{71121A6B-3673-4CC1-A97A-610E9C33F33A}.Release|Any CPU.ActiveCfg = Release|Any CPU
		{71121A6B-3673-4CC1-A97A-610E9C33F33A}.Release|Any CPU.Build.0 = Release|Any CPU
		{71121A6B-3673-4CC1-A97A-610E9C33F33A}.Tele2|Any CPU.ActiveCfg = Tele2|Any CPU
		{71121A6B-3673-4CC1-A97A-610E9C33F33A}.Tele2|Any CPU.Build.0 = Tele2|Any CPU
		{1B4547C9-EA65-4025-A940-A1516EA460D3}.Bee_test|Any CPU.ActiveCfg = MTS_Prod|Any CPU
		{1B4547C9-EA65-4025-A940-A1516EA460D3}.Bee_test|Any CPU.Build.0 = MTS_Prod|Any CPU
		{1B4547C9-EA65-4025-A940-A1516EA460D3}.Debug|Any CPU.ActiveCfg = Debug|Any CPU
		{1B4547C9-EA65-4025-A940-A1516EA460D3}.Debug|Any CPU.Build.0 = Debug|Any CPU
		{1B4547C9-EA65-4025-A940-A1516EA460D3}.Megafon|Any CPU.ActiveCfg = MTS_Prod|Any CPU
		{1B4547C9-EA65-4025-A940-A1516EA460D3}.Megafon|Any CPU.Build.0 = MTS_Prod|Any CPU
		{1B4547C9-EA65-4025-A940-A1516EA460D3}.MTS_Json|Any CPU.ActiveCfg = MTS_Prod|Any CPU
		{1B4547C9-EA65-4025-A940-A1516EA460D3}.MTS_Json|Any CPU.Build.0 = MTS_Prod|Any CPU
		{1B4547C9-EA65-4025-A940-A1516EA460D3}.MTS_Prod|Any CPU.ActiveCfg = MTS_Prod|Any CPU
		{1B4547C9-EA65-4025-A940-A1516EA460D3}.MTS_Prod|Any CPU.Build.0 = MTS_Prod|Any CPU
		{1B4547C9-EA65-4025-A940-A1516EA460D3}.MTS_Stage|Any CPU.ActiveCfg = MTS_Prod|Any CPU
		{1B4547C9-EA65-4025-A940-A1516EA460D3}.MTS_Stage|Any CPU.Build.0 = MTS_Prod|Any CPU
		{1B4547C9-EA65-4025-A940-A1516EA460D3}.MTS|Any CPU.ActiveCfg = MTS_Prod|Any CPU
		{1B4547C9-EA65-4025-A940-A1516EA460D3}.MTS|Any CPU.Build.0 = MTS_Prod|Any CPU
		{1B4547C9-EA65-4025-A940-A1516EA460D3}.Release|Any CPU.ActiveCfg = Release|Any CPU
		{1B4547C9-EA65-4025-A940-A1516EA460D3}.Release|Any CPU.Build.0 = Release|Any CPU
		{1B4547C9-EA65-4025-A940-A1516EA460D3}.Tele2|Any CPU.ActiveCfg = MTS_Prod|Any CPU
		{1B4547C9-EA65-4025-A940-A1516EA460D3}.Tele2|Any CPU.Build.0 = MTS_Prod|Any CPU
		{D0E2CB2D-042A-4882-8E6D-BBB0966FB47B}.Bee_test|Any CPU.ActiveCfg = Release|Any CPU
		{D0E2CB2D-042A-4882-8E6D-BBB0966FB47B}.Bee_test|Any CPU.Build.0 = Release|Any CPU
		{D0E2CB2D-042A-4882-8E6D-BBB0966FB47B}.Debug|Any CPU.ActiveCfg = Debug|Any CPU
		{D0E2CB2D-042A-4882-8E6D-BBB0966FB47B}.Debug|Any CPU.Build.0 = Debug|Any CPU
		{D0E2CB2D-042A-4882-8E6D-BBB0966FB47B}.Megafon|Any CPU.ActiveCfg = Release|Any CPU
		{D0E2CB2D-042A-4882-8E6D-BBB0966FB47B}.Megafon|Any CPU.Build.0 = Release|Any CPU
		{D0E2CB2D-042A-4882-8E6D-BBB0966FB47B}.MTS_Json|Any CPU.ActiveCfg = Release|Any CPU
		{D0E2CB2D-042A-4882-8E6D-BBB0966FB47B}.MTS_Json|Any CPU.Build.0 = Release|Any CPU
		{D0E2CB2D-042A-4882-8E6D-BBB0966FB47B}.MTS_Prod|Any CPU.ActiveCfg = Release|Any CPU
		{D0E2CB2D-042A-4882-8E6D-BBB0966FB47B}.MTS_Prod|Any CPU.Build.0 = Release|Any CPU
		{D0E2CB2D-042A-4882-8E6D-BBB0966FB47B}.MTS_Stage|Any CPU.ActiveCfg = Release|Any CPU
		{D0E2CB2D-042A-4882-8E6D-BBB0966FB47B}.MTS_Stage|Any CPU.Build.0 = Release|Any CPU
		{D0E2CB2D-042A-4882-8E6D-BBB0966FB47B}.MTS|Any CPU.ActiveCfg = Release|Any CPU
		{D0E2CB2D-042A-4882-8E6D-BBB0966FB47B}.MTS|Any CPU.Build.0 = Release|Any CPU
		{D0E2CB2D-042A-4882-8E6D-BBB0966FB47B}.Release|Any CPU.ActiveCfg = Release|Any CPU
		{D0E2CB2D-042A-4882-8E6D-BBB0966FB47B}.Release|Any CPU.Build.0 = Release|Any CPU
		{D0E2CB2D-042A-4882-8E6D-BBB0966FB47B}.Tele2|Any CPU.ActiveCfg = Release|Any CPU
		{D0E2CB2D-042A-4882-8E6D-BBB0966FB47B}.Tele2|Any CPU.Build.0 = Release|Any CPU
		{EF2CA54C-748B-4E29-9EE2-15DE0DB5BFD6}.Bee_test|Any CPU.ActiveCfg = Release|Any CPU
		{EF2CA54C-748B-4E29-9EE2-15DE0DB5BFD6}.Bee_test|Any CPU.Build.0 = Release|Any CPU
		{EF2CA54C-748B-4E29-9EE2-15DE0DB5BFD6}.Debug|Any CPU.ActiveCfg = Debug|Any CPU
		{EF2CA54C-748B-4E29-9EE2-15DE0DB5BFD6}.Debug|Any CPU.Build.0 = Debug|Any CPU
		{EF2CA54C-748B-4E29-9EE2-15DE0DB5BFD6}.Megafon|Any CPU.ActiveCfg = Release|Any CPU
		{EF2CA54C-748B-4E29-9EE2-15DE0DB5BFD6}.Megafon|Any CPU.Build.0 = Release|Any CPU
		{EF2CA54C-748B-4E29-9EE2-15DE0DB5BFD6}.MTS_Json|Any CPU.ActiveCfg = Release|Any CPU
		{EF2CA54C-748B-4E29-9EE2-15DE0DB5BFD6}.MTS_Json|Any CPU.Build.0 = Release|Any CPU
		{EF2CA54C-748B-4E29-9EE2-15DE0DB5BFD6}.MTS_Prod|Any CPU.ActiveCfg = Release|Any CPU
		{EF2CA54C-748B-4E29-9EE2-15DE0DB5BFD6}.MTS_Prod|Any CPU.Build.0 = Release|Any CPU
		{EF2CA54C-748B-4E29-9EE2-15DE0DB5BFD6}.MTS_Stage|Any CPU.ActiveCfg = Release|Any CPU
		{EF2CA54C-748B-4E29-9EE2-15DE0DB5BFD6}.MTS_Stage|Any CPU.Build.0 = Release|Any CPU
		{EF2CA54C-748B-4E29-9EE2-15DE0DB5BFD6}.MTS|Any CPU.ActiveCfg = Release|Any CPU
		{EF2CA54C-748B-4E29-9EE2-15DE0DB5BFD6}.MTS|Any CPU.Build.0 = Release|Any CPU
		{EF2CA54C-748B-4E29-9EE2-15DE0DB5BFD6}.Release|Any CPU.ActiveCfg = Release|Any CPU
		{EF2CA54C-748B-4E29-9EE2-15DE0DB5BFD6}.Release|Any CPU.Build.0 = Release|Any CPU
		{EF2CA54C-748B-4E29-9EE2-15DE0DB5BFD6}.Tele2|Any CPU.ActiveCfg = Release|Any CPU
		{EF2CA54C-748B-4E29-9EE2-15DE0DB5BFD6}.Tele2|Any CPU.Build.0 = Release|Any CPU
		{B48876AB-8BC5-4D53-8D23-C725E2247A4D}.Bee_test|Any CPU.ActiveCfg = Release|Any CPU
		{B48876AB-8BC5-4D53-8D23-C725E2247A4D}.Bee_test|Any CPU.Build.0 = Release|Any CPU
		{B48876AB-8BC5-4D53-8D23-C725E2247A4D}.Debug|Any CPU.ActiveCfg = Debug|Any CPU
		{B48876AB-8BC5-4D53-8D23-C725E2247A4D}.Debug|Any CPU.Build.0 = Debug|Any CPU
		{B48876AB-8BC5-4D53-8D23-C725E2247A4D}.Megafon|Any CPU.ActiveCfg = Release|Any CPU
		{B48876AB-8BC5-4D53-8D23-C725E2247A4D}.Megafon|Any CPU.Build.0 = Release|Any CPU
		{B48876AB-8BC5-4D53-8D23-C725E2247A4D}.MTS_Json|Any CPU.ActiveCfg = Release|Any CPU
		{B48876AB-8BC5-4D53-8D23-C725E2247A4D}.MTS_Json|Any CPU.Build.0 = Release|Any CPU
		{B48876AB-8BC5-4D53-8D23-C725E2247A4D}.MTS_Prod|Any CPU.ActiveCfg = Release|Any CPU
		{B48876AB-8BC5-4D53-8D23-C725E2247A4D}.MTS_Prod|Any CPU.Build.0 = Release|Any CPU
		{B48876AB-8BC5-4D53-8D23-C725E2247A4D}.MTS_Stage|Any CPU.ActiveCfg = Release|Any CPU
		{B48876AB-8BC5-4D53-8D23-C725E2247A4D}.MTS_Stage|Any CPU.Build.0 = Release|Any CPU
		{B48876AB-8BC5-4D53-8D23-C725E2247A4D}.MTS|Any CPU.ActiveCfg = Release|Any CPU
		{B48876AB-8BC5-4D53-8D23-C725E2247A4D}.MTS|Any CPU.Build.0 = Release|Any CPU
		{B48876AB-8BC5-4D53-8D23-C725E2247A4D}.Release|Any CPU.ActiveCfg = Release|Any CPU
		{B48876AB-8BC5-4D53-8D23-C725E2247A4D}.Release|Any CPU.Build.0 = Release|Any CPU
		{B48876AB-8BC5-4D53-8D23-C725E2247A4D}.Tele2|Any CPU.ActiveCfg = Release|Any CPU
		{B48876AB-8BC5-4D53-8D23-C725E2247A4D}.Tele2|Any CPU.Build.0 = Release|Any CPU
		{8EE920A3-9A9F-49F4-91DE-153E283F753C}.Bee_test|Any CPU.ActiveCfg = Release|Any CPU
		{8EE920A3-9A9F-49F4-91DE-153E283F753C}.Bee_test|Any CPU.Build.0 = Release|Any CPU
		{8EE920A3-9A9F-49F4-91DE-153E283F753C}.Debug|Any CPU.ActiveCfg = Debug|Any CPU
		{8EE920A3-9A9F-49F4-91DE-153E283F753C}.Debug|Any CPU.Build.0 = Debug|Any CPU
		{8EE920A3-9A9F-49F4-91DE-153E283F753C}.Megafon|Any CPU.ActiveCfg = Release|Any CPU
		{8EE920A3-9A9F-49F4-91DE-153E283F753C}.Megafon|Any CPU.Build.0 = Release|Any CPU
		{8EE920A3-9A9F-49F4-91DE-153E283F753C}.MTS_Json|Any CPU.ActiveCfg = Release|Any CPU
		{8EE920A3-9A9F-49F4-91DE-153E283F753C}.MTS_Json|Any CPU.Build.0 = Release|Any CPU
		{8EE920A3-9A9F-49F4-91DE-153E283F753C}.MTS_Prod|Any CPU.ActiveCfg = Release|Any CPU
		{8EE920A3-9A9F-49F4-91DE-153E283F753C}.MTS_Prod|Any CPU.Build.0 = Release|Any CPU
		{8EE920A3-9A9F-49F4-91DE-153E283F753C}.MTS_Stage|Any CPU.ActiveCfg = Release|Any CPU
		{8EE920A3-9A9F-49F4-91DE-153E283F753C}.MTS_Stage|Any CPU.Build.0 = Release|Any CPU
		{8EE920A3-9A9F-49F4-91DE-153E283F753C}.MTS|Any CPU.ActiveCfg = Release|Any CPU
		{8EE920A3-9A9F-49F4-91DE-153E283F753C}.MTS|Any CPU.Build.0 = Release|Any CPU
		{8EE920A3-9A9F-49F4-91DE-153E283F753C}.Release|Any CPU.ActiveCfg = Release|Any CPU
		{8EE920A3-9A9F-49F4-91DE-153E283F753C}.Release|Any CPU.Build.0 = Release|Any CPU
		{8EE920A3-9A9F-49F4-91DE-153E283F753C}.Tele2|Any CPU.ActiveCfg = Release|Any CPU
		{8EE920A3-9A9F-49F4-91DE-153E283F753C}.Tele2|Any CPU.Build.0 = Release|Any CPU
		{08DE5738-45F8-47B9-B828-D657223EAE51}.Bee_test|Any CPU.ActiveCfg = Release|Any CPU
		{08DE5738-45F8-47B9-B828-D657223EAE51}.Bee_test|Any CPU.Build.0 = Release|Any CPU
		{08DE5738-45F8-47B9-B828-D657223EAE51}.Debug|Any CPU.ActiveCfg = Debug|Any CPU
		{08DE5738-45F8-47B9-B828-D657223EAE51}.Debug|Any CPU.Build.0 = Debug|Any CPU
		{08DE5738-45F8-47B9-B828-D657223EAE51}.Megafon|Any CPU.ActiveCfg = Release|Any CPU
		{08DE5738-45F8-47B9-B828-D657223EAE51}.Megafon|Any CPU.Build.0 = Release|Any CPU
		{08DE5738-45F8-47B9-B828-D657223EAE51}.MTS_Json|Any CPU.ActiveCfg = Release|Any CPU
		{08DE5738-45F8-47B9-B828-D657223EAE51}.MTS_Json|Any CPU.Build.0 = Release|Any CPU
		{08DE5738-45F8-47B9-B828-D657223EAE51}.MTS_Prod|Any CPU.ActiveCfg = Release|Any CPU
		{08DE5738-45F8-47B9-B828-D657223EAE51}.MTS_Prod|Any CPU.Build.0 = Release|Any CPU
		{08DE5738-45F8-47B9-B828-D657223EAE51}.MTS_Stage|Any CPU.ActiveCfg = Release|Any CPU
		{08DE5738-45F8-47B9-B828-D657223EAE51}.MTS_Stage|Any CPU.Build.0 = Release|Any CPU
		{08DE5738-45F8-47B9-B828-D657223EAE51}.MTS|Any CPU.ActiveCfg = Release|Any CPU
		{08DE5738-45F8-47B9-B828-D657223EAE51}.MTS|Any CPU.Build.0 = Release|Any CPU
		{08DE5738-45F8-47B9-B828-D657223EAE51}.Release|Any CPU.ActiveCfg = Release|Any CPU
		{08DE5738-45F8-47B9-B828-D657223EAE51}.Release|Any CPU.Build.0 = Release|Any CPU
		{08DE5738-45F8-47B9-B828-D657223EAE51}.Tele2|Any CPU.ActiveCfg = Release|Any CPU
		{08DE5738-45F8-47B9-B828-D657223EAE51}.Tele2|Any CPU.Build.0 = Release|Any CPU
		{78124EE7-9123-4B67-A9F9-B34A8E39823E}.Bee_test|Any CPU.ActiveCfg = Release|Any CPU
		{78124EE7-9123-4B67-A9F9-B34A8E39823E}.Bee_test|Any CPU.Build.0 = Release|Any CPU
		{78124EE7-9123-4B67-A9F9-B34A8E39823E}.Debug|Any CPU.ActiveCfg = Debug|Any CPU
		{78124EE7-9123-4B67-A9F9-B34A8E39823E}.Debug|Any CPU.Build.0 = Debug|Any CPU
		{78124EE7-9123-4B67-A9F9-B34A8E39823E}.Megafon|Any CPU.ActiveCfg = Release|Any CPU
		{78124EE7-9123-4B67-A9F9-B34A8E39823E}.Megafon|Any CPU.Build.0 = Release|Any CPU
		{78124EE7-9123-4B67-A9F9-B34A8E39823E}.MTS_Json|Any CPU.ActiveCfg = Release|Any CPU
		{78124EE7-9123-4B67-A9F9-B34A8E39823E}.MTS_Json|Any CPU.Build.0 = Release|Any CPU
		{78124EE7-9123-4B67-A9F9-B34A8E39823E}.MTS_Prod|Any CPU.ActiveCfg = Release|Any CPU
		{78124EE7-9123-4B67-A9F9-B34A8E39823E}.MTS_Prod|Any CPU.Build.0 = Release|Any CPU
		{78124EE7-9123-4B67-A9F9-B34A8E39823E}.MTS_Stage|Any CPU.ActiveCfg = Release|Any CPU
		{78124EE7-9123-4B67-A9F9-B34A8E39823E}.MTS_Stage|Any CPU.Build.0 = Release|Any CPU
		{78124EE7-9123-4B67-A9F9-B34A8E39823E}.MTS|Any CPU.ActiveCfg = Release|Any CPU
		{78124EE7-9123-4B67-A9F9-B34A8E39823E}.MTS|Any CPU.Build.0 = Release|Any CPU
		{78124EE7-9123-4B67-A9F9-B34A8E39823E}.Release|Any CPU.ActiveCfg = Release|Any CPU
		{78124EE7-9123-4B67-A9F9-B34A8E39823E}.Release|Any CPU.Build.0 = Release|Any CPU
		{78124EE7-9123-4B67-A9F9-B34A8E39823E}.Tele2|Any CPU.ActiveCfg = Release|Any CPU
		{78124EE7-9123-4B67-A9F9-B34A8E39823E}.Tele2|Any CPU.Build.0 = Release|Any CPU
		{3B949EFD-3D99-4915-ADA1-AA74025156EA}.Bee_test|Any CPU.ActiveCfg = Release|Any CPU
		{3B949EFD-3D99-4915-ADA1-AA74025156EA}.Bee_test|Any CPU.Build.0 = Release|Any CPU
		{3B949EFD-3D99-4915-ADA1-AA74025156EA}.Debug|Any CPU.ActiveCfg = Debug|Any CPU
		{3B949EFD-3D99-4915-ADA1-AA74025156EA}.Debug|Any CPU.Build.0 = Debug|Any CPU
		{3B949EFD-3D99-4915-ADA1-AA74025156EA}.Megafon|Any CPU.ActiveCfg = Release|Any CPU
		{3B949EFD-3D99-4915-ADA1-AA74025156EA}.Megafon|Any CPU.Build.0 = Release|Any CPU
		{3B949EFD-3D99-4915-ADA1-AA74025156EA}.MTS_Json|Any CPU.ActiveCfg = Release|Any CPU
		{3B949EFD-3D99-4915-ADA1-AA74025156EA}.MTS_Json|Any CPU.Build.0 = Release|Any CPU
		{3B949EFD-3D99-4915-ADA1-AA74025156EA}.MTS_Prod|Any CPU.ActiveCfg = Release|Any CPU
		{3B949EFD-3D99-4915-ADA1-AA74025156EA}.MTS_Prod|Any CPU.Build.0 = Release|Any CPU
		{3B949EFD-3D99-4915-ADA1-AA74025156EA}.MTS_Stage|Any CPU.ActiveCfg = Release|Any CPU
		{3B949EFD-3D99-4915-ADA1-AA74025156EA}.MTS_Stage|Any CPU.Build.0 = Release|Any CPU
		{3B949EFD-3D99-4915-ADA1-AA74025156EA}.MTS|Any CPU.ActiveCfg = Release|Any CPU
		{3B949EFD-3D99-4915-ADA1-AA74025156EA}.MTS|Any CPU.Build.0 = Release|Any CPU
		{3B949EFD-3D99-4915-ADA1-AA74025156EA}.Release|Any CPU.ActiveCfg = Release|Any CPU
		{3B949EFD-3D99-4915-ADA1-AA74025156EA}.Release|Any CPU.Build.0 = Release|Any CPU
		{3B949EFD-3D99-4915-ADA1-AA74025156EA}.Tele2|Any CPU.ActiveCfg = Release|Any CPU
		{3B949EFD-3D99-4915-ADA1-AA74025156EA}.Tele2|Any CPU.Build.0 = Release|Any CPU
		{455C03F3-A541-469E-B0F5-FFAE84F56274}.Bee_test|Any CPU.ActiveCfg = Release|Any CPU
		{455C03F3-A541-469E-B0F5-FFAE84F56274}.Bee_test|Any CPU.Build.0 = Release|Any CPU
		{455C03F3-A541-469E-B0F5-FFAE84F56274}.Debug|Any CPU.ActiveCfg = Debug|Any CPU
		{455C03F3-A541-469E-B0F5-FFAE84F56274}.Debug|Any CPU.Build.0 = Debug|Any CPU
		{455C03F3-A541-469E-B0F5-FFAE84F56274}.Megafon|Any CPU.ActiveCfg = Release|Any CPU
		{455C03F3-A541-469E-B0F5-FFAE84F56274}.Megafon|Any CPU.Build.0 = Release|Any CPU
		{455C03F3-A541-469E-B0F5-FFAE84F56274}.MTS_Json|Any CPU.ActiveCfg = Release|Any CPU
		{455C03F3-A541-469E-B0F5-FFAE84F56274}.MTS_Json|Any CPU.Build.0 = Release|Any CPU
		{455C03F3-A541-469E-B0F5-FFAE84F56274}.MTS_Prod|Any CPU.ActiveCfg = Release|Any CPU
		{455C03F3-A541-469E-B0F5-FFAE84F56274}.MTS_Prod|Any CPU.Build.0 = Release|Any CPU
		{455C03F3-A541-469E-B0F5-FFAE84F56274}.MTS_Stage|Any CPU.ActiveCfg = Release|Any CPU
		{455C03F3-A541-469E-B0F5-FFAE84F56274}.MTS_Stage|Any CPU.Build.0 = Release|Any CPU
		{455C03F3-A541-469E-B0F5-FFAE84F56274}.MTS|Any CPU.ActiveCfg = Release|Any CPU
		{455C03F3-A541-469E-B0F5-FFAE84F56274}.MTS|Any CPU.Build.0 = Release|Any CPU
		{455C03F3-A541-469E-B0F5-FFAE84F56274}.Release|Any CPU.ActiveCfg = Release|Any CPU
		{455C03F3-A541-469E-B0F5-FFAE84F56274}.Release|Any CPU.Build.0 = Release|Any CPU
		{455C03F3-A541-469E-B0F5-FFAE84F56274}.Tele2|Any CPU.ActiveCfg = Release|Any CPU
		{455C03F3-A541-469E-B0F5-FFAE84F56274}.Tele2|Any CPU.Build.0 = Release|Any CPU
		{828345E1-3B11-45DD-871D-AC445B466E42}.Bee_test|Any CPU.ActiveCfg = Release|Any CPU
		{828345E1-3B11-45DD-871D-AC445B466E42}.Bee_test|Any CPU.Build.0 = Release|Any CPU
		{828345E1-3B11-45DD-871D-AC445B466E42}.Debug|Any CPU.ActiveCfg = Debug|Any CPU
		{828345E1-3B11-45DD-871D-AC445B466E42}.Debug|Any CPU.Build.0 = Debug|Any CPU
		{828345E1-3B11-45DD-871D-AC445B466E42}.Megafon|Any CPU.ActiveCfg = Release|Any CPU
		{828345E1-3B11-45DD-871D-AC445B466E42}.Megafon|Any CPU.Build.0 = Release|Any CPU
		{828345E1-3B11-45DD-871D-AC445B466E42}.MTS_Json|Any CPU.ActiveCfg = Release|Any CPU
		{828345E1-3B11-45DD-871D-AC445B466E42}.MTS_Json|Any CPU.Build.0 = Release|Any CPU
		{828345E1-3B11-45DD-871D-AC445B466E42}.MTS_Prod|Any CPU.ActiveCfg = Release|Any CPU
		{828345E1-3B11-45DD-871D-AC445B466E42}.MTS_Prod|Any CPU.Build.0 = Release|Any CPU
		{828345E1-3B11-45DD-871D-AC445B466E42}.MTS_Stage|Any CPU.ActiveCfg = Release|Any CPU
		{828345E1-3B11-45DD-871D-AC445B466E42}.MTS_Stage|Any CPU.Build.0 = Release|Any CPU
		{828345E1-3B11-45DD-871D-AC445B466E42}.MTS|Any CPU.ActiveCfg = Release|Any CPU
		{828345E1-3B11-45DD-871D-AC445B466E42}.MTS|Any CPU.Build.0 = Release|Any CPU
		{828345E1-3B11-45DD-871D-AC445B466E42}.Release|Any CPU.ActiveCfg = Release|Any CPU
		{828345E1-3B11-45DD-871D-AC445B466E42}.Release|Any CPU.Build.0 = Release|Any CPU
		{828345E1-3B11-45DD-871D-AC445B466E42}.Tele2|Any CPU.ActiveCfg = Release|Any CPU
		{828345E1-3B11-45DD-871D-AC445B466E42}.Tele2|Any CPU.Build.0 = Release|Any CPU
		{A92ADEFA-5229-4BE3-AEFC-925EA55A8848}.Bee_test|Any CPU.ActiveCfg = Tele2|Any CPU
		{A92ADEFA-5229-4BE3-AEFC-925EA55A8848}.Bee_test|Any CPU.Build.0 = Tele2|Any CPU
		{A92ADEFA-5229-4BE3-AEFC-925EA55A8848}.Debug|Any CPU.ActiveCfg = Debug|Any CPU
		{A92ADEFA-5229-4BE3-AEFC-925EA55A8848}.Debug|Any CPU.Build.0 = Debug|Any CPU
		{A92ADEFA-5229-4BE3-AEFC-925EA55A8848}.Megafon|Any CPU.ActiveCfg = MTS|Any CPU
		{A92ADEFA-5229-4BE3-AEFC-925EA55A8848}.Megafon|Any CPU.Build.0 = MTS|Any CPU
		{A92ADEFA-5229-4BE3-AEFC-925EA55A8848}.MTS_Json|Any CPU.ActiveCfg = MTS|Any CPU
		{A92ADEFA-5229-4BE3-AEFC-925EA55A8848}.MTS_Json|Any CPU.Build.0 = MTS|Any CPU
		{A92ADEFA-5229-4BE3-AEFC-925EA55A8848}.MTS_Prod|Any CPU.ActiveCfg = MTS|Any CPU
		{A92ADEFA-5229-4BE3-AEFC-925EA55A8848}.MTS_Prod|Any CPU.Build.0 = MTS|Any CPU
		{A92ADEFA-5229-4BE3-AEFC-925EA55A8848}.MTS_Stage|Any CPU.ActiveCfg = MTS|Any CPU
		{A92ADEFA-5229-4BE3-AEFC-925EA55A8848}.MTS_Stage|Any CPU.Build.0 = MTS|Any CPU
		{A92ADEFA-5229-4BE3-AEFC-925EA55A8848}.MTS|Any CPU.ActiveCfg = MTS|Any CPU
		{A92ADEFA-5229-4BE3-AEFC-925EA55A8848}.MTS|Any CPU.Build.0 = MTS|Any CPU
		{A92ADEFA-5229-4BE3-AEFC-925EA55A8848}.Release|Any CPU.ActiveCfg = Release|Any CPU
		{A92ADEFA-5229-4BE3-AEFC-925EA55A8848}.Release|Any CPU.Build.0 = Release|Any CPU
		{A92ADEFA-5229-4BE3-AEFC-925EA55A8848}.Tele2|Any CPU.ActiveCfg = Tele2|Any CPU
		{A92ADEFA-5229-4BE3-AEFC-925EA55A8848}.Tele2|Any CPU.Build.0 = Tele2|Any CPU
		{65934658-47E0-4175-A495-7F2D94318640}.Bee_test|Any CPU.ActiveCfg = Tele2|Any CPU
		{65934658-47E0-4175-A495-7F2D94318640}.Bee_test|Any CPU.Build.0 = Tele2|Any CPU
		{65934658-47E0-4175-A495-7F2D94318640}.Debug|Any CPU.ActiveCfg = Debug|Any CPU
		{65934658-47E0-4175-A495-7F2D94318640}.Debug|Any CPU.Build.0 = Debug|Any CPU
		{65934658-47E0-4175-A495-7F2D94318640}.Megafon|Any CPU.ActiveCfg = MTS|Any CPU
		{65934658-47E0-4175-A495-7F2D94318640}.Megafon|Any CPU.Build.0 = MTS|Any CPU
		{65934658-47E0-4175-A495-7F2D94318640}.MTS_Json|Any CPU.ActiveCfg = MTS|Any CPU
		{65934658-47E0-4175-A495-7F2D94318640}.MTS_Json|Any CPU.Build.0 = MTS|Any CPU
		{65934658-47E0-4175-A495-7F2D94318640}.MTS_Prod|Any CPU.ActiveCfg = MTS|Any CPU
		{65934658-47E0-4175-A495-7F2D94318640}.MTS_Prod|Any CPU.Build.0 = MTS|Any CPU
		{65934658-47E0-4175-A495-7F2D94318640}.MTS_Stage|Any CPU.ActiveCfg = MTS|Any CPU
		{65934658-47E0-4175-A495-7F2D94318640}.MTS_Stage|Any CPU.Build.0 = MTS|Any CPU
		{65934658-47E0-4175-A495-7F2D94318640}.MTS|Any CPU.ActiveCfg = MTS|Any CPU
		{65934658-47E0-4175-A495-7F2D94318640}.MTS|Any CPU.Build.0 = MTS|Any CPU
		{65934658-47E0-4175-A495-7F2D94318640}.Release|Any CPU.ActiveCfg = Release|Any CPU
		{65934658-47E0-4175-A495-7F2D94318640}.Release|Any CPU.Build.0 = Release|Any CPU
		{65934658-47E0-4175-A495-7F2D94318640}.Tele2|Any CPU.ActiveCfg = Tele2|Any CPU
		{65934658-47E0-4175-A495-7F2D94318640}.Tele2|Any CPU.Build.0 = Tele2|Any CPU
		{5BA9AE54-4D68-4365-9EA2-34EE72BA27A0}.Bee_test|Any CPU.ActiveCfg = Release|Any CPU
		{5BA9AE54-4D68-4365-9EA2-34EE72BA27A0}.Bee_test|Any CPU.Build.0 = Release|Any CPU
		{5BA9AE54-4D68-4365-9EA2-34EE72BA27A0}.Debug|Any CPU.ActiveCfg = Debug|Any CPU
		{5BA9AE54-4D68-4365-9EA2-34EE72BA27A0}.Debug|Any CPU.Build.0 = Debug|Any CPU
		{5BA9AE54-4D68-4365-9EA2-34EE72BA27A0}.Megafon|Any CPU.ActiveCfg = Release|Any CPU
		{5BA9AE54-4D68-4365-9EA2-34EE72BA27A0}.Megafon|Any CPU.Build.0 = Release|Any CPU
		{5BA9AE54-4D68-4365-9EA2-34EE72BA27A0}.MTS_Json|Any CPU.ActiveCfg = Release|Any CPU
		{5BA9AE54-4D68-4365-9EA2-34EE72BA27A0}.MTS_Json|Any CPU.Build.0 = Release|Any CPU
		{5BA9AE54-4D68-4365-9EA2-34EE72BA27A0}.MTS_Prod|Any CPU.ActiveCfg = Release|Any CPU
		{5BA9AE54-4D68-4365-9EA2-34EE72BA27A0}.MTS_Prod|Any CPU.Build.0 = Release|Any CPU
		{5BA9AE54-4D68-4365-9EA2-34EE72BA27A0}.MTS_Stage|Any CPU.ActiveCfg = Release|Any CPU
		{5BA9AE54-4D68-4365-9EA2-34EE72BA27A0}.MTS_Stage|Any CPU.Build.0 = Release|Any CPU
		{5BA9AE54-4D68-4365-9EA2-34EE72BA27A0}.MTS|Any CPU.ActiveCfg = Release|Any CPU
		{5BA9AE54-4D68-4365-9EA2-34EE72BA27A0}.MTS|Any CPU.Build.0 = Release|Any CPU
		{5BA9AE54-4D68-4365-9EA2-34EE72BA27A0}.Release|Any CPU.ActiveCfg = Release|Any CPU
		{5BA9AE54-4D68-4365-9EA2-34EE72BA27A0}.Release|Any CPU.Build.0 = Release|Any CPU
		{5BA9AE54-4D68-4365-9EA2-34EE72BA27A0}.Tele2|Any CPU.ActiveCfg = Release|Any CPU
		{5BA9AE54-4D68-4365-9EA2-34EE72BA27A0}.Tele2|Any CPU.Build.0 = Release|Any CPU
		{5B884BAB-79C7-4F14-8D6D-398FECE0C4E8}.Bee_test|Any CPU.ActiveCfg = Release|Any CPU
		{5B884BAB-79C7-4F14-8D6D-398FECE0C4E8}.Bee_test|Any CPU.Build.0 = Release|Any CPU
		{5B884BAB-79C7-4F14-8D6D-398FECE0C4E8}.Debug|Any CPU.ActiveCfg = Debug|Any CPU
		{5B884BAB-79C7-4F14-8D6D-398FECE0C4E8}.Debug|Any CPU.Build.0 = Debug|Any CPU
		{5B884BAB-79C7-4F14-8D6D-398FECE0C4E8}.Megafon|Any CPU.ActiveCfg = Release|Any CPU
		{5B884BAB-79C7-4F14-8D6D-398FECE0C4E8}.Megafon|Any CPU.Build.0 = Release|Any CPU
		{5B884BAB-79C7-4F14-8D6D-398FECE0C4E8}.MTS_Json|Any CPU.ActiveCfg = Release|Any CPU
		{5B884BAB-79C7-4F14-8D6D-398FECE0C4E8}.MTS_Json|Any CPU.Build.0 = Release|Any CPU
		{5B884BAB-79C7-4F14-8D6D-398FECE0C4E8}.MTS_Prod|Any CPU.ActiveCfg = Release|Any CPU
		{5B884BAB-79C7-4F14-8D6D-398FECE0C4E8}.MTS_Prod|Any CPU.Build.0 = Release|Any CPU
		{5B884BAB-79C7-4F14-8D6D-398FECE0C4E8}.MTS_Stage|Any CPU.ActiveCfg = Release|Any CPU
		{5B884BAB-79C7-4F14-8D6D-398FECE0C4E8}.MTS_Stage|Any CPU.Build.0 = Release|Any CPU
		{5B884BAB-79C7-4F14-8D6D-398FECE0C4E8}.MTS|Any CPU.ActiveCfg = Release|Any CPU
		{5B884BAB-79C7-4F14-8D6D-398FECE0C4E8}.MTS|Any CPU.Build.0 = Release|Any CPU
		{5B884BAB-79C7-4F14-8D6D-398FECE0C4E8}.Release|Any CPU.ActiveCfg = Release|Any CPU
		{5B884BAB-79C7-4F14-8D6D-398FECE0C4E8}.Release|Any CPU.Build.0 = Release|Any CPU
		{5B884BAB-79C7-4F14-8D6D-398FECE0C4E8}.Tele2|Any CPU.ActiveCfg = Release|Any CPU
		{5B884BAB-79C7-4F14-8D6D-398FECE0C4E8}.Tele2|Any CPU.Build.0 = Release|Any CPU
	EndGlobalSection
	GlobalSection(SolutionProperties) = preSolution
		HideSolutionNode = FALSE
	EndGlobalSection
	GlobalSection(NestedProjects) = preSolution
		{5AF860A1-97A7-4C36-9496-21054975E226} = {AB0E48A6-4C45-4470-9FE4-0213262054A6}
		{4BAEAE00-DA81-49DC-8B75-475724D4C4C2} = {AB0E48A6-4C45-4470-9FE4-0213262054A6}
		{722A9ABE-56A0-46ED-89C8-ABCA3AAC54E5} = {9E374573-BDFB-453D-B9A7-D098D2E295C5}
		{30CE970F-DC61-40B7-9625-44A70E8BEAF8} = {AB0E48A6-4C45-4470-9FE4-0213262054A6}
		{B06F1098-5BA5-48D2-A81F-4BAADE9ADACC} = {9E374573-BDFB-453D-B9A7-D098D2E295C5}
		{08B8D510-2309-425F-B3E3-DD9DCDB3497F} = {AB0E48A6-4C45-4470-9FE4-0213262054A6}
		{54C5A130-E1F2-4971-A76A-C7991FC456AA} = {AB0E48A6-4C45-4470-9FE4-0213262054A6}
		{8516B769-6B89-4E24-BEF7-3C4B1924A11A} = {6B8EF7FB-0D20-4D5B-B5C8-98648657CC0B}
		{D321028F-16DD-480A-923E-8451140B3926} = {9E374573-BDFB-453D-B9A7-D098D2E295C5}
		{0C29C41B-87D1-462F-9C33-C875C76D464D} = {6B8EF7FB-0D20-4D5B-B5C8-98648657CC0B}
		{8AC337D0-15BE-4A60-9166-B7EEAE3D5B32} = {6B8EF7FB-0D20-4D5B-B5C8-98648657CC0B}
		{56E7FB60-0511-4BC7-9091-99C91D4CA5F7} = {6B8EF7FB-0D20-4D5B-B5C8-98648657CC0B}
		{73A51D81-579C-440A-938F-88157909A084} = {9E374573-BDFB-453D-B9A7-D098D2E295C5}
		{DC1022BC-9FB5-498F-AF48-BDE521AA5B4C} = {6B8EF7FB-0D20-4D5B-B5C8-98648657CC0B}
		{B946F700-B9DF-41EA-9203-484303757C97} = {7E24881D-A8B0-4569-9B6A-D4A76AE2125E}
		{7BF30688-370A-4290-89E4-EF9181D373E4} = {AB0E48A6-4C45-4470-9FE4-0213262054A6}
		{FD13BB50-4C6C-4B4C-A343-9B44C089BA98} = {9E374573-BDFB-453D-B9A7-D098D2E295C5}
		{749FE9E8-3678-497B-948F-F0B0135E2D97} = {AB0E48A6-4C45-4470-9FE4-0213262054A6}
		{F14BB090-9951-49BA-BE2B-80027F155D65} = {6B8EF7FB-0D20-4D5B-B5C8-98648657CC0B}
		{71121A6B-3673-4CC1-A97A-610E9C33F33A} = {7E24881D-A8B0-4569-9B6A-D4A76AE2125E}
		{1B4547C9-EA65-4025-A940-A1516EA460D3} = {AB0E48A6-4C45-4470-9FE4-0213262054A6}
		{D0E2CB2D-042A-4882-8E6D-BBB0966FB47B} = {AB0E48A6-4C45-4470-9FE4-0213262054A6}
		{B48876AB-8BC5-4D53-8D23-C725E2247A4D} = {9E374573-BDFB-453D-B9A7-D098D2E295C5}
		{8EE920A3-9A9F-49F4-91DE-153E283F753C} = {AB0E48A6-4C45-4470-9FE4-0213262054A6}
		{08DE5738-45F8-47B9-B828-D657223EAE51} = {064EB671-0575-4864-AEB9-84B6D08F029B}
		{78124EE7-9123-4B67-A9F9-B34A8E39823E} = {064EB671-0575-4864-AEB9-84B6D08F029B}
		{3B949EFD-3D99-4915-ADA1-AA74025156EA} = {064EB671-0575-4864-AEB9-84B6D08F029B}
		{455C03F3-A541-469E-B0F5-FFAE84F56274} = {064EB671-0575-4864-AEB9-84B6D08F029B}
		{828345E1-3B11-45DD-871D-AC445B466E42} = {064EB671-0575-4864-AEB9-84B6D08F029B}
		{A92ADEFA-5229-4BE3-AEFC-925EA55A8848} = {BD97F8FF-249D-4776-8C46-6346C8E29ADA}
		{65934658-47E0-4175-A495-7F2D94318640} = {BD97F8FF-249D-4776-8C46-6346C8E29ADA}
		{5BA9AE54-4D68-4365-9EA2-34EE72BA27A0} = {BD97F8FF-249D-4776-8C46-6346C8E29ADA}
		{5B884BAB-79C7-4F14-8D6D-398FECE0C4E8} = {BD97F8FF-249D-4776-8C46-6346C8E29ADA}
	EndGlobalSection
	GlobalSection(ExtensibilityGlobals) = postSolution
		EnterpriseLibraryConfigurationToolBinariesPath = packages\Unity.2.1.505.0\lib\NET35;packages\Unity.Interception.2.1.505.0\lib\NET35;packages\EnterpriseLibrary.Common.5.0.505.0\lib\NET35;packages\EnterpriseLibrary.Data.5.0.505.0\lib\NET35;packages\EnterpriseLibrary.ExceptionHandling.5.0.505.0\lib\NET35;packages\EnterpriseLibrary.Logging.5.0.505.0\lib\NET35;packages\EnterpriseLibrary.ExceptionHandling.Logging.5.0.505.0\lib\NET35;packages\EnterpriseLibrary.Validation.5.0.505.0\lib\NET35;packages\Unity.2.1.505.2\lib\NET35
	EndGlobalSection
EndGlobal
