
Microsoft Visual Studio Solution File, Format Version 12.00
# Visual Studio Version 17
VisualStudioVersion = 17.4.33103.184
MinimumVisualStudioVersion = 10.0.40219.1
Project("{2150E333-8FDC-42A3-9474-1A3956D46DE8}") = "Tests", "Tests", "{9E374573-BDFB-453D-B9A7-D098D2E295C5}"
EndProject
Project("{2150E333-8FDC-42A3-9474-1A3956D46DE8}") = "Core", "Core", "{AB0E48A6-4C45-4470-9FE4-0213262054A6}"
EndProject
Project("{9A19103F-16F7-4668-BE54-9A1E7A4F7556}") = "QA.ProductCatalog.Infrastructure", "QA.ProductCatalog.Infrastructure\QA.ProductCatalog.Infrastructure.csproj", "{5AF860A1-97A7-4C36-9496-21054975E226}"
EndProject
Project("{9A19103F-16F7-4668-BE54-9A1E7A4F7556}") = "QA.Core.Models", "QA.Core.Models\QA.Core.Models.csproj", "{4BAEAE00-DA81-49DC-8B75-475724D4C4C2}"
EndProject
Project("{9A19103F-16F7-4668-BE54-9A1E7A4F7556}") = "QA.Core.Models.Tests", "QA.Core.Models.Tests\QA.Core.Models.Tests.csproj", "{722A9ABE-56A0-46ED-89C8-ABCA3AAC54E5}"
EndProject
Project("{9A19103F-16F7-4668-BE54-9A1E7A4F7556}") = "QA.Core.DPC.Loader", "QA.Core.DPC.Loader\QA.Core.DPC.Loader.csproj", "{30CE970F-DC61-40B7-9625-44A70E8BEAF8}"
EndProject
Project("{9A19103F-16F7-4668-BE54-9A1E7A4F7556}") = "QA.Core.DPC.Loader.Tests", "QA.Core.DPC.Loader.Tests\QA.Core.DPC.Loader.Tests.csproj", "{B06F1098-5BA5-48D2-A81F-4BAADE9ADACC}"
EndProject
Project("{9A19103F-16F7-4668-BE54-9A1E7A4F7556}") = "QA.ProductCatalog.Admin.WebApp", "QA.ProductCatalog.Admin.WebApp\QA.ProductCatalog.Admin.WebApp.csproj", "{7F8AC7E1-5857-4383-A542-BBC1E9CD7609}"
EndProject
Project("{9A19103F-16F7-4668-BE54-9A1E7A4F7556}") = "QA.Core.DPC.UI", "QA.Core.DPC.UI\QA.Core.DPC.UI.csproj", "{08B8D510-2309-425F-B3E3-DD9DCDB3497F}"
EndProject
Project("{9A19103F-16F7-4668-BE54-9A1E7A4F7556}") = "QA.ProductCatalog.Integration", "QA.ProductCatalog.Integration\QA.ProductCatalog.Integration.csproj", "{54C5A130-E1F2-4971-A76A-C7991FC456AA}"
EndProject
Project("{9A19103F-16F7-4668-BE54-9A1E7A4F7556}") = "QA.Core.ProductCatalog.Actions", "QA.Core.ProductCatalog.Actions\QA.Core.ProductCatalog.Actions.csproj", "{8516B769-6B89-4E24-BEF7-3C4B1924A11A}"
EndProject
Project("{9A19103F-16F7-4668-BE54-9A1E7A4F7556}") = "QA.Core.ProductCatalog.Actions.Tests", "QA.Core.ProductCatalog.Actions.Tests\QA.Core.ProductCatalog.Actions.Tests.csproj", "{D321028F-16DD-480A-923E-8451140B3926}"
EndProject
Project("{9A19103F-16F7-4668-BE54-9A1E7A4F7556}") = "QA.Core.ProductCatalog.ActionsService", "QA.Core.ProductCatalog.ActionsService\QA.Core.ProductCatalog.ActionsService.csproj", "{0C29C41B-87D1-462F-9C33-C875C76D464D}"
EndProject
Project("{9A19103F-16F7-4668-BE54-9A1E7A4F7556}") = "QA.Core.ProductCatalog.ActionsRunner", "QA.Core.ProductCatalog.ActionsRunner\QA.Core.ProductCatalog.ActionsRunner.csproj", "{8AC337D0-15BE-4A60-9166-B7EEAE3D5B32}"
EndProject
Project("{9A19103F-16F7-4668-BE54-9A1E7A4F7556}") = "QA.Core.ProductCatalog.ActionsRunnerModel", "QA.Core.ProductCatalog.ActionsRunnerModel\QA.Core.ProductCatalog.ActionsRunnerModel.csproj", "{56E7FB60-0511-4BC7-9091-99C91D4CA5F7}"
EndProject
Project("{9A19103F-16F7-4668-BE54-9A1E7A4F7556}") = "QA.Core.ProductCatalog.TaskScheduler", "QA.Core.ProductCatalog.TaskScheduler\QA.Core.ProductCatalog.TaskScheduler.csproj", "{DC1022BC-9FB5-498F-AF48-BDE521AA5B4C}"
EndProject
Project("{9A19103F-16F7-4668-BE54-9A1E7A4F7556}") = "QA.Core.DPC.NotificationSender", "QA.Core.DPC.NotificationSender\QA.Core.DPC.NotificationSender.csproj", "{B946F700-B9DF-41EA-9203-484303757C97}"
EndProject
Project("{9A19103F-16F7-4668-BE54-9A1E7A4F7556}") = "QA.ProductCatalog.WebApi", "QA.ProductCatalog.WebApi\QA.ProductCatalog.WebApi.csproj", "{AD3609FC-0781-432A-912B-FDD3B1FB773C}"
EndProject
Project("{9A19103F-16F7-4668-BE54-9A1E7A4F7556}") = "QA.Core.DocumentGenerator", "QA.Core.DocumentGenerator\QA.Core.DocumentGenerator.csproj", "{7BF30688-370A-4290-89E4-EF9181D373E4}"
EndProject
Project("{9A19103F-16F7-4668-BE54-9A1E7A4F7556}") = "QA.Core.DocumentGenerator.Tests", "QA.Core.DocumentGenerator.Tests\QA.Core.DocumentGenerator.Tests.csproj", "{FD13BB50-4C6C-4B4C-A343-9B44C089BA98}"
EndProject
Project("{9A19103F-16F7-4668-BE54-9A1E7A4F7556}") = "QA.Core.DPC.Formatters", "QA.Core.DPC.Formatters\QA.Core.DPC.Formatters.csproj", "{749FE9E8-3678-497B-948F-F0B0135E2D97}"
EndProject
Project("{9A19103F-16F7-4668-BE54-9A1E7A4F7556}") = "QA.Core.DPC.API", "QA.Core.DPC.API\QA.Core.DPC.API.csproj", "{F14BB090-9951-49BA-BE2B-80027F155D65}"
EndProject
Project("{9A19103F-16F7-4668-BE54-9A1E7A4F7556}") = "QA.ProductCatalog.Front.Core.API", "QA.ProductCatalog.Front.Core.API\QA.ProductCatalog.Front.Core.API.csproj", "{B5EACF01-4B71-47B6-83F0-C6A27F18333D}"
EndProject
Project("{9A19103F-16F7-4668-BE54-9A1E7A4F7556}") = "QA.Core.DPC.Front", "QA.Core.DPC.Front\QA.Core.DPC.Front.csproj", "{71121A6B-3673-4CC1-A97A-610E9C33F33A}"
EndProject
Project("{9A19103F-16F7-4668-BE54-9A1E7A4F7556}") = "QA.ProductCatalog.Validation", "QA.ProductCatalog.Validation\QA.ProductCatalog.Validation.csproj", "{1B4547C9-EA65-4025-A940-A1516EA460D3}"
EndProject
Project("{9A19103F-16F7-4668-BE54-9A1E7A4F7556}") = "QA.Core.DPC.Notification", "QA.Core.DPC.Notification\QA.Core.DPC.Notification.csproj", "{D0E2CB2D-042A-4882-8E6D-BBB0966FB47B}"
EndProject
Project("{9A19103F-16F7-4668-BE54-9A1E7A4F7556}") = "QA.ProductCatalog.FileSyncWebHost", "QA.ProductCatalog.FileSyncWebHost\QA.ProductCatalog.FileSyncWebHost.csproj", "{EF2CA54C-748B-4E29-9EE2-15DE0DB5BFD6}"
EndProject
Project("{9A19103F-16F7-4668-BE54-9A1E7A4F7556}") = "QA.Core.DPC.Front.Tests", "QA.Core.DPC.Front.Tests\QA.Core.DPC.Front.Tests.csproj", "{B48876AB-8BC5-4D53-8D23-C725E2247A4D}"
EndProject
Project("{9A19103F-16F7-4668-BE54-9A1E7A4F7556}") = "QA.Core.DPC.Xaml", "QA.Core.DPC.Xaml\QA.Core.DPC.Xaml.csproj", "{8EE920A3-9A9F-49F4-91DE-153E283F753C}"
EndProject
Project("{2150E333-8FDC-42A3-9474-1A3956D46DE8}") = ".nuget", ".nuget", "{876EF345-432B-4D45-814F-97F0F608430B}"
	ProjectSection(SolutionItems) = preProject
		nuget.config = nuget.config
	EndProjectSection
EndProject
Project("{2150E333-8FDC-42A3-9474-1A3956D46DE8}") = "HighloadFront", "HighloadFront", "{064EB671-0575-4864-AEB9-84B6D08F029B}"
EndProject
Project("{9A19103F-16F7-4668-BE54-9A1E7A4F7556}") = "QA.ProductCatalog.HighloadFront", "QA.ProductCatalog.HighloadFront\QA.ProductCatalog.HighloadFront.csproj", "{08DE5738-45F8-47B9-B828-D657223EAE51}"
EndProject
Project("{9A19103F-16F7-4668-BE54-9A1E7A4F7556}") = "QA.ProductCatalog.HighloadFront.Elastic", "QA.ProductCatalog.HighloadFront.Elastic\QA.ProductCatalog.HighloadFront.Elastic.csproj", "{3B949EFD-3D99-4915-ADA1-AA74025156EA}"
EndProject
Project("{2150E333-8FDC-42A3-9474-1A3956D46DE8}") = "Actions", "Actions", "{6B8EF7FB-0D20-4D5B-B5C8-98648657CC0B}"
EndProject
Project("{2150E333-8FDC-42A3-9474-1A3956D46DE8}") = "RegionSync", "RegionSync", "{BD97F8FF-249D-4776-8C46-6346C8E29ADA}"
EndProject
Project("{2150E333-8FDC-42A3-9474-1A3956D46DE8}") = "ImpactService", "ImpactService", "{5F3FA71D-494E-445E-B5AB-823BBDD911FD}"
EndProject
Project("{9A19103F-16F7-4668-BE54-9A1E7A4F7556}") = "QA.ProductCatalog.ImpactService.Tests", "ImpactService\QA.ProductCatalog.ImpactService.Tests\QA.ProductCatalog.ImpactService.Tests.csproj", "{DEEDCDEE-A343-4B63-8905-3A549F505002}"
EndProject
Project("{9A19103F-16F7-4668-BE54-9A1E7A4F7556}") = "QA.ProductCatalog.ImpactService.API", "ImpactService\QA.ProductCatalog.ImpactService.API\QA.ProductCatalog.ImpactService.API.csproj", "{BDA5817B-BE73-4FC3-9B64-E85599BF7E51}"
EndProject
Project("{9A19103F-16F7-4668-BE54-9A1E7A4F7556}") = "QA.DPC.Core.Helpers", "QA.DPC.Core.Helpers\QA.DPC.Core.Helpers.csproj", "{E5F24ED1-7228-4E08-9B2B-C33F37955D75}"
EndProject
Project("{2150E333-8FDC-42A3-9474-1A3956D46DE8}") = "Notifications", "Notifications", "{4AF1C2D3-1B2A-40DA-A685-32F292738E01}"
EndProject
Project("{2150E333-8FDC-42A3-9474-1A3956D46DE8}") = "Front", "Front", "{1B0D546F-6CAC-4069-8B99-9CC4328C4B0E}"
EndProject
Project("{2150E333-8FDC-42A3-9474-1A3956D46DE8}") = "API", "API", "{3CFD0424-6D77-42E4-8E77-716107622B27}"
EndProject
Project("{2150E333-8FDC-42A3-9474-1A3956D46DE8}") = "Admin", "Admin", "{06D27517-93E4-45A2-9286-E5B3A7F91BF7}"
EndProject
Project("{9A19103F-16F7-4668-BE54-9A1E7A4F7556}") = "QA.ProductCatalog.HighloadFront.Core.API", "QA.ProductCatalog.HighloadFront.Core.API\QA.ProductCatalog.HighloadFront.Core.API.csproj", "{9F586920-D2E0-4335-9F19-C24C0B4862DC}"
EndProject
Project("{9A19103F-16F7-4668-BE54-9A1E7A4F7556}") = "QA.Core.DPC.QP", "QA.Core.DPC.QP\QA.Core.DPC.QP.csproj", "{D894F71E-C027-4B58-8930-1D44A65727CB}"
EndProject
Project("{9A19103F-16F7-4668-BE54-9A1E7A4F7556}") = "QA.Core.DPC.QP.Autopublish", "QA.Core.DPC.QP.Autopublish\QA.Core.DPC.QP.Autopublish.csproj", "{1BC33243-2C97-4C9C-B711-8697E8FD0882}"
EndProject
Project("{9A19103F-16F7-4668-BE54-9A1E7A4F7556}") = "QA.Core.DPC.QP.API", "QA.Core.DPC.QP.API\QA.Core.DPC.QP.API.csproj", "{E4B62953-CA39-4D73-9473-21C64101DE17}"
EndProject
Project("{9A19103F-16F7-4668-BE54-9A1E7A4F7556}") = "QA.Core.DPC.API.Tests", "QA.Core.DPC.API.Tests\QA.Core.DPC.API.Tests.csproj", "{03733F0D-60C5-41DB-BBA0-C60658CFF327}"
EndProject
Project("{9A19103F-16F7-4668-BE54-9A1E7A4F7556}") = "QA.ProductCatalog.ContentProviders", "QA.ProductCatalog.ContentProviders\QA.ProductCatalog.ContentProviders.csproj", "{705D32CF-038B-405F-8907-706A208C6C96}"
EndProject
Project("{9A19103F-16F7-4668-BE54-9A1E7A4F7556}") = "QA.Core.DPC.QP.Configuration", "QA.Core.DPC.QP.Configuration\QA.Core.DPC.QP.Configuration.csproj", "{081667D3-039A-4A55-80DD-679638D088AB}"
EndProject
Project("{9A19103F-16F7-4668-BE54-9A1E7A4F7556}") = "QA.Core.DPC.QP.API.Tests", "QA.Core.DPC.QP.API.Tests\QA.Core.DPC.QP.API.Tests.csproj", "{CA968B53-92BE-4CCA-9147-D59EAEC35BD9}"
EndProject
Project("{9A19103F-16F7-4668-BE54-9A1E7A4F7556}") = "QA.Core.DPC.Resources", "QA.Core.DPC.Resources\QA.Core.DPC.Resources.csproj", "{B378D3A8-EF46-408F-9869-FFBDE85B934B}"
EndProject
Project("{9A19103F-16F7-4668-BE54-9A1E7A4F7556}") = "QA.ProductCatalog.RegionSync.Core", "QA.ProductCatalog.RegionSync.Core\QA.ProductCatalog.RegionSync.Core.csproj", "{A92ADEFA-5229-4BE3-AEFC-925EA55A8848}"
EndProject
Project("{9A19103F-16F7-4668-BE54-9A1E7A4F7556}") = "QA.ProductCatalog.TmForum", "QA.ProductCatalog.TmForum\QA.ProductCatalog.TmForum.csproj", "{D353984A-C50B-4F91-80F2-73FA193FEE64}"
EndProject
Project("{9A19103F-16F7-4668-BE54-9A1E7A4F7556}") = "QA.ProductCatalog.Filters", "QA.ProductCatalog.Filters\QA.ProductCatalog.Filters.csproj", "{B2B6FF49-DD74-47E9-92EC-31F8339A6195}"
EndProject
Project("{9A19103F-16F7-4668-BE54-9A1E7A4F7556}") = "QA.Core.DPC.Kafka", "QA.Core.DPC.Kafka\QA.Core.DPC.Kafka.csproj", "{70C8EEAE-3FFA-4B32-B276-8DA91D91A7F3}"
EndProject
Project("{FAE04EC0-301F-11D3-BF4B-00C04F79EFBC}") = "QA.Core.DPC.Kafka.API", "QA.Core.DPC.Kafka.API\QA.Core.DPC.Kafka.API.csproj", "{65838F7C-BAEC-402F-8FC6-0A3E104D291D}"
EndProject
Global
	GlobalSection(SolutionConfigurationPlatforms) = preSolution
		Bee_test|Any CPU = Bee_test|Any CPU
		Debug|Any CPU = Debug|Any CPU
		Dev|Any CPU = Dev|Any CPU
		Megafon|Any CPU = Megafon|Any CPU
		MTS_Json|Any CPU = MTS_Json|Any CPU
		MTS_Prod|Any CPU = MTS_Prod|Any CPU
		MTS_Stage|Any CPU = MTS_Stage|Any CPU
		MTS|Any CPU = MTS|Any CPU
		Release|Any CPU = Release|Any CPU
		Tele2|Any CPU = Tele2|Any CPU
	EndGlobalSection
	GlobalSection(ProjectConfigurationPlatforms) = postSolution
		{5AF860A1-97A7-4C36-9496-21054975E226}.Bee_test|Any CPU.ActiveCfg = Release|Any CPU
		{5AF860A1-97A7-4C36-9496-21054975E226}.Bee_test|Any CPU.Build.0 = Release|Any CPU
		{5AF860A1-97A7-4C36-9496-21054975E226}.Debug|Any CPU.ActiveCfg = Debug|Any CPU
		{5AF860A1-97A7-4C36-9496-21054975E226}.Debug|Any CPU.Build.0 = Debug|Any CPU
		{5AF860A1-97A7-4C36-9496-21054975E226}.Dev|Any CPU.ActiveCfg = Debug|Any CPU
		{5AF860A1-97A7-4C36-9496-21054975E226}.Dev|Any CPU.Build.0 = Debug|Any CPU
		{5AF860A1-97A7-4C36-9496-21054975E226}.Megafon|Any CPU.ActiveCfg = Release|Any CPU
		{5AF860A1-97A7-4C36-9496-21054975E226}.Megafon|Any CPU.Build.0 = Release|Any CPU
		{5AF860A1-97A7-4C36-9496-21054975E226}.MTS_Json|Any CPU.ActiveCfg = Release|Any CPU
		{5AF860A1-97A7-4C36-9496-21054975E226}.MTS_Json|Any CPU.Build.0 = Release|Any CPU
		{5AF860A1-97A7-4C36-9496-21054975E226}.MTS_Prod|Any CPU.ActiveCfg = Release|Any CPU
		{5AF860A1-97A7-4C36-9496-21054975E226}.MTS_Prod|Any CPU.Build.0 = Release|Any CPU
		{5AF860A1-97A7-4C36-9496-21054975E226}.MTS_Stage|Any CPU.ActiveCfg = Release|Any CPU
		{5AF860A1-97A7-4C36-9496-21054975E226}.MTS_Stage|Any CPU.Build.0 = Release|Any CPU
		{5AF860A1-97A7-4C36-9496-21054975E226}.MTS|Any CPU.ActiveCfg = Release|Any CPU
		{5AF860A1-97A7-4C36-9496-21054975E226}.MTS|Any CPU.Build.0 = Release|Any CPU
		{5AF860A1-97A7-4C36-9496-21054975E226}.Release|Any CPU.ActiveCfg = Release|Any CPU
		{5AF860A1-97A7-4C36-9496-21054975E226}.Release|Any CPU.Build.0 = Release|Any CPU
		{5AF860A1-97A7-4C36-9496-21054975E226}.Tele2|Any CPU.ActiveCfg = Release|Any CPU
		{5AF860A1-97A7-4C36-9496-21054975E226}.Tele2|Any CPU.Build.0 = Release|Any CPU
		{4BAEAE00-DA81-49DC-8B75-475724D4C4C2}.Bee_test|Any CPU.ActiveCfg = Release|Any CPU
		{4BAEAE00-DA81-49DC-8B75-475724D4C4C2}.Bee_test|Any CPU.Build.0 = Release|Any CPU
		{4BAEAE00-DA81-49DC-8B75-475724D4C4C2}.Debug|Any CPU.ActiveCfg = Debug|Any CPU
		{4BAEAE00-DA81-49DC-8B75-475724D4C4C2}.Debug|Any CPU.Build.0 = Debug|Any CPU
		{4BAEAE00-DA81-49DC-8B75-475724D4C4C2}.Dev|Any CPU.ActiveCfg = Debug|Any CPU
		{4BAEAE00-DA81-49DC-8B75-475724D4C4C2}.Dev|Any CPU.Build.0 = Debug|Any CPU
		{4BAEAE00-DA81-49DC-8B75-475724D4C4C2}.Megafon|Any CPU.ActiveCfg = Release|Any CPU
		{4BAEAE00-DA81-49DC-8B75-475724D4C4C2}.Megafon|Any CPU.Build.0 = Release|Any CPU
		{4BAEAE00-DA81-49DC-8B75-475724D4C4C2}.MTS_Json|Any CPU.ActiveCfg = Release|Any CPU
		{4BAEAE00-DA81-49DC-8B75-475724D4C4C2}.MTS_Json|Any CPU.Build.0 = Release|Any CPU
		{4BAEAE00-DA81-49DC-8B75-475724D4C4C2}.MTS_Prod|Any CPU.ActiveCfg = Release|Any CPU
		{4BAEAE00-DA81-49DC-8B75-475724D4C4C2}.MTS_Prod|Any CPU.Build.0 = Release|Any CPU
		{4BAEAE00-DA81-49DC-8B75-475724D4C4C2}.MTS_Stage|Any CPU.ActiveCfg = Release|Any CPU
		{4BAEAE00-DA81-49DC-8B75-475724D4C4C2}.MTS_Stage|Any CPU.Build.0 = Release|Any CPU
		{4BAEAE00-DA81-49DC-8B75-475724D4C4C2}.MTS|Any CPU.ActiveCfg = Release|Any CPU
		{4BAEAE00-DA81-49DC-8B75-475724D4C4C2}.MTS|Any CPU.Build.0 = Release|Any CPU
		{4BAEAE00-DA81-49DC-8B75-475724D4C4C2}.Release|Any CPU.ActiveCfg = Release|Any CPU
		{4BAEAE00-DA81-49DC-8B75-475724D4C4C2}.Release|Any CPU.Build.0 = Release|Any CPU
		{4BAEAE00-DA81-49DC-8B75-475724D4C4C2}.Tele2|Any CPU.ActiveCfg = Release|Any CPU
		{4BAEAE00-DA81-49DC-8B75-475724D4C4C2}.Tele2|Any CPU.Build.0 = Release|Any CPU
		{722A9ABE-56A0-46ED-89C8-ABCA3AAC54E5}.Bee_test|Any CPU.ActiveCfg = Release|Any CPU
		{722A9ABE-56A0-46ED-89C8-ABCA3AAC54E5}.Bee_test|Any CPU.Build.0 = Release|Any CPU
		{722A9ABE-56A0-46ED-89C8-ABCA3AAC54E5}.Debug|Any CPU.ActiveCfg = Debug|Any CPU
		{722A9ABE-56A0-46ED-89C8-ABCA3AAC54E5}.Debug|Any CPU.Build.0 = Debug|Any CPU
		{722A9ABE-56A0-46ED-89C8-ABCA3AAC54E5}.Dev|Any CPU.ActiveCfg = Debug|Any CPU
		{722A9ABE-56A0-46ED-89C8-ABCA3AAC54E5}.Dev|Any CPU.Build.0 = Debug|Any CPU
		{722A9ABE-56A0-46ED-89C8-ABCA3AAC54E5}.Megafon|Any CPU.ActiveCfg = Release|Any CPU
		{722A9ABE-56A0-46ED-89C8-ABCA3AAC54E5}.Megafon|Any CPU.Build.0 = Release|Any CPU
		{722A9ABE-56A0-46ED-89C8-ABCA3AAC54E5}.MTS_Json|Any CPU.ActiveCfg = Release|Any CPU
		{722A9ABE-56A0-46ED-89C8-ABCA3AAC54E5}.MTS_Json|Any CPU.Build.0 = Release|Any CPU
		{722A9ABE-56A0-46ED-89C8-ABCA3AAC54E5}.MTS_Prod|Any CPU.ActiveCfg = Release|Any CPU
		{722A9ABE-56A0-46ED-89C8-ABCA3AAC54E5}.MTS_Prod|Any CPU.Build.0 = Release|Any CPU
		{722A9ABE-56A0-46ED-89C8-ABCA3AAC54E5}.MTS_Stage|Any CPU.ActiveCfg = Release|Any CPU
		{722A9ABE-56A0-46ED-89C8-ABCA3AAC54E5}.MTS_Stage|Any CPU.Build.0 = Release|Any CPU
		{722A9ABE-56A0-46ED-89C8-ABCA3AAC54E5}.MTS|Any CPU.ActiveCfg = Release|Any CPU
		{722A9ABE-56A0-46ED-89C8-ABCA3AAC54E5}.MTS|Any CPU.Build.0 = Release|Any CPU
		{722A9ABE-56A0-46ED-89C8-ABCA3AAC54E5}.Release|Any CPU.ActiveCfg = Release|Any CPU
		{722A9ABE-56A0-46ED-89C8-ABCA3AAC54E5}.Release|Any CPU.Build.0 = Release|Any CPU
		{722A9ABE-56A0-46ED-89C8-ABCA3AAC54E5}.Tele2|Any CPU.ActiveCfg = Release|Any CPU
		{722A9ABE-56A0-46ED-89C8-ABCA3AAC54E5}.Tele2|Any CPU.Build.0 = Release|Any CPU
		{30CE970F-DC61-40B7-9625-44A70E8BEAF8}.Bee_test|Any CPU.ActiveCfg = Release|Any CPU
		{30CE970F-DC61-40B7-9625-44A70E8BEAF8}.Bee_test|Any CPU.Build.0 = Release|Any CPU
		{30CE970F-DC61-40B7-9625-44A70E8BEAF8}.Debug|Any CPU.ActiveCfg = Debug|Any CPU
		{30CE970F-DC61-40B7-9625-44A70E8BEAF8}.Debug|Any CPU.Build.0 = Debug|Any CPU
		{30CE970F-DC61-40B7-9625-44A70E8BEAF8}.Dev|Any CPU.ActiveCfg = Debug|Any CPU
		{30CE970F-DC61-40B7-9625-44A70E8BEAF8}.Dev|Any CPU.Build.0 = Debug|Any CPU
		{30CE970F-DC61-40B7-9625-44A70E8BEAF8}.Megafon|Any CPU.ActiveCfg = Release|Any CPU
		{30CE970F-DC61-40B7-9625-44A70E8BEAF8}.Megafon|Any CPU.Build.0 = Release|Any CPU
		{30CE970F-DC61-40B7-9625-44A70E8BEAF8}.MTS_Json|Any CPU.ActiveCfg = Release|Any CPU
		{30CE970F-DC61-40B7-9625-44A70E8BEAF8}.MTS_Json|Any CPU.Build.0 = Release|Any CPU
		{30CE970F-DC61-40B7-9625-44A70E8BEAF8}.MTS_Prod|Any CPU.ActiveCfg = Release|Any CPU
		{30CE970F-DC61-40B7-9625-44A70E8BEAF8}.MTS_Prod|Any CPU.Build.0 = Release|Any CPU
		{30CE970F-DC61-40B7-9625-44A70E8BEAF8}.MTS_Stage|Any CPU.ActiveCfg = Release|Any CPU
		{30CE970F-DC61-40B7-9625-44A70E8BEAF8}.MTS_Stage|Any CPU.Build.0 = Release|Any CPU
		{30CE970F-DC61-40B7-9625-44A70E8BEAF8}.MTS|Any CPU.ActiveCfg = Release|Any CPU
		{30CE970F-DC61-40B7-9625-44A70E8BEAF8}.MTS|Any CPU.Build.0 = Release|Any CPU
		{30CE970F-DC61-40B7-9625-44A70E8BEAF8}.Release|Any CPU.ActiveCfg = Release|Any CPU
		{30CE970F-DC61-40B7-9625-44A70E8BEAF8}.Release|Any CPU.Build.0 = Release|Any CPU
		{30CE970F-DC61-40B7-9625-44A70E8BEAF8}.Tele2|Any CPU.ActiveCfg = Release|Any CPU
		{30CE970F-DC61-40B7-9625-44A70E8BEAF8}.Tele2|Any CPU.Build.0 = Release|Any CPU
		{B06F1098-5BA5-48D2-A81F-4BAADE9ADACC}.Bee_test|Any CPU.ActiveCfg = Release|Any CPU
		{B06F1098-5BA5-48D2-A81F-4BAADE9ADACC}.Bee_test|Any CPU.Build.0 = Release|Any CPU
		{B06F1098-5BA5-48D2-A81F-4BAADE9ADACC}.Debug|Any CPU.ActiveCfg = Debug|Any CPU
		{B06F1098-5BA5-48D2-A81F-4BAADE9ADACC}.Debug|Any CPU.Build.0 = Debug|Any CPU
		{B06F1098-5BA5-48D2-A81F-4BAADE9ADACC}.Dev|Any CPU.ActiveCfg = Debug|Any CPU
		{B06F1098-5BA5-48D2-A81F-4BAADE9ADACC}.Dev|Any CPU.Build.0 = Debug|Any CPU
		{B06F1098-5BA5-48D2-A81F-4BAADE9ADACC}.Megafon|Any CPU.ActiveCfg = Release|Any CPU
		{B06F1098-5BA5-48D2-A81F-4BAADE9ADACC}.Megafon|Any CPU.Build.0 = Release|Any CPU
		{B06F1098-5BA5-48D2-A81F-4BAADE9ADACC}.MTS_Json|Any CPU.ActiveCfg = Release|Any CPU
		{B06F1098-5BA5-48D2-A81F-4BAADE9ADACC}.MTS_Json|Any CPU.Build.0 = Release|Any CPU
		{B06F1098-5BA5-48D2-A81F-4BAADE9ADACC}.MTS_Prod|Any CPU.ActiveCfg = Release|Any CPU
		{B06F1098-5BA5-48D2-A81F-4BAADE9ADACC}.MTS_Prod|Any CPU.Build.0 = Release|Any CPU
		{B06F1098-5BA5-48D2-A81F-4BAADE9ADACC}.MTS_Stage|Any CPU.ActiveCfg = Release|Any CPU
		{B06F1098-5BA5-48D2-A81F-4BAADE9ADACC}.MTS_Stage|Any CPU.Build.0 = Release|Any CPU
		{B06F1098-5BA5-48D2-A81F-4BAADE9ADACC}.MTS|Any CPU.ActiveCfg = Release|Any CPU
		{B06F1098-5BA5-48D2-A81F-4BAADE9ADACC}.MTS|Any CPU.Build.0 = Release|Any CPU
		{B06F1098-5BA5-48D2-A81F-4BAADE9ADACC}.Release|Any CPU.ActiveCfg = Release|Any CPU
		{B06F1098-5BA5-48D2-A81F-4BAADE9ADACC}.Release|Any CPU.Build.0 = Release|Any CPU
		{B06F1098-5BA5-48D2-A81F-4BAADE9ADACC}.Tele2|Any CPU.ActiveCfg = Release|Any CPU
		{B06F1098-5BA5-48D2-A81F-4BAADE9ADACC}.Tele2|Any CPU.Build.0 = Release|Any CPU
		{7F8AC7E1-5857-4383-A542-BBC1E9CD7609}.Bee_test|Any CPU.ActiveCfg = Release|Any CPU
		{7F8AC7E1-5857-4383-A542-BBC1E9CD7609}.Bee_test|Any CPU.Build.0 = Release|Any CPU
		{7F8AC7E1-5857-4383-A542-BBC1E9CD7609}.Debug|Any CPU.ActiveCfg = Debug|Any CPU
		{7F8AC7E1-5857-4383-A542-BBC1E9CD7609}.Debug|Any CPU.Build.0 = Debug|Any CPU
		{7F8AC7E1-5857-4383-A542-BBC1E9CD7609}.Dev|Any CPU.ActiveCfg = Debug|Any CPU
		{7F8AC7E1-5857-4383-A542-BBC1E9CD7609}.Dev|Any CPU.Build.0 = Debug|Any CPU
		{7F8AC7E1-5857-4383-A542-BBC1E9CD7609}.Megafon|Any CPU.ActiveCfg = Release|Any CPU
		{7F8AC7E1-5857-4383-A542-BBC1E9CD7609}.Megafon|Any CPU.Build.0 = Release|Any CPU
		{7F8AC7E1-5857-4383-A542-BBC1E9CD7609}.MTS_Json|Any CPU.ActiveCfg = Release|Any CPU
		{7F8AC7E1-5857-4383-A542-BBC1E9CD7609}.MTS_Json|Any CPU.Build.0 = Release|Any CPU
		{7F8AC7E1-5857-4383-A542-BBC1E9CD7609}.MTS_Prod|Any CPU.ActiveCfg = Release|Any CPU
		{7F8AC7E1-5857-4383-A542-BBC1E9CD7609}.MTS_Prod|Any CPU.Build.0 = Release|Any CPU
		{7F8AC7E1-5857-4383-A542-BBC1E9CD7609}.MTS_Stage|Any CPU.ActiveCfg = Release|Any CPU
		{7F8AC7E1-5857-4383-A542-BBC1E9CD7609}.MTS_Stage|Any CPU.Build.0 = Release|Any CPU
		{7F8AC7E1-5857-4383-A542-BBC1E9CD7609}.MTS|Any CPU.ActiveCfg = Release|Any CPU
		{7F8AC7E1-5857-4383-A542-BBC1E9CD7609}.MTS|Any CPU.Build.0 = Release|Any CPU
		{7F8AC7E1-5857-4383-A542-BBC1E9CD7609}.Release|Any CPU.ActiveCfg = Release|Any CPU
		{7F8AC7E1-5857-4383-A542-BBC1E9CD7609}.Release|Any CPU.Build.0 = Release|Any CPU
		{7F8AC7E1-5857-4383-A542-BBC1E9CD7609}.Tele2|Any CPU.ActiveCfg = Release|Any CPU
		{7F8AC7E1-5857-4383-A542-BBC1E9CD7609}.Tele2|Any CPU.Build.0 = Release|Any CPU
		{08B8D510-2309-425F-B3E3-DD9DCDB3497F}.Bee_test|Any CPU.ActiveCfg = Release|Any CPU
		{08B8D510-2309-425F-B3E3-DD9DCDB3497F}.Bee_test|Any CPU.Build.0 = Release|Any CPU
		{08B8D510-2309-425F-B3E3-DD9DCDB3497F}.Debug|Any CPU.ActiveCfg = Debug|Any CPU
		{08B8D510-2309-425F-B3E3-DD9DCDB3497F}.Debug|Any CPU.Build.0 = Debug|Any CPU
		{08B8D510-2309-425F-B3E3-DD9DCDB3497F}.Dev|Any CPU.ActiveCfg = Debug|Any CPU
		{08B8D510-2309-425F-B3E3-DD9DCDB3497F}.Dev|Any CPU.Build.0 = Debug|Any CPU
		{08B8D510-2309-425F-B3E3-DD9DCDB3497F}.Megafon|Any CPU.ActiveCfg = Release|Any CPU
		{08B8D510-2309-425F-B3E3-DD9DCDB3497F}.Megafon|Any CPU.Build.0 = Release|Any CPU
		{08B8D510-2309-425F-B3E3-DD9DCDB3497F}.MTS_Json|Any CPU.ActiveCfg = Release|Any CPU
		{08B8D510-2309-425F-B3E3-DD9DCDB3497F}.MTS_Json|Any CPU.Build.0 = Release|Any CPU
		{08B8D510-2309-425F-B3E3-DD9DCDB3497F}.MTS_Prod|Any CPU.ActiveCfg = Release|Any CPU
		{08B8D510-2309-425F-B3E3-DD9DCDB3497F}.MTS_Prod|Any CPU.Build.0 = Release|Any CPU
		{08B8D510-2309-425F-B3E3-DD9DCDB3497F}.MTS_Stage|Any CPU.ActiveCfg = Release|Any CPU
		{08B8D510-2309-425F-B3E3-DD9DCDB3497F}.MTS_Stage|Any CPU.Build.0 = Release|Any CPU
		{08B8D510-2309-425F-B3E3-DD9DCDB3497F}.MTS|Any CPU.ActiveCfg = Release|Any CPU
		{08B8D510-2309-425F-B3E3-DD9DCDB3497F}.MTS|Any CPU.Build.0 = Release|Any CPU
		{08B8D510-2309-425F-B3E3-DD9DCDB3497F}.Release|Any CPU.ActiveCfg = Release|Any CPU
		{08B8D510-2309-425F-B3E3-DD9DCDB3497F}.Release|Any CPU.Build.0 = Release|Any CPU
		{08B8D510-2309-425F-B3E3-DD9DCDB3497F}.Tele2|Any CPU.ActiveCfg = Release|Any CPU
		{08B8D510-2309-425F-B3E3-DD9DCDB3497F}.Tele2|Any CPU.Build.0 = Release|Any CPU
		{54C5A130-E1F2-4971-A76A-C7991FC456AA}.Bee_test|Any CPU.ActiveCfg = Release|Any CPU
		{54C5A130-E1F2-4971-A76A-C7991FC456AA}.Bee_test|Any CPU.Build.0 = Release|Any CPU
		{54C5A130-E1F2-4971-A76A-C7991FC456AA}.Debug|Any CPU.ActiveCfg = Debug|Any CPU
		{54C5A130-E1F2-4971-A76A-C7991FC456AA}.Debug|Any CPU.Build.0 = Debug|Any CPU
		{54C5A130-E1F2-4971-A76A-C7991FC456AA}.Dev|Any CPU.ActiveCfg = Debug|Any CPU
		{54C5A130-E1F2-4971-A76A-C7991FC456AA}.Dev|Any CPU.Build.0 = Debug|Any CPU
		{54C5A130-E1F2-4971-A76A-C7991FC456AA}.Megafon|Any CPU.ActiveCfg = Release|Any CPU
		{54C5A130-E1F2-4971-A76A-C7991FC456AA}.Megafon|Any CPU.Build.0 = Release|Any CPU
		{54C5A130-E1F2-4971-A76A-C7991FC456AA}.MTS_Json|Any CPU.ActiveCfg = Release|Any CPU
		{54C5A130-E1F2-4971-A76A-C7991FC456AA}.MTS_Json|Any CPU.Build.0 = Release|Any CPU
		{54C5A130-E1F2-4971-A76A-C7991FC456AA}.MTS_Prod|Any CPU.ActiveCfg = Release|Any CPU
		{54C5A130-E1F2-4971-A76A-C7991FC456AA}.MTS_Prod|Any CPU.Build.0 = Release|Any CPU
		{54C5A130-E1F2-4971-A76A-C7991FC456AA}.MTS_Stage|Any CPU.ActiveCfg = Release|Any CPU
		{54C5A130-E1F2-4971-A76A-C7991FC456AA}.MTS_Stage|Any CPU.Build.0 = Release|Any CPU
		{54C5A130-E1F2-4971-A76A-C7991FC456AA}.MTS|Any CPU.ActiveCfg = Release|Any CPU
		{54C5A130-E1F2-4971-A76A-C7991FC456AA}.MTS|Any CPU.Build.0 = Release|Any CPU
		{54C5A130-E1F2-4971-A76A-C7991FC456AA}.Release|Any CPU.ActiveCfg = Release|Any CPU
		{54C5A130-E1F2-4971-A76A-C7991FC456AA}.Release|Any CPU.Build.0 = Release|Any CPU
		{54C5A130-E1F2-4971-A76A-C7991FC456AA}.Tele2|Any CPU.ActiveCfg = Release|Any CPU
		{54C5A130-E1F2-4971-A76A-C7991FC456AA}.Tele2|Any CPU.Build.0 = Release|Any CPU
		{8516B769-6B89-4E24-BEF7-3C4B1924A11A}.Bee_test|Any CPU.ActiveCfg = Release|Any CPU
		{8516B769-6B89-4E24-BEF7-3C4B1924A11A}.Bee_test|Any CPU.Build.0 = Release|Any CPU
		{8516B769-6B89-4E24-BEF7-3C4B1924A11A}.Debug|Any CPU.ActiveCfg = Debug|Any CPU
		{8516B769-6B89-4E24-BEF7-3C4B1924A11A}.Debug|Any CPU.Build.0 = Debug|Any CPU
		{8516B769-6B89-4E24-BEF7-3C4B1924A11A}.Dev|Any CPU.ActiveCfg = Debug|Any CPU
		{8516B769-6B89-4E24-BEF7-3C4B1924A11A}.Dev|Any CPU.Build.0 = Debug|Any CPU
		{8516B769-6B89-4E24-BEF7-3C4B1924A11A}.Megafon|Any CPU.ActiveCfg = Release|Any CPU
		{8516B769-6B89-4E24-BEF7-3C4B1924A11A}.Megafon|Any CPU.Build.0 = Release|Any CPU
		{8516B769-6B89-4E24-BEF7-3C4B1924A11A}.MTS_Json|Any CPU.ActiveCfg = Release|Any CPU
		{8516B769-6B89-4E24-BEF7-3C4B1924A11A}.MTS_Json|Any CPU.Build.0 = Release|Any CPU
		{8516B769-6B89-4E24-BEF7-3C4B1924A11A}.MTS_Prod|Any CPU.ActiveCfg = Release|Any CPU
		{8516B769-6B89-4E24-BEF7-3C4B1924A11A}.MTS_Prod|Any CPU.Build.0 = Release|Any CPU
		{8516B769-6B89-4E24-BEF7-3C4B1924A11A}.MTS_Stage|Any CPU.ActiveCfg = Release|Any CPU
		{8516B769-6B89-4E24-BEF7-3C4B1924A11A}.MTS_Stage|Any CPU.Build.0 = Release|Any CPU
		{8516B769-6B89-4E24-BEF7-3C4B1924A11A}.MTS|Any CPU.ActiveCfg = Release|Any CPU
		{8516B769-6B89-4E24-BEF7-3C4B1924A11A}.MTS|Any CPU.Build.0 = Release|Any CPU
		{8516B769-6B89-4E24-BEF7-3C4B1924A11A}.Release|Any CPU.ActiveCfg = Release|Any CPU
		{8516B769-6B89-4E24-BEF7-3C4B1924A11A}.Release|Any CPU.Build.0 = Release|Any CPU
		{8516B769-6B89-4E24-BEF7-3C4B1924A11A}.Tele2|Any CPU.ActiveCfg = Release|Any CPU
		{8516B769-6B89-4E24-BEF7-3C4B1924A11A}.Tele2|Any CPU.Build.0 = Release|Any CPU
		{D321028F-16DD-480A-923E-8451140B3926}.Bee_test|Any CPU.ActiveCfg = Release|Any CPU
		{D321028F-16DD-480A-923E-8451140B3926}.Bee_test|Any CPU.Build.0 = Release|Any CPU
		{D321028F-16DD-480A-923E-8451140B3926}.Debug|Any CPU.ActiveCfg = Debug|Any CPU
		{D321028F-16DD-480A-923E-8451140B3926}.Debug|Any CPU.Build.0 = Debug|Any CPU
		{D321028F-16DD-480A-923E-8451140B3926}.Dev|Any CPU.ActiveCfg = Debug|Any CPU
		{D321028F-16DD-480A-923E-8451140B3926}.Dev|Any CPU.Build.0 = Debug|Any CPU
		{D321028F-16DD-480A-923E-8451140B3926}.Megafon|Any CPU.ActiveCfg = Release|Any CPU
		{D321028F-16DD-480A-923E-8451140B3926}.Megafon|Any CPU.Build.0 = Release|Any CPU
		{D321028F-16DD-480A-923E-8451140B3926}.MTS_Json|Any CPU.ActiveCfg = Release|Any CPU
		{D321028F-16DD-480A-923E-8451140B3926}.MTS_Json|Any CPU.Build.0 = Release|Any CPU
		{D321028F-16DD-480A-923E-8451140B3926}.MTS_Prod|Any CPU.ActiveCfg = Release|Any CPU
		{D321028F-16DD-480A-923E-8451140B3926}.MTS_Prod|Any CPU.Build.0 = Release|Any CPU
		{D321028F-16DD-480A-923E-8451140B3926}.MTS_Stage|Any CPU.ActiveCfg = Release|Any CPU
		{D321028F-16DD-480A-923E-8451140B3926}.MTS_Stage|Any CPU.Build.0 = Release|Any CPU
		{D321028F-16DD-480A-923E-8451140B3926}.MTS|Any CPU.ActiveCfg = Release|Any CPU
		{D321028F-16DD-480A-923E-8451140B3926}.MTS|Any CPU.Build.0 = Release|Any CPU
		{D321028F-16DD-480A-923E-8451140B3926}.Release|Any CPU.ActiveCfg = Release|Any CPU
		{D321028F-16DD-480A-923E-8451140B3926}.Release|Any CPU.Build.0 = Release|Any CPU
		{D321028F-16DD-480A-923E-8451140B3926}.Tele2|Any CPU.ActiveCfg = Release|Any CPU
		{D321028F-16DD-480A-923E-8451140B3926}.Tele2|Any CPU.Build.0 = Release|Any CPU
		{0C29C41B-87D1-462F-9C33-C875C76D464D}.Bee_test|Any CPU.ActiveCfg = Release|Any CPU
		{0C29C41B-87D1-462F-9C33-C875C76D464D}.Bee_test|Any CPU.Build.0 = Release|Any CPU
		{0C29C41B-87D1-462F-9C33-C875C76D464D}.Debug|Any CPU.ActiveCfg = Debug|Any CPU
		{0C29C41B-87D1-462F-9C33-C875C76D464D}.Debug|Any CPU.Build.0 = Debug|Any CPU
		{0C29C41B-87D1-462F-9C33-C875C76D464D}.Dev|Any CPU.ActiveCfg = Debug|Any CPU
		{0C29C41B-87D1-462F-9C33-C875C76D464D}.Dev|Any CPU.Build.0 = Debug|Any CPU
		{0C29C41B-87D1-462F-9C33-C875C76D464D}.Megafon|Any CPU.ActiveCfg = Release|Any CPU
		{0C29C41B-87D1-462F-9C33-C875C76D464D}.Megafon|Any CPU.Build.0 = Release|Any CPU
		{0C29C41B-87D1-462F-9C33-C875C76D464D}.MTS_Json|Any CPU.ActiveCfg = Release|Any CPU
		{0C29C41B-87D1-462F-9C33-C875C76D464D}.MTS_Json|Any CPU.Build.0 = Release|Any CPU
		{0C29C41B-87D1-462F-9C33-C875C76D464D}.MTS_Prod|Any CPU.ActiveCfg = Release|Any CPU
		{0C29C41B-87D1-462F-9C33-C875C76D464D}.MTS_Prod|Any CPU.Build.0 = Release|Any CPU
		{0C29C41B-87D1-462F-9C33-C875C76D464D}.MTS_Stage|Any CPU.ActiveCfg = Release|Any CPU
		{0C29C41B-87D1-462F-9C33-C875C76D464D}.MTS_Stage|Any CPU.Build.0 = Release|Any CPU
		{0C29C41B-87D1-462F-9C33-C875C76D464D}.MTS|Any CPU.ActiveCfg = Release|Any CPU
		{0C29C41B-87D1-462F-9C33-C875C76D464D}.MTS|Any CPU.Build.0 = Release|Any CPU
		{0C29C41B-87D1-462F-9C33-C875C76D464D}.Release|Any CPU.ActiveCfg = Release|Any CPU
		{0C29C41B-87D1-462F-9C33-C875C76D464D}.Release|Any CPU.Build.0 = Release|Any CPU
		{0C29C41B-87D1-462F-9C33-C875C76D464D}.Tele2|Any CPU.ActiveCfg = Release|Any CPU
		{0C29C41B-87D1-462F-9C33-C875C76D464D}.Tele2|Any CPU.Build.0 = Release|Any CPU
		{8AC337D0-15BE-4A60-9166-B7EEAE3D5B32}.Bee_test|Any CPU.ActiveCfg = Release|Any CPU
		{8AC337D0-15BE-4A60-9166-B7EEAE3D5B32}.Bee_test|Any CPU.Build.0 = Release|Any CPU
		{8AC337D0-15BE-4A60-9166-B7EEAE3D5B32}.Debug|Any CPU.ActiveCfg = Debug|Any CPU
		{8AC337D0-15BE-4A60-9166-B7EEAE3D5B32}.Debug|Any CPU.Build.0 = Debug|Any CPU
		{8AC337D0-15BE-4A60-9166-B7EEAE3D5B32}.Dev|Any CPU.ActiveCfg = Debug|Any CPU
		{8AC337D0-15BE-4A60-9166-B7EEAE3D5B32}.Dev|Any CPU.Build.0 = Debug|Any CPU
		{8AC337D0-15BE-4A60-9166-B7EEAE3D5B32}.Megafon|Any CPU.ActiveCfg = Release|Any CPU
		{8AC337D0-15BE-4A60-9166-B7EEAE3D5B32}.Megafon|Any CPU.Build.0 = Release|Any CPU
		{8AC337D0-15BE-4A60-9166-B7EEAE3D5B32}.MTS_Json|Any CPU.ActiveCfg = Release|Any CPU
		{8AC337D0-15BE-4A60-9166-B7EEAE3D5B32}.MTS_Json|Any CPU.Build.0 = Release|Any CPU
		{8AC337D0-15BE-4A60-9166-B7EEAE3D5B32}.MTS_Prod|Any CPU.ActiveCfg = Release|Any CPU
		{8AC337D0-15BE-4A60-9166-B7EEAE3D5B32}.MTS_Prod|Any CPU.Build.0 = Release|Any CPU
		{8AC337D0-15BE-4A60-9166-B7EEAE3D5B32}.MTS_Stage|Any CPU.ActiveCfg = Release|Any CPU
		{8AC337D0-15BE-4A60-9166-B7EEAE3D5B32}.MTS_Stage|Any CPU.Build.0 = Release|Any CPU
		{8AC337D0-15BE-4A60-9166-B7EEAE3D5B32}.MTS|Any CPU.ActiveCfg = Release|Any CPU
		{8AC337D0-15BE-4A60-9166-B7EEAE3D5B32}.MTS|Any CPU.Build.0 = Release|Any CPU
		{8AC337D0-15BE-4A60-9166-B7EEAE3D5B32}.Release|Any CPU.ActiveCfg = Release|Any CPU
		{8AC337D0-15BE-4A60-9166-B7EEAE3D5B32}.Release|Any CPU.Build.0 = Release|Any CPU
		{8AC337D0-15BE-4A60-9166-B7EEAE3D5B32}.Tele2|Any CPU.ActiveCfg = Release|Any CPU
		{8AC337D0-15BE-4A60-9166-B7EEAE3D5B32}.Tele2|Any CPU.Build.0 = Release|Any CPU
		{56E7FB60-0511-4BC7-9091-99C91D4CA5F7}.Bee_test|Any CPU.ActiveCfg = Release|Any CPU
		{56E7FB60-0511-4BC7-9091-99C91D4CA5F7}.Bee_test|Any CPU.Build.0 = Release|Any CPU
		{56E7FB60-0511-4BC7-9091-99C91D4CA5F7}.Debug|Any CPU.ActiveCfg = Debug|Any CPU
		{56E7FB60-0511-4BC7-9091-99C91D4CA5F7}.Debug|Any CPU.Build.0 = Debug|Any CPU
		{56E7FB60-0511-4BC7-9091-99C91D4CA5F7}.Dev|Any CPU.ActiveCfg = Debug|Any CPU
		{56E7FB60-0511-4BC7-9091-99C91D4CA5F7}.Dev|Any CPU.Build.0 = Debug|Any CPU
		{56E7FB60-0511-4BC7-9091-99C91D4CA5F7}.Megafon|Any CPU.ActiveCfg = Release|Any CPU
		{56E7FB60-0511-4BC7-9091-99C91D4CA5F7}.Megafon|Any CPU.Build.0 = Release|Any CPU
		{56E7FB60-0511-4BC7-9091-99C91D4CA5F7}.MTS_Json|Any CPU.ActiveCfg = Release|Any CPU
		{56E7FB60-0511-4BC7-9091-99C91D4CA5F7}.MTS_Json|Any CPU.Build.0 = Release|Any CPU
		{56E7FB60-0511-4BC7-9091-99C91D4CA5F7}.MTS_Prod|Any CPU.ActiveCfg = Release|Any CPU
		{56E7FB60-0511-4BC7-9091-99C91D4CA5F7}.MTS_Prod|Any CPU.Build.0 = Release|Any CPU
		{56E7FB60-0511-4BC7-9091-99C91D4CA5F7}.MTS_Stage|Any CPU.ActiveCfg = Release|Any CPU
		{56E7FB60-0511-4BC7-9091-99C91D4CA5F7}.MTS_Stage|Any CPU.Build.0 = Release|Any CPU
		{56E7FB60-0511-4BC7-9091-99C91D4CA5F7}.MTS|Any CPU.ActiveCfg = Release|Any CPU
		{56E7FB60-0511-4BC7-9091-99C91D4CA5F7}.MTS|Any CPU.Build.0 = Release|Any CPU
		{56E7FB60-0511-4BC7-9091-99C91D4CA5F7}.Release|Any CPU.ActiveCfg = Release|Any CPU
		{56E7FB60-0511-4BC7-9091-99C91D4CA5F7}.Release|Any CPU.Build.0 = Release|Any CPU
		{56E7FB60-0511-4BC7-9091-99C91D4CA5F7}.Tele2|Any CPU.ActiveCfg = Release|Any CPU
		{56E7FB60-0511-4BC7-9091-99C91D4CA5F7}.Tele2|Any CPU.Build.0 = Release|Any CPU
		{DC1022BC-9FB5-498F-AF48-BDE521AA5B4C}.Bee_test|Any CPU.ActiveCfg = Release|Any CPU
		{DC1022BC-9FB5-498F-AF48-BDE521AA5B4C}.Bee_test|Any CPU.Build.0 = Release|Any CPU
		{DC1022BC-9FB5-498F-AF48-BDE521AA5B4C}.Debug|Any CPU.ActiveCfg = Debug|Any CPU
		{DC1022BC-9FB5-498F-AF48-BDE521AA5B4C}.Debug|Any CPU.Build.0 = Debug|Any CPU
		{DC1022BC-9FB5-498F-AF48-BDE521AA5B4C}.Dev|Any CPU.ActiveCfg = Debug|Any CPU
		{DC1022BC-9FB5-498F-AF48-BDE521AA5B4C}.Dev|Any CPU.Build.0 = Debug|Any CPU
		{DC1022BC-9FB5-498F-AF48-BDE521AA5B4C}.Megafon|Any CPU.ActiveCfg = Release|Any CPU
		{DC1022BC-9FB5-498F-AF48-BDE521AA5B4C}.Megafon|Any CPU.Build.0 = Release|Any CPU
		{DC1022BC-9FB5-498F-AF48-BDE521AA5B4C}.MTS_Json|Any CPU.ActiveCfg = Release|Any CPU
		{DC1022BC-9FB5-498F-AF48-BDE521AA5B4C}.MTS_Json|Any CPU.Build.0 = Release|Any CPU
		{DC1022BC-9FB5-498F-AF48-BDE521AA5B4C}.MTS_Prod|Any CPU.ActiveCfg = Release|Any CPU
		{DC1022BC-9FB5-498F-AF48-BDE521AA5B4C}.MTS_Prod|Any CPU.Build.0 = Release|Any CPU
		{DC1022BC-9FB5-498F-AF48-BDE521AA5B4C}.MTS_Stage|Any CPU.ActiveCfg = Release|Any CPU
		{DC1022BC-9FB5-498F-AF48-BDE521AA5B4C}.MTS_Stage|Any CPU.Build.0 = Release|Any CPU
		{DC1022BC-9FB5-498F-AF48-BDE521AA5B4C}.MTS|Any CPU.ActiveCfg = Release|Any CPU
		{DC1022BC-9FB5-498F-AF48-BDE521AA5B4C}.MTS|Any CPU.Build.0 = Release|Any CPU
		{DC1022BC-9FB5-498F-AF48-BDE521AA5B4C}.Release|Any CPU.ActiveCfg = Release|Any CPU
		{DC1022BC-9FB5-498F-AF48-BDE521AA5B4C}.Release|Any CPU.Build.0 = Release|Any CPU
		{DC1022BC-9FB5-498F-AF48-BDE521AA5B4C}.Tele2|Any CPU.ActiveCfg = Release|Any CPU
		{DC1022BC-9FB5-498F-AF48-BDE521AA5B4C}.Tele2|Any CPU.Build.0 = Release|Any CPU
		{B946F700-B9DF-41EA-9203-484303757C97}.Bee_test|Any CPU.ActiveCfg = Release|Any CPU
		{B946F700-B9DF-41EA-9203-484303757C97}.Bee_test|Any CPU.Build.0 = Release|Any CPU
		{B946F700-B9DF-41EA-9203-484303757C97}.Debug|Any CPU.ActiveCfg = Debug|Any CPU
		{B946F700-B9DF-41EA-9203-484303757C97}.Debug|Any CPU.Build.0 = Debug|Any CPU
		{B946F700-B9DF-41EA-9203-484303757C97}.Dev|Any CPU.ActiveCfg = Debug|Any CPU
		{B946F700-B9DF-41EA-9203-484303757C97}.Dev|Any CPU.Build.0 = Debug|Any CPU
		{B946F700-B9DF-41EA-9203-484303757C97}.Megafon|Any CPU.ActiveCfg = Release|Any CPU
		{B946F700-B9DF-41EA-9203-484303757C97}.Megafon|Any CPU.Build.0 = Release|Any CPU
		{B946F700-B9DF-41EA-9203-484303757C97}.MTS_Json|Any CPU.ActiveCfg = Release|Any CPU
		{B946F700-B9DF-41EA-9203-484303757C97}.MTS_Json|Any CPU.Build.0 = Release|Any CPU
		{B946F700-B9DF-41EA-9203-484303757C97}.MTS_Prod|Any CPU.ActiveCfg = Release|Any CPU
		{B946F700-B9DF-41EA-9203-484303757C97}.MTS_Prod|Any CPU.Build.0 = Release|Any CPU
		{B946F700-B9DF-41EA-9203-484303757C97}.MTS_Stage|Any CPU.ActiveCfg = Release|Any CPU
		{B946F700-B9DF-41EA-9203-484303757C97}.MTS_Stage|Any CPU.Build.0 = Release|Any CPU
		{B946F700-B9DF-41EA-9203-484303757C97}.MTS|Any CPU.ActiveCfg = Release|Any CPU
		{B946F700-B9DF-41EA-9203-484303757C97}.MTS|Any CPU.Build.0 = Release|Any CPU
		{B946F700-B9DF-41EA-9203-484303757C97}.Release|Any CPU.ActiveCfg = Release|Any CPU
		{B946F700-B9DF-41EA-9203-484303757C97}.Release|Any CPU.Build.0 = Release|Any CPU
		{B946F700-B9DF-41EA-9203-484303757C97}.Tele2|Any CPU.ActiveCfg = Release|Any CPU
		{B946F700-B9DF-41EA-9203-484303757C97}.Tele2|Any CPU.Build.0 = Release|Any CPU
		{AD3609FC-0781-432A-912B-FDD3B1FB773C}.Bee_test|Any CPU.ActiveCfg = Release|Any CPU
		{AD3609FC-0781-432A-912B-FDD3B1FB773C}.Bee_test|Any CPU.Build.0 = Release|Any CPU
		{AD3609FC-0781-432A-912B-FDD3B1FB773C}.Debug|Any CPU.ActiveCfg = Debug|Any CPU
		{AD3609FC-0781-432A-912B-FDD3B1FB773C}.Debug|Any CPU.Build.0 = Debug|Any CPU
		{AD3609FC-0781-432A-912B-FDD3B1FB773C}.Dev|Any CPU.ActiveCfg = Debug|Any CPU
		{AD3609FC-0781-432A-912B-FDD3B1FB773C}.Dev|Any CPU.Build.0 = Debug|Any CPU
		{AD3609FC-0781-432A-912B-FDD3B1FB773C}.Megafon|Any CPU.ActiveCfg = Release|Any CPU
		{AD3609FC-0781-432A-912B-FDD3B1FB773C}.Megafon|Any CPU.Build.0 = Release|Any CPU
		{AD3609FC-0781-432A-912B-FDD3B1FB773C}.MTS_Json|Any CPU.ActiveCfg = Release|Any CPU
		{AD3609FC-0781-432A-912B-FDD3B1FB773C}.MTS_Json|Any CPU.Build.0 = Release|Any CPU
		{AD3609FC-0781-432A-912B-FDD3B1FB773C}.MTS_Prod|Any CPU.ActiveCfg = Release|Any CPU
		{AD3609FC-0781-432A-912B-FDD3B1FB773C}.MTS_Prod|Any CPU.Build.0 = Release|Any CPU
		{AD3609FC-0781-432A-912B-FDD3B1FB773C}.MTS_Stage|Any CPU.ActiveCfg = Release|Any CPU
		{AD3609FC-0781-432A-912B-FDD3B1FB773C}.MTS_Stage|Any CPU.Build.0 = Release|Any CPU
		{AD3609FC-0781-432A-912B-FDD3B1FB773C}.MTS|Any CPU.ActiveCfg = Release|Any CPU
		{AD3609FC-0781-432A-912B-FDD3B1FB773C}.MTS|Any CPU.Build.0 = Release|Any CPU
		{AD3609FC-0781-432A-912B-FDD3B1FB773C}.Release|Any CPU.ActiveCfg = Release|Any CPU
		{AD3609FC-0781-432A-912B-FDD3B1FB773C}.Release|Any CPU.Build.0 = Release|Any CPU
		{AD3609FC-0781-432A-912B-FDD3B1FB773C}.Tele2|Any CPU.ActiveCfg = Release|Any CPU
		{AD3609FC-0781-432A-912B-FDD3B1FB773C}.Tele2|Any CPU.Build.0 = Release|Any CPU
		{7BF30688-370A-4290-89E4-EF9181D373E4}.Bee_test|Any CPU.ActiveCfg = Release|Any CPU
		{7BF30688-370A-4290-89E4-EF9181D373E4}.Bee_test|Any CPU.Build.0 = Release|Any CPU
		{7BF30688-370A-4290-89E4-EF9181D373E4}.Debug|Any CPU.ActiveCfg = Debug|Any CPU
		{7BF30688-370A-4290-89E4-EF9181D373E4}.Debug|Any CPU.Build.0 = Debug|Any CPU
		{7BF30688-370A-4290-89E4-EF9181D373E4}.Dev|Any CPU.ActiveCfg = Debug|Any CPU
		{7BF30688-370A-4290-89E4-EF9181D373E4}.Dev|Any CPU.Build.0 = Debug|Any CPU
		{7BF30688-370A-4290-89E4-EF9181D373E4}.Megafon|Any CPU.ActiveCfg = Release|Any CPU
		{7BF30688-370A-4290-89E4-EF9181D373E4}.Megafon|Any CPU.Build.0 = Release|Any CPU
		{7BF30688-370A-4290-89E4-EF9181D373E4}.MTS_Json|Any CPU.ActiveCfg = Release|Any CPU
		{7BF30688-370A-4290-89E4-EF9181D373E4}.MTS_Json|Any CPU.Build.0 = Release|Any CPU
		{7BF30688-370A-4290-89E4-EF9181D373E4}.MTS_Prod|Any CPU.ActiveCfg = Release|Any CPU
		{7BF30688-370A-4290-89E4-EF9181D373E4}.MTS_Prod|Any CPU.Build.0 = Release|Any CPU
		{7BF30688-370A-4290-89E4-EF9181D373E4}.MTS_Stage|Any CPU.ActiveCfg = Release|Any CPU
		{7BF30688-370A-4290-89E4-EF9181D373E4}.MTS_Stage|Any CPU.Build.0 = Release|Any CPU
		{7BF30688-370A-4290-89E4-EF9181D373E4}.MTS|Any CPU.ActiveCfg = Release|Any CPU
		{7BF30688-370A-4290-89E4-EF9181D373E4}.MTS|Any CPU.Build.0 = Release|Any CPU
		{7BF30688-370A-4290-89E4-EF9181D373E4}.Release|Any CPU.ActiveCfg = Release|Any CPU
		{7BF30688-370A-4290-89E4-EF9181D373E4}.Release|Any CPU.Build.0 = Release|Any CPU
		{7BF30688-370A-4290-89E4-EF9181D373E4}.Tele2|Any CPU.ActiveCfg = Release|Any CPU
		{7BF30688-370A-4290-89E4-EF9181D373E4}.Tele2|Any CPU.Build.0 = Release|Any CPU
		{FD13BB50-4C6C-4B4C-A343-9B44C089BA98}.Bee_test|Any CPU.ActiveCfg = Release|Any CPU
		{FD13BB50-4C6C-4B4C-A343-9B44C089BA98}.Bee_test|Any CPU.Build.0 = Release|Any CPU
		{FD13BB50-4C6C-4B4C-A343-9B44C089BA98}.Debug|Any CPU.ActiveCfg = Debug|Any CPU
		{FD13BB50-4C6C-4B4C-A343-9B44C089BA98}.Debug|Any CPU.Build.0 = Debug|Any CPU
		{FD13BB50-4C6C-4B4C-A343-9B44C089BA98}.Dev|Any CPU.ActiveCfg = Debug|Any CPU
		{FD13BB50-4C6C-4B4C-A343-9B44C089BA98}.Dev|Any CPU.Build.0 = Debug|Any CPU
		{FD13BB50-4C6C-4B4C-A343-9B44C089BA98}.Megafon|Any CPU.ActiveCfg = Release|Any CPU
		{FD13BB50-4C6C-4B4C-A343-9B44C089BA98}.Megafon|Any CPU.Build.0 = Release|Any CPU
		{FD13BB50-4C6C-4B4C-A343-9B44C089BA98}.MTS_Json|Any CPU.ActiveCfg = Release|Any CPU
		{FD13BB50-4C6C-4B4C-A343-9B44C089BA98}.MTS_Json|Any CPU.Build.0 = Release|Any CPU
		{FD13BB50-4C6C-4B4C-A343-9B44C089BA98}.MTS_Prod|Any CPU.ActiveCfg = Release|Any CPU
		{FD13BB50-4C6C-4B4C-A343-9B44C089BA98}.MTS_Prod|Any CPU.Build.0 = Release|Any CPU
		{FD13BB50-4C6C-4B4C-A343-9B44C089BA98}.MTS_Stage|Any CPU.ActiveCfg = Release|Any CPU
		{FD13BB50-4C6C-4B4C-A343-9B44C089BA98}.MTS_Stage|Any CPU.Build.0 = Release|Any CPU
		{FD13BB50-4C6C-4B4C-A343-9B44C089BA98}.MTS|Any CPU.ActiveCfg = Release|Any CPU
		{FD13BB50-4C6C-4B4C-A343-9B44C089BA98}.MTS|Any CPU.Build.0 = Release|Any CPU
		{FD13BB50-4C6C-4B4C-A343-9B44C089BA98}.Release|Any CPU.ActiveCfg = Release|Any CPU
		{FD13BB50-4C6C-4B4C-A343-9B44C089BA98}.Release|Any CPU.Build.0 = Release|Any CPU
		{FD13BB50-4C6C-4B4C-A343-9B44C089BA98}.Tele2|Any CPU.ActiveCfg = Release|Any CPU
		{FD13BB50-4C6C-4B4C-A343-9B44C089BA98}.Tele2|Any CPU.Build.0 = Release|Any CPU
		{749FE9E8-3678-497B-948F-F0B0135E2D97}.Bee_test|Any CPU.ActiveCfg = Release|Any CPU
		{749FE9E8-3678-497B-948F-F0B0135E2D97}.Bee_test|Any CPU.Build.0 = Release|Any CPU
		{749FE9E8-3678-497B-948F-F0B0135E2D97}.Debug|Any CPU.ActiveCfg = Debug|Any CPU
		{749FE9E8-3678-497B-948F-F0B0135E2D97}.Debug|Any CPU.Build.0 = Debug|Any CPU
		{749FE9E8-3678-497B-948F-F0B0135E2D97}.Dev|Any CPU.ActiveCfg = Debug|Any CPU
		{749FE9E8-3678-497B-948F-F0B0135E2D97}.Dev|Any CPU.Build.0 = Debug|Any CPU
		{749FE9E8-3678-497B-948F-F0B0135E2D97}.Megafon|Any CPU.ActiveCfg = Release|Any CPU
		{749FE9E8-3678-497B-948F-F0B0135E2D97}.Megafon|Any CPU.Build.0 = Release|Any CPU
		{749FE9E8-3678-497B-948F-F0B0135E2D97}.MTS_Json|Any CPU.ActiveCfg = Release|Any CPU
		{749FE9E8-3678-497B-948F-F0B0135E2D97}.MTS_Json|Any CPU.Build.0 = Release|Any CPU
		{749FE9E8-3678-497B-948F-F0B0135E2D97}.MTS_Prod|Any CPU.ActiveCfg = Release|Any CPU
		{749FE9E8-3678-497B-948F-F0B0135E2D97}.MTS_Prod|Any CPU.Build.0 = Release|Any CPU
		{749FE9E8-3678-497B-948F-F0B0135E2D97}.MTS_Stage|Any CPU.ActiveCfg = Release|Any CPU
		{749FE9E8-3678-497B-948F-F0B0135E2D97}.MTS_Stage|Any CPU.Build.0 = Release|Any CPU
		{749FE9E8-3678-497B-948F-F0B0135E2D97}.MTS|Any CPU.ActiveCfg = Release|Any CPU
		{749FE9E8-3678-497B-948F-F0B0135E2D97}.MTS|Any CPU.Build.0 = Release|Any CPU
		{749FE9E8-3678-497B-948F-F0B0135E2D97}.Release|Any CPU.ActiveCfg = Release|Any CPU
		{749FE9E8-3678-497B-948F-F0B0135E2D97}.Release|Any CPU.Build.0 = Release|Any CPU
		{749FE9E8-3678-497B-948F-F0B0135E2D97}.Tele2|Any CPU.ActiveCfg = Release|Any CPU
		{749FE9E8-3678-497B-948F-F0B0135E2D97}.Tele2|Any CPU.Build.0 = Release|Any CPU
		{F14BB090-9951-49BA-BE2B-80027F155D65}.Bee_test|Any CPU.ActiveCfg = Release|Any CPU
		{F14BB090-9951-49BA-BE2B-80027F155D65}.Bee_test|Any CPU.Build.0 = Release|Any CPU
		{F14BB090-9951-49BA-BE2B-80027F155D65}.Debug|Any CPU.ActiveCfg = Debug|Any CPU
		{F14BB090-9951-49BA-BE2B-80027F155D65}.Debug|Any CPU.Build.0 = Debug|Any CPU
		{F14BB090-9951-49BA-BE2B-80027F155D65}.Dev|Any CPU.ActiveCfg = Debug|Any CPU
		{F14BB090-9951-49BA-BE2B-80027F155D65}.Dev|Any CPU.Build.0 = Debug|Any CPU
		{F14BB090-9951-49BA-BE2B-80027F155D65}.Megafon|Any CPU.ActiveCfg = Release|Any CPU
		{F14BB090-9951-49BA-BE2B-80027F155D65}.Megafon|Any CPU.Build.0 = Release|Any CPU
		{F14BB090-9951-49BA-BE2B-80027F155D65}.MTS_Json|Any CPU.ActiveCfg = Release|Any CPU
		{F14BB090-9951-49BA-BE2B-80027F155D65}.MTS_Json|Any CPU.Build.0 = Release|Any CPU
		{F14BB090-9951-49BA-BE2B-80027F155D65}.MTS_Prod|Any CPU.ActiveCfg = Release|Any CPU
		{F14BB090-9951-49BA-BE2B-80027F155D65}.MTS_Prod|Any CPU.Build.0 = Release|Any CPU
		{F14BB090-9951-49BA-BE2B-80027F155D65}.MTS_Stage|Any CPU.ActiveCfg = Release|Any CPU
		{F14BB090-9951-49BA-BE2B-80027F155D65}.MTS_Stage|Any CPU.Build.0 = Release|Any CPU
		{F14BB090-9951-49BA-BE2B-80027F155D65}.MTS|Any CPU.ActiveCfg = Release|Any CPU
		{F14BB090-9951-49BA-BE2B-80027F155D65}.MTS|Any CPU.Build.0 = Release|Any CPU
		{F14BB090-9951-49BA-BE2B-80027F155D65}.Release|Any CPU.ActiveCfg = Release|Any CPU
		{F14BB090-9951-49BA-BE2B-80027F155D65}.Release|Any CPU.Build.0 = Release|Any CPU
		{F14BB090-9951-49BA-BE2B-80027F155D65}.Tele2|Any CPU.ActiveCfg = Release|Any CPU
		{F14BB090-9951-49BA-BE2B-80027F155D65}.Tele2|Any CPU.Build.0 = Release|Any CPU
		{B5EACF01-4B71-47B6-83F0-C6A27F18333D}.Bee_test|Any CPU.ActiveCfg = Release|Any CPU
		{B5EACF01-4B71-47B6-83F0-C6A27F18333D}.Bee_test|Any CPU.Build.0 = Release|Any CPU
		{B5EACF01-4B71-47B6-83F0-C6A27F18333D}.Debug|Any CPU.ActiveCfg = Debug|Any CPU
		{B5EACF01-4B71-47B6-83F0-C6A27F18333D}.Debug|Any CPU.Build.0 = Debug|Any CPU
		{B5EACF01-4B71-47B6-83F0-C6A27F18333D}.Dev|Any CPU.ActiveCfg = Debug|Any CPU
		{B5EACF01-4B71-47B6-83F0-C6A27F18333D}.Dev|Any CPU.Build.0 = Debug|Any CPU
		{B5EACF01-4B71-47B6-83F0-C6A27F18333D}.Megafon|Any CPU.ActiveCfg = Release|Any CPU
		{B5EACF01-4B71-47B6-83F0-C6A27F18333D}.Megafon|Any CPU.Build.0 = Release|Any CPU
		{B5EACF01-4B71-47B6-83F0-C6A27F18333D}.MTS_Json|Any CPU.ActiveCfg = Debug|Any CPU
		{B5EACF01-4B71-47B6-83F0-C6A27F18333D}.MTS_Json|Any CPU.Build.0 = Debug|Any CPU
		{B5EACF01-4B71-47B6-83F0-C6A27F18333D}.MTS_Prod|Any CPU.ActiveCfg = Release|Any CPU
		{B5EACF01-4B71-47B6-83F0-C6A27F18333D}.MTS_Prod|Any CPU.Build.0 = Release|Any CPU
		{B5EACF01-4B71-47B6-83F0-C6A27F18333D}.MTS_Stage|Any CPU.ActiveCfg = Debug|Any CPU
		{B5EACF01-4B71-47B6-83F0-C6A27F18333D}.MTS_Stage|Any CPU.Build.0 = Debug|Any CPU
		{B5EACF01-4B71-47B6-83F0-C6A27F18333D}.MTS|Any CPU.ActiveCfg = Release|Any CPU
		{B5EACF01-4B71-47B6-83F0-C6A27F18333D}.MTS|Any CPU.Build.0 = Release|Any CPU
		{B5EACF01-4B71-47B6-83F0-C6A27F18333D}.Release|Any CPU.ActiveCfg = Release|Any CPU
		{B5EACF01-4B71-47B6-83F0-C6A27F18333D}.Release|Any CPU.Build.0 = Release|Any CPU
		{B5EACF01-4B71-47B6-83F0-C6A27F18333D}.Tele2|Any CPU.ActiveCfg = Release|Any CPU
		{B5EACF01-4B71-47B6-83F0-C6A27F18333D}.Tele2|Any CPU.Build.0 = Release|Any CPU
		{71121A6B-3673-4CC1-A97A-610E9C33F33A}.Bee_test|Any CPU.ActiveCfg = Release|Any CPU
		{71121A6B-3673-4CC1-A97A-610E9C33F33A}.Bee_test|Any CPU.Build.0 = Release|Any CPU
		{71121A6B-3673-4CC1-A97A-610E9C33F33A}.Debug|Any CPU.ActiveCfg = Debug|Any CPU
		{71121A6B-3673-4CC1-A97A-610E9C33F33A}.Debug|Any CPU.Build.0 = Debug|Any CPU
		{71121A6B-3673-4CC1-A97A-610E9C33F33A}.Dev|Any CPU.ActiveCfg = Debug|Any CPU
		{71121A6B-3673-4CC1-A97A-610E9C33F33A}.Dev|Any CPU.Build.0 = Debug|Any CPU
		{71121A6B-3673-4CC1-A97A-610E9C33F33A}.Megafon|Any CPU.ActiveCfg = Release|Any CPU
		{71121A6B-3673-4CC1-A97A-610E9C33F33A}.Megafon|Any CPU.Build.0 = Release|Any CPU
		{71121A6B-3673-4CC1-A97A-610E9C33F33A}.MTS_Json|Any CPU.ActiveCfg = Debug|Any CPU
		{71121A6B-3673-4CC1-A97A-610E9C33F33A}.MTS_Json|Any CPU.Build.0 = Debug|Any CPU
		{71121A6B-3673-4CC1-A97A-610E9C33F33A}.MTS_Prod|Any CPU.ActiveCfg = Release|Any CPU
		{71121A6B-3673-4CC1-A97A-610E9C33F33A}.MTS_Prod|Any CPU.Build.0 = Release|Any CPU
		{71121A6B-3673-4CC1-A97A-610E9C33F33A}.MTS_Stage|Any CPU.ActiveCfg = Debug|Any CPU
		{71121A6B-3673-4CC1-A97A-610E9C33F33A}.MTS_Stage|Any CPU.Build.0 = Debug|Any CPU
		{71121A6B-3673-4CC1-A97A-610E9C33F33A}.MTS|Any CPU.ActiveCfg = Release|Any CPU
		{71121A6B-3673-4CC1-A97A-610E9C33F33A}.MTS|Any CPU.Build.0 = Release|Any CPU
		{71121A6B-3673-4CC1-A97A-610E9C33F33A}.Release|Any CPU.ActiveCfg = Release|Any CPU
		{71121A6B-3673-4CC1-A97A-610E9C33F33A}.Release|Any CPU.Build.0 = Release|Any CPU
		{71121A6B-3673-4CC1-A97A-610E9C33F33A}.Tele2|Any CPU.ActiveCfg = Release|Any CPU
		{71121A6B-3673-4CC1-A97A-610E9C33F33A}.Tele2|Any CPU.Build.0 = Release|Any CPU
		{1B4547C9-EA65-4025-A940-A1516EA460D3}.Bee_test|Any CPU.ActiveCfg = Release|Any CPU
		{1B4547C9-EA65-4025-A940-A1516EA460D3}.Bee_test|Any CPU.Build.0 = Release|Any CPU
		{1B4547C9-EA65-4025-A940-A1516EA460D3}.Debug|Any CPU.ActiveCfg = Debug|Any CPU
		{1B4547C9-EA65-4025-A940-A1516EA460D3}.Debug|Any CPU.Build.0 = Debug|Any CPU
		{1B4547C9-EA65-4025-A940-A1516EA460D3}.Dev|Any CPU.ActiveCfg = Debug|Any CPU
		{1B4547C9-EA65-4025-A940-A1516EA460D3}.Dev|Any CPU.Build.0 = Debug|Any CPU
		{1B4547C9-EA65-4025-A940-A1516EA460D3}.Megafon|Any CPU.ActiveCfg = Release|Any CPU
		{1B4547C9-EA65-4025-A940-A1516EA460D3}.Megafon|Any CPU.Build.0 = Release|Any CPU
		{1B4547C9-EA65-4025-A940-A1516EA460D3}.MTS_Json|Any CPU.ActiveCfg = Release|Any CPU
		{1B4547C9-EA65-4025-A940-A1516EA460D3}.MTS_Json|Any CPU.Build.0 = Release|Any CPU
		{1B4547C9-EA65-4025-A940-A1516EA460D3}.MTS_Prod|Any CPU.ActiveCfg = Release|Any CPU
		{1B4547C9-EA65-4025-A940-A1516EA460D3}.MTS_Prod|Any CPU.Build.0 = Release|Any CPU
		{1B4547C9-EA65-4025-A940-A1516EA460D3}.MTS_Stage|Any CPU.ActiveCfg = Release|Any CPU
		{1B4547C9-EA65-4025-A940-A1516EA460D3}.MTS_Stage|Any CPU.Build.0 = Release|Any CPU
		{1B4547C9-EA65-4025-A940-A1516EA460D3}.MTS|Any CPU.ActiveCfg = Release|Any CPU
		{1B4547C9-EA65-4025-A940-A1516EA460D3}.MTS|Any CPU.Build.0 = Release|Any CPU
		{1B4547C9-EA65-4025-A940-A1516EA460D3}.Release|Any CPU.ActiveCfg = Release|Any CPU
		{1B4547C9-EA65-4025-A940-A1516EA460D3}.Release|Any CPU.Build.0 = Release|Any CPU
		{1B4547C9-EA65-4025-A940-A1516EA460D3}.Tele2|Any CPU.ActiveCfg = Release|Any CPU
		{1B4547C9-EA65-4025-A940-A1516EA460D3}.Tele2|Any CPU.Build.0 = Release|Any CPU
		{D0E2CB2D-042A-4882-8E6D-BBB0966FB47B}.Bee_test|Any CPU.ActiveCfg = Release|Any CPU
		{D0E2CB2D-042A-4882-8E6D-BBB0966FB47B}.Bee_test|Any CPU.Build.0 = Release|Any CPU
		{D0E2CB2D-042A-4882-8E6D-BBB0966FB47B}.Debug|Any CPU.ActiveCfg = Debug|Any CPU
		{D0E2CB2D-042A-4882-8E6D-BBB0966FB47B}.Debug|Any CPU.Build.0 = Debug|Any CPU
		{D0E2CB2D-042A-4882-8E6D-BBB0966FB47B}.Dev|Any CPU.ActiveCfg = Debug|Any CPU
		{D0E2CB2D-042A-4882-8E6D-BBB0966FB47B}.Dev|Any CPU.Build.0 = Debug|Any CPU
		{D0E2CB2D-042A-4882-8E6D-BBB0966FB47B}.Megafon|Any CPU.ActiveCfg = Release|Any CPU
		{D0E2CB2D-042A-4882-8E6D-BBB0966FB47B}.Megafon|Any CPU.Build.0 = Release|Any CPU
		{D0E2CB2D-042A-4882-8E6D-BBB0966FB47B}.MTS_Json|Any CPU.ActiveCfg = Release|Any CPU
		{D0E2CB2D-042A-4882-8E6D-BBB0966FB47B}.MTS_Json|Any CPU.Build.0 = Release|Any CPU
		{D0E2CB2D-042A-4882-8E6D-BBB0966FB47B}.MTS_Prod|Any CPU.ActiveCfg = Release|Any CPU
		{D0E2CB2D-042A-4882-8E6D-BBB0966FB47B}.MTS_Prod|Any CPU.Build.0 = Release|Any CPU
		{D0E2CB2D-042A-4882-8E6D-BBB0966FB47B}.MTS_Stage|Any CPU.ActiveCfg = Release|Any CPU
		{D0E2CB2D-042A-4882-8E6D-BBB0966FB47B}.MTS_Stage|Any CPU.Build.0 = Release|Any CPU
		{D0E2CB2D-042A-4882-8E6D-BBB0966FB47B}.MTS|Any CPU.ActiveCfg = Release|Any CPU
		{D0E2CB2D-042A-4882-8E6D-BBB0966FB47B}.MTS|Any CPU.Build.0 = Release|Any CPU
		{D0E2CB2D-042A-4882-8E6D-BBB0966FB47B}.Release|Any CPU.ActiveCfg = Release|Any CPU
		{D0E2CB2D-042A-4882-8E6D-BBB0966FB47B}.Release|Any CPU.Build.0 = Release|Any CPU
		{D0E2CB2D-042A-4882-8E6D-BBB0966FB47B}.Tele2|Any CPU.ActiveCfg = Release|Any CPU
		{D0E2CB2D-042A-4882-8E6D-BBB0966FB47B}.Tele2|Any CPU.Build.0 = Release|Any CPU
		{EF2CA54C-748B-4E29-9EE2-15DE0DB5BFD6}.Bee_test|Any CPU.ActiveCfg = Release|Any CPU
		{EF2CA54C-748B-4E29-9EE2-15DE0DB5BFD6}.Bee_test|Any CPU.Build.0 = Release|Any CPU
		{EF2CA54C-748B-4E29-9EE2-15DE0DB5BFD6}.Debug|Any CPU.ActiveCfg = Debug|Any CPU
		{EF2CA54C-748B-4E29-9EE2-15DE0DB5BFD6}.Debug|Any CPU.Build.0 = Debug|Any CPU
		{EF2CA54C-748B-4E29-9EE2-15DE0DB5BFD6}.Dev|Any CPU.ActiveCfg = Debug|Any CPU
		{EF2CA54C-748B-4E29-9EE2-15DE0DB5BFD6}.Dev|Any CPU.Build.0 = Debug|Any CPU
		{EF2CA54C-748B-4E29-9EE2-15DE0DB5BFD6}.Megafon|Any CPU.ActiveCfg = Release|Any CPU
		{EF2CA54C-748B-4E29-9EE2-15DE0DB5BFD6}.Megafon|Any CPU.Build.0 = Release|Any CPU
		{EF2CA54C-748B-4E29-9EE2-15DE0DB5BFD6}.MTS_Json|Any CPU.ActiveCfg = Debug|Any CPU
		{EF2CA54C-748B-4E29-9EE2-15DE0DB5BFD6}.MTS_Json|Any CPU.Build.0 = Debug|Any CPU
		{EF2CA54C-748B-4E29-9EE2-15DE0DB5BFD6}.MTS_Prod|Any CPU.ActiveCfg = Release|Any CPU
		{EF2CA54C-748B-4E29-9EE2-15DE0DB5BFD6}.MTS_Prod|Any CPU.Build.0 = Release|Any CPU
		{EF2CA54C-748B-4E29-9EE2-15DE0DB5BFD6}.MTS_Stage|Any CPU.ActiveCfg = Debug|Any CPU
		{EF2CA54C-748B-4E29-9EE2-15DE0DB5BFD6}.MTS_Stage|Any CPU.Build.0 = Debug|Any CPU
		{EF2CA54C-748B-4E29-9EE2-15DE0DB5BFD6}.MTS|Any CPU.ActiveCfg = Release|Any CPU
		{EF2CA54C-748B-4E29-9EE2-15DE0DB5BFD6}.MTS|Any CPU.Build.0 = Release|Any CPU
		{EF2CA54C-748B-4E29-9EE2-15DE0DB5BFD6}.Release|Any CPU.ActiveCfg = Release|Any CPU
		{EF2CA54C-748B-4E29-9EE2-15DE0DB5BFD6}.Release|Any CPU.Build.0 = Release|Any CPU
		{EF2CA54C-748B-4E29-9EE2-15DE0DB5BFD6}.Tele2|Any CPU.ActiveCfg = Release|Any CPU
		{EF2CA54C-748B-4E29-9EE2-15DE0DB5BFD6}.Tele2|Any CPU.Build.0 = Release|Any CPU
		{B48876AB-8BC5-4D53-8D23-C725E2247A4D}.Bee_test|Any CPU.ActiveCfg = Release|Any CPU
		{B48876AB-8BC5-4D53-8D23-C725E2247A4D}.Bee_test|Any CPU.Build.0 = Release|Any CPU
		{B48876AB-8BC5-4D53-8D23-C725E2247A4D}.Debug|Any CPU.ActiveCfg = Debug|Any CPU
		{B48876AB-8BC5-4D53-8D23-C725E2247A4D}.Debug|Any CPU.Build.0 = Debug|Any CPU
		{B48876AB-8BC5-4D53-8D23-C725E2247A4D}.Dev|Any CPU.ActiveCfg = Debug|Any CPU
		{B48876AB-8BC5-4D53-8D23-C725E2247A4D}.Dev|Any CPU.Build.0 = Debug|Any CPU
		{B48876AB-8BC5-4D53-8D23-C725E2247A4D}.Megafon|Any CPU.ActiveCfg = Release|Any CPU
		{B48876AB-8BC5-4D53-8D23-C725E2247A4D}.Megafon|Any CPU.Build.0 = Release|Any CPU
		{B48876AB-8BC5-4D53-8D23-C725E2247A4D}.MTS_Json|Any CPU.ActiveCfg = Debug|Any CPU
		{B48876AB-8BC5-4D53-8D23-C725E2247A4D}.MTS_Json|Any CPU.Build.0 = Debug|Any CPU
		{B48876AB-8BC5-4D53-8D23-C725E2247A4D}.MTS_Prod|Any CPU.ActiveCfg = Release|Any CPU
		{B48876AB-8BC5-4D53-8D23-C725E2247A4D}.MTS_Prod|Any CPU.Build.0 = Release|Any CPU
		{B48876AB-8BC5-4D53-8D23-C725E2247A4D}.MTS_Stage|Any CPU.ActiveCfg = Debug|Any CPU
		{B48876AB-8BC5-4D53-8D23-C725E2247A4D}.MTS_Stage|Any CPU.Build.0 = Debug|Any CPU
		{B48876AB-8BC5-4D53-8D23-C725E2247A4D}.MTS|Any CPU.ActiveCfg = Release|Any CPU
		{B48876AB-8BC5-4D53-8D23-C725E2247A4D}.MTS|Any CPU.Build.0 = Release|Any CPU
		{B48876AB-8BC5-4D53-8D23-C725E2247A4D}.Release|Any CPU.ActiveCfg = Release|Any CPU
		{B48876AB-8BC5-4D53-8D23-C725E2247A4D}.Release|Any CPU.Build.0 = Release|Any CPU
		{B48876AB-8BC5-4D53-8D23-C725E2247A4D}.Tele2|Any CPU.ActiveCfg = Release|Any CPU
		{B48876AB-8BC5-4D53-8D23-C725E2247A4D}.Tele2|Any CPU.Build.0 = Release|Any CPU
		{8EE920A3-9A9F-49F4-91DE-153E283F753C}.Bee_test|Any CPU.ActiveCfg = Release|Any CPU
		{8EE920A3-9A9F-49F4-91DE-153E283F753C}.Bee_test|Any CPU.Build.0 = Release|Any CPU
		{8EE920A3-9A9F-49F4-91DE-153E283F753C}.Debug|Any CPU.ActiveCfg = Debug|Any CPU
		{8EE920A3-9A9F-49F4-91DE-153E283F753C}.Debug|Any CPU.Build.0 = Debug|Any CPU
		{8EE920A3-9A9F-49F4-91DE-153E283F753C}.Dev|Any CPU.ActiveCfg = Debug|Any CPU
		{8EE920A3-9A9F-49F4-91DE-153E283F753C}.Dev|Any CPU.Build.0 = Debug|Any CPU
		{8EE920A3-9A9F-49F4-91DE-153E283F753C}.Megafon|Any CPU.ActiveCfg = Release|Any CPU
		{8EE920A3-9A9F-49F4-91DE-153E283F753C}.Megafon|Any CPU.Build.0 = Release|Any CPU
		{8EE920A3-9A9F-49F4-91DE-153E283F753C}.MTS_Json|Any CPU.ActiveCfg = Debug|Any CPU
		{8EE920A3-9A9F-49F4-91DE-153E283F753C}.MTS_Json|Any CPU.Build.0 = Debug|Any CPU
		{8EE920A3-9A9F-49F4-91DE-153E283F753C}.MTS_Prod|Any CPU.ActiveCfg = Release|Any CPU
		{8EE920A3-9A9F-49F4-91DE-153E283F753C}.MTS_Prod|Any CPU.Build.0 = Release|Any CPU
		{8EE920A3-9A9F-49F4-91DE-153E283F753C}.MTS_Stage|Any CPU.ActiveCfg = Debug|Any CPU
		{8EE920A3-9A9F-49F4-91DE-153E283F753C}.MTS_Stage|Any CPU.Build.0 = Debug|Any CPU
		{8EE920A3-9A9F-49F4-91DE-153E283F753C}.MTS|Any CPU.ActiveCfg = Release|Any CPU
		{8EE920A3-9A9F-49F4-91DE-153E283F753C}.MTS|Any CPU.Build.0 = Release|Any CPU
		{8EE920A3-9A9F-49F4-91DE-153E283F753C}.Release|Any CPU.ActiveCfg = Release|Any CPU
		{8EE920A3-9A9F-49F4-91DE-153E283F753C}.Release|Any CPU.Build.0 = Release|Any CPU
		{8EE920A3-9A9F-49F4-91DE-153E283F753C}.Tele2|Any CPU.ActiveCfg = Release|Any CPU
		{8EE920A3-9A9F-49F4-91DE-153E283F753C}.Tele2|Any CPU.Build.0 = Release|Any CPU
		{08DE5738-45F8-47B9-B828-D657223EAE51}.Bee_test|Any CPU.ActiveCfg = Release|Any CPU
		{08DE5738-45F8-47B9-B828-D657223EAE51}.Bee_test|Any CPU.Build.0 = Release|Any CPU
		{08DE5738-45F8-47B9-B828-D657223EAE51}.Debug|Any CPU.ActiveCfg = Debug|Any CPU
		{08DE5738-45F8-47B9-B828-D657223EAE51}.Debug|Any CPU.Build.0 = Debug|Any CPU
		{08DE5738-45F8-47B9-B828-D657223EAE51}.Dev|Any CPU.ActiveCfg = Debug|Any CPU
		{08DE5738-45F8-47B9-B828-D657223EAE51}.Dev|Any CPU.Build.0 = Debug|Any CPU
		{08DE5738-45F8-47B9-B828-D657223EAE51}.Megafon|Any CPU.ActiveCfg = Release|Any CPU
		{08DE5738-45F8-47B9-B828-D657223EAE51}.Megafon|Any CPU.Build.0 = Release|Any CPU
		{08DE5738-45F8-47B9-B828-D657223EAE51}.MTS_Json|Any CPU.ActiveCfg = Debug|Any CPU
		{08DE5738-45F8-47B9-B828-D657223EAE51}.MTS_Json|Any CPU.Build.0 = Debug|Any CPU
		{08DE5738-45F8-47B9-B828-D657223EAE51}.MTS_Prod|Any CPU.ActiveCfg = Release|Any CPU
		{08DE5738-45F8-47B9-B828-D657223EAE51}.MTS_Prod|Any CPU.Build.0 = Release|Any CPU
		{08DE5738-45F8-47B9-B828-D657223EAE51}.MTS_Stage|Any CPU.ActiveCfg = Debug|Any CPU
		{08DE5738-45F8-47B9-B828-D657223EAE51}.MTS_Stage|Any CPU.Build.0 = Debug|Any CPU
		{08DE5738-45F8-47B9-B828-D657223EAE51}.MTS|Any CPU.ActiveCfg = Release|Any CPU
		{08DE5738-45F8-47B9-B828-D657223EAE51}.MTS|Any CPU.Build.0 = Release|Any CPU
		{08DE5738-45F8-47B9-B828-D657223EAE51}.Release|Any CPU.ActiveCfg = Release|Any CPU
		{08DE5738-45F8-47B9-B828-D657223EAE51}.Release|Any CPU.Build.0 = Release|Any CPU
		{08DE5738-45F8-47B9-B828-D657223EAE51}.Tele2|Any CPU.ActiveCfg = Release|Any CPU
		{08DE5738-45F8-47B9-B828-D657223EAE51}.Tele2|Any CPU.Build.0 = Release|Any CPU
		{3B949EFD-3D99-4915-ADA1-AA74025156EA}.Bee_test|Any CPU.ActiveCfg = Release|Any CPU
		{3B949EFD-3D99-4915-ADA1-AA74025156EA}.Bee_test|Any CPU.Build.0 = Release|Any CPU
		{3B949EFD-3D99-4915-ADA1-AA74025156EA}.Debug|Any CPU.ActiveCfg = Debug|Any CPU
		{3B949EFD-3D99-4915-ADA1-AA74025156EA}.Debug|Any CPU.Build.0 = Debug|Any CPU
		{3B949EFD-3D99-4915-ADA1-AA74025156EA}.Dev|Any CPU.ActiveCfg = Debug|Any CPU
		{3B949EFD-3D99-4915-ADA1-AA74025156EA}.Dev|Any CPU.Build.0 = Debug|Any CPU
		{3B949EFD-3D99-4915-ADA1-AA74025156EA}.Megafon|Any CPU.ActiveCfg = Release|Any CPU
		{3B949EFD-3D99-4915-ADA1-AA74025156EA}.Megafon|Any CPU.Build.0 = Release|Any CPU
		{3B949EFD-3D99-4915-ADA1-AA74025156EA}.MTS_Json|Any CPU.ActiveCfg = Debug|Any CPU
		{3B949EFD-3D99-4915-ADA1-AA74025156EA}.MTS_Json|Any CPU.Build.0 = Debug|Any CPU
		{3B949EFD-3D99-4915-ADA1-AA74025156EA}.MTS_Prod|Any CPU.ActiveCfg = Release|Any CPU
		{3B949EFD-3D99-4915-ADA1-AA74025156EA}.MTS_Prod|Any CPU.Build.0 = Release|Any CPU
		{3B949EFD-3D99-4915-ADA1-AA74025156EA}.MTS_Stage|Any CPU.ActiveCfg = Debug|Any CPU
		{3B949EFD-3D99-4915-ADA1-AA74025156EA}.MTS_Stage|Any CPU.Build.0 = Debug|Any CPU
		{3B949EFD-3D99-4915-ADA1-AA74025156EA}.MTS|Any CPU.ActiveCfg = Release|Any CPU
		{3B949EFD-3D99-4915-ADA1-AA74025156EA}.MTS|Any CPU.Build.0 = Release|Any CPU
		{3B949EFD-3D99-4915-ADA1-AA74025156EA}.Release|Any CPU.ActiveCfg = Release|Any CPU
		{3B949EFD-3D99-4915-ADA1-AA74025156EA}.Release|Any CPU.Build.0 = Release|Any CPU
		{3B949EFD-3D99-4915-ADA1-AA74025156EA}.Tele2|Any CPU.ActiveCfg = Release|Any CPU
		{3B949EFD-3D99-4915-ADA1-AA74025156EA}.Tele2|Any CPU.Build.0 = Release|Any CPU
		{DEEDCDEE-A343-4B63-8905-3A549F505002}.Bee_test|Any CPU.ActiveCfg = Release|Any CPU
		{DEEDCDEE-A343-4B63-8905-3A549F505002}.Bee_test|Any CPU.Build.0 = Release|Any CPU
		{DEEDCDEE-A343-4B63-8905-3A549F505002}.Debug|Any CPU.ActiveCfg = Debug|Any CPU
		{DEEDCDEE-A343-4B63-8905-3A549F505002}.Debug|Any CPU.Build.0 = Debug|Any CPU
		{DEEDCDEE-A343-4B63-8905-3A549F505002}.Dev|Any CPU.ActiveCfg = Debug|Any CPU
		{DEEDCDEE-A343-4B63-8905-3A549F505002}.Dev|Any CPU.Build.0 = Debug|Any CPU
		{DEEDCDEE-A343-4B63-8905-3A549F505002}.Megafon|Any CPU.ActiveCfg = Release|Any CPU
		{DEEDCDEE-A343-4B63-8905-3A549F505002}.Megafon|Any CPU.Build.0 = Release|Any CPU
		{DEEDCDEE-A343-4B63-8905-3A549F505002}.MTS_Json|Any CPU.ActiveCfg = Debug|Any CPU
		{DEEDCDEE-A343-4B63-8905-3A549F505002}.MTS_Json|Any CPU.Build.0 = Debug|Any CPU
		{DEEDCDEE-A343-4B63-8905-3A549F505002}.MTS_Prod|Any CPU.ActiveCfg = Release|Any CPU
		{DEEDCDEE-A343-4B63-8905-3A549F505002}.MTS_Prod|Any CPU.Build.0 = Release|Any CPU
		{DEEDCDEE-A343-4B63-8905-3A549F505002}.MTS_Stage|Any CPU.ActiveCfg = Debug|Any CPU
		{DEEDCDEE-A343-4B63-8905-3A549F505002}.MTS_Stage|Any CPU.Build.0 = Debug|Any CPU
		{DEEDCDEE-A343-4B63-8905-3A549F505002}.MTS|Any CPU.ActiveCfg = Release|Any CPU
		{DEEDCDEE-A343-4B63-8905-3A549F505002}.MTS|Any CPU.Build.0 = Release|Any CPU
		{DEEDCDEE-A343-4B63-8905-3A549F505002}.Release|Any CPU.ActiveCfg = Release|Any CPU
		{DEEDCDEE-A343-4B63-8905-3A549F505002}.Release|Any CPU.Build.0 = Release|Any CPU
		{DEEDCDEE-A343-4B63-8905-3A549F505002}.Tele2|Any CPU.ActiveCfg = Release|Any CPU
		{DEEDCDEE-A343-4B63-8905-3A549F505002}.Tele2|Any CPU.Build.0 = Release|Any CPU
		{BDA5817B-BE73-4FC3-9B64-E85599BF7E51}.Bee_test|Any CPU.ActiveCfg = Release|Any CPU
		{BDA5817B-BE73-4FC3-9B64-E85599BF7E51}.Bee_test|Any CPU.Build.0 = Release|Any CPU
		{BDA5817B-BE73-4FC3-9B64-E85599BF7E51}.Debug|Any CPU.ActiveCfg = Debug|Any CPU
		{BDA5817B-BE73-4FC3-9B64-E85599BF7E51}.Debug|Any CPU.Build.0 = Debug|Any CPU
		{BDA5817B-BE73-4FC3-9B64-E85599BF7E51}.Dev|Any CPU.ActiveCfg = Debug|Any CPU
		{BDA5817B-BE73-4FC3-9B64-E85599BF7E51}.Dev|Any CPU.Build.0 = Debug|Any CPU
		{BDA5817B-BE73-4FC3-9B64-E85599BF7E51}.Megafon|Any CPU.ActiveCfg = Release|Any CPU
		{BDA5817B-BE73-4FC3-9B64-E85599BF7E51}.Megafon|Any CPU.Build.0 = Release|Any CPU
		{BDA5817B-BE73-4FC3-9B64-E85599BF7E51}.MTS_Json|Any CPU.ActiveCfg = Debug|Any CPU
		{BDA5817B-BE73-4FC3-9B64-E85599BF7E51}.MTS_Json|Any CPU.Build.0 = Debug|Any CPU
		{BDA5817B-BE73-4FC3-9B64-E85599BF7E51}.MTS_Prod|Any CPU.ActiveCfg = Release|Any CPU
		{BDA5817B-BE73-4FC3-9B64-E85599BF7E51}.MTS_Prod|Any CPU.Build.0 = Release|Any CPU
		{BDA5817B-BE73-4FC3-9B64-E85599BF7E51}.MTS_Stage|Any CPU.ActiveCfg = Debug|Any CPU
		{BDA5817B-BE73-4FC3-9B64-E85599BF7E51}.MTS_Stage|Any CPU.Build.0 = Debug|Any CPU
		{BDA5817B-BE73-4FC3-9B64-E85599BF7E51}.MTS|Any CPU.ActiveCfg = Release|Any CPU
		{BDA5817B-BE73-4FC3-9B64-E85599BF7E51}.MTS|Any CPU.Build.0 = Release|Any CPU
		{BDA5817B-BE73-4FC3-9B64-E85599BF7E51}.Release|Any CPU.ActiveCfg = Release|Any CPU
		{BDA5817B-BE73-4FC3-9B64-E85599BF7E51}.Release|Any CPU.Build.0 = Release|Any CPU
		{BDA5817B-BE73-4FC3-9B64-E85599BF7E51}.Tele2|Any CPU.ActiveCfg = Release|Any CPU
		{BDA5817B-BE73-4FC3-9B64-E85599BF7E51}.Tele2|Any CPU.Build.0 = Release|Any CPU
		{E5F24ED1-7228-4E08-9B2B-C33F37955D75}.Bee_test|Any CPU.ActiveCfg = Release|Any CPU
		{E5F24ED1-7228-4E08-9B2B-C33F37955D75}.Bee_test|Any CPU.Build.0 = Release|Any CPU
		{E5F24ED1-7228-4E08-9B2B-C33F37955D75}.Debug|Any CPU.ActiveCfg = Debug|Any CPU
		{E5F24ED1-7228-4E08-9B2B-C33F37955D75}.Debug|Any CPU.Build.0 = Debug|Any CPU
		{E5F24ED1-7228-4E08-9B2B-C33F37955D75}.Dev|Any CPU.ActiveCfg = Debug|Any CPU
		{E5F24ED1-7228-4E08-9B2B-C33F37955D75}.Dev|Any CPU.Build.0 = Debug|Any CPU
		{E5F24ED1-7228-4E08-9B2B-C33F37955D75}.Megafon|Any CPU.ActiveCfg = Release|Any CPU
		{E5F24ED1-7228-4E08-9B2B-C33F37955D75}.Megafon|Any CPU.Build.0 = Release|Any CPU
		{E5F24ED1-7228-4E08-9B2B-C33F37955D75}.MTS_Json|Any CPU.ActiveCfg = Debug|Any CPU
		{E5F24ED1-7228-4E08-9B2B-C33F37955D75}.MTS_Json|Any CPU.Build.0 = Debug|Any CPU
		{E5F24ED1-7228-4E08-9B2B-C33F37955D75}.MTS_Prod|Any CPU.ActiveCfg = Release|Any CPU
		{E5F24ED1-7228-4E08-9B2B-C33F37955D75}.MTS_Prod|Any CPU.Build.0 = Release|Any CPU
		{E5F24ED1-7228-4E08-9B2B-C33F37955D75}.MTS_Stage|Any CPU.ActiveCfg = Debug|Any CPU
		{E5F24ED1-7228-4E08-9B2B-C33F37955D75}.MTS_Stage|Any CPU.Build.0 = Debug|Any CPU
		{E5F24ED1-7228-4E08-9B2B-C33F37955D75}.MTS|Any CPU.ActiveCfg = Release|Any CPU
		{E5F24ED1-7228-4E08-9B2B-C33F37955D75}.MTS|Any CPU.Build.0 = Release|Any CPU
		{E5F24ED1-7228-4E08-9B2B-C33F37955D75}.Release|Any CPU.ActiveCfg = Release|Any CPU
		{E5F24ED1-7228-4E08-9B2B-C33F37955D75}.Release|Any CPU.Build.0 = Release|Any CPU
		{E5F24ED1-7228-4E08-9B2B-C33F37955D75}.Tele2|Any CPU.ActiveCfg = Release|Any CPU
		{E5F24ED1-7228-4E08-9B2B-C33F37955D75}.Tele2|Any CPU.Build.0 = Release|Any CPU
		{9F586920-D2E0-4335-9F19-C24C0B4862DC}.Bee_test|Any CPU.ActiveCfg = Debug|Any CPU
		{9F586920-D2E0-4335-9F19-C24C0B4862DC}.Bee_test|Any CPU.Build.0 = Debug|Any CPU
		{9F586920-D2E0-4335-9F19-C24C0B4862DC}.Debug|Any CPU.ActiveCfg = Debug|Any CPU
		{9F586920-D2E0-4335-9F19-C24C0B4862DC}.Debug|Any CPU.Build.0 = Debug|Any CPU
		{9F586920-D2E0-4335-9F19-C24C0B4862DC}.Dev|Any CPU.ActiveCfg = Debug|Any CPU
		{9F586920-D2E0-4335-9F19-C24C0B4862DC}.Dev|Any CPU.Build.0 = Debug|Any CPU
		{9F586920-D2E0-4335-9F19-C24C0B4862DC}.Megafon|Any CPU.ActiveCfg = Debug|Any CPU
		{9F586920-D2E0-4335-9F19-C24C0B4862DC}.Megafon|Any CPU.Build.0 = Debug|Any CPU
		{9F586920-D2E0-4335-9F19-C24C0B4862DC}.MTS_Json|Any CPU.ActiveCfg = Release|Any CPU
		{9F586920-D2E0-4335-9F19-C24C0B4862DC}.MTS_Json|Any CPU.Build.0 = Release|Any CPU
		{9F586920-D2E0-4335-9F19-C24C0B4862DC}.MTS_Prod|Any CPU.ActiveCfg = Debug|Any CPU
		{9F586920-D2E0-4335-9F19-C24C0B4862DC}.MTS_Prod|Any CPU.Build.0 = Debug|Any CPU
		{9F586920-D2E0-4335-9F19-C24C0B4862DC}.MTS_Stage|Any CPU.ActiveCfg = Release|Any CPU
		{9F586920-D2E0-4335-9F19-C24C0B4862DC}.MTS_Stage|Any CPU.Build.0 = Release|Any CPU
		{9F586920-D2E0-4335-9F19-C24C0B4862DC}.MTS|Any CPU.ActiveCfg = Debug|Any CPU
		{9F586920-D2E0-4335-9F19-C24C0B4862DC}.MTS|Any CPU.Build.0 = Debug|Any CPU
		{9F586920-D2E0-4335-9F19-C24C0B4862DC}.Release|Any CPU.ActiveCfg = Release|Any CPU
		{9F586920-D2E0-4335-9F19-C24C0B4862DC}.Release|Any CPU.Build.0 = Release|Any CPU
		{9F586920-D2E0-4335-9F19-C24C0B4862DC}.Tele2|Any CPU.ActiveCfg = Debug|Any CPU
		{9F586920-D2E0-4335-9F19-C24C0B4862DC}.Tele2|Any CPU.Build.0 = Debug|Any CPU
		{D894F71E-C027-4B58-8930-1D44A65727CB}.Bee_test|Any CPU.ActiveCfg = Release|Any CPU
		{D894F71E-C027-4B58-8930-1D44A65727CB}.Bee_test|Any CPU.Build.0 = Release|Any CPU
		{D894F71E-C027-4B58-8930-1D44A65727CB}.Debug|Any CPU.ActiveCfg = Debug|Any CPU
		{D894F71E-C027-4B58-8930-1D44A65727CB}.Debug|Any CPU.Build.0 = Debug|Any CPU
		{D894F71E-C027-4B58-8930-1D44A65727CB}.Dev|Any CPU.ActiveCfg = Debug|Any CPU
		{D894F71E-C027-4B58-8930-1D44A65727CB}.Dev|Any CPU.Build.0 = Debug|Any CPU
		{D894F71E-C027-4B58-8930-1D44A65727CB}.Megafon|Any CPU.ActiveCfg = Release|Any CPU
		{D894F71E-C027-4B58-8930-1D44A65727CB}.Megafon|Any CPU.Build.0 = Release|Any CPU
		{D894F71E-C027-4B58-8930-1D44A65727CB}.MTS_Json|Any CPU.ActiveCfg = Release|Any CPU
		{D894F71E-C027-4B58-8930-1D44A65727CB}.MTS_Json|Any CPU.Build.0 = Release|Any CPU
		{D894F71E-C027-4B58-8930-1D44A65727CB}.MTS_Prod|Any CPU.ActiveCfg = Release|Any CPU
		{D894F71E-C027-4B58-8930-1D44A65727CB}.MTS_Prod|Any CPU.Build.0 = Release|Any CPU
		{D894F71E-C027-4B58-8930-1D44A65727CB}.MTS_Stage|Any CPU.ActiveCfg = Release|Any CPU
		{D894F71E-C027-4B58-8930-1D44A65727CB}.MTS_Stage|Any CPU.Build.0 = Release|Any CPU
		{D894F71E-C027-4B58-8930-1D44A65727CB}.MTS|Any CPU.ActiveCfg = Release|Any CPU
		{D894F71E-C027-4B58-8930-1D44A65727CB}.MTS|Any CPU.Build.0 = Release|Any CPU
		{D894F71E-C027-4B58-8930-1D44A65727CB}.Release|Any CPU.ActiveCfg = Release|Any CPU
		{D894F71E-C027-4B58-8930-1D44A65727CB}.Release|Any CPU.Build.0 = Release|Any CPU
		{D894F71E-C027-4B58-8930-1D44A65727CB}.Tele2|Any CPU.ActiveCfg = Release|Any CPU
		{D894F71E-C027-4B58-8930-1D44A65727CB}.Tele2|Any CPU.Build.0 = Release|Any CPU
		{1BC33243-2C97-4C9C-B711-8697E8FD0882}.Bee_test|Any CPU.ActiveCfg = Release|Any CPU
		{1BC33243-2C97-4C9C-B711-8697E8FD0882}.Bee_test|Any CPU.Build.0 = Release|Any CPU
		{1BC33243-2C97-4C9C-B711-8697E8FD0882}.Debug|Any CPU.ActiveCfg = Debug|Any CPU
		{1BC33243-2C97-4C9C-B711-8697E8FD0882}.Debug|Any CPU.Build.0 = Debug|Any CPU
		{1BC33243-2C97-4C9C-B711-8697E8FD0882}.Dev|Any CPU.ActiveCfg = Debug|Any CPU
		{1BC33243-2C97-4C9C-B711-8697E8FD0882}.Dev|Any CPU.Build.0 = Debug|Any CPU
		{1BC33243-2C97-4C9C-B711-8697E8FD0882}.Megafon|Any CPU.ActiveCfg = Release|Any CPU
		{1BC33243-2C97-4C9C-B711-8697E8FD0882}.Megafon|Any CPU.Build.0 = Release|Any CPU
		{1BC33243-2C97-4C9C-B711-8697E8FD0882}.MTS_Json|Any CPU.ActiveCfg = Release|Any CPU
		{1BC33243-2C97-4C9C-B711-8697E8FD0882}.MTS_Json|Any CPU.Build.0 = Release|Any CPU
		{1BC33243-2C97-4C9C-B711-8697E8FD0882}.MTS_Prod|Any CPU.ActiveCfg = Release|Any CPU
		{1BC33243-2C97-4C9C-B711-8697E8FD0882}.MTS_Prod|Any CPU.Build.0 = Release|Any CPU
		{1BC33243-2C97-4C9C-B711-8697E8FD0882}.MTS_Stage|Any CPU.ActiveCfg = Release|Any CPU
		{1BC33243-2C97-4C9C-B711-8697E8FD0882}.MTS_Stage|Any CPU.Build.0 = Release|Any CPU
		{1BC33243-2C97-4C9C-B711-8697E8FD0882}.MTS|Any CPU.ActiveCfg = Release|Any CPU
		{1BC33243-2C97-4C9C-B711-8697E8FD0882}.MTS|Any CPU.Build.0 = Release|Any CPU
		{1BC33243-2C97-4C9C-B711-8697E8FD0882}.Release|Any CPU.ActiveCfg = Release|Any CPU
		{1BC33243-2C97-4C9C-B711-8697E8FD0882}.Release|Any CPU.Build.0 = Release|Any CPU
		{1BC33243-2C97-4C9C-B711-8697E8FD0882}.Tele2|Any CPU.ActiveCfg = Release|Any CPU
		{1BC33243-2C97-4C9C-B711-8697E8FD0882}.Tele2|Any CPU.Build.0 = Release|Any CPU
		{E4B62953-CA39-4D73-9473-21C64101DE17}.Bee_test|Any CPU.ActiveCfg = Release|Any CPU
		{E4B62953-CA39-4D73-9473-21C64101DE17}.Bee_test|Any CPU.Build.0 = Release|Any CPU
		{E4B62953-CA39-4D73-9473-21C64101DE17}.Debug|Any CPU.ActiveCfg = Debug|Any CPU
		{E4B62953-CA39-4D73-9473-21C64101DE17}.Debug|Any CPU.Build.0 = Debug|Any CPU
		{E4B62953-CA39-4D73-9473-21C64101DE17}.Dev|Any CPU.ActiveCfg = Debug|Any CPU
		{E4B62953-CA39-4D73-9473-21C64101DE17}.Dev|Any CPU.Build.0 = Debug|Any CPU
		{E4B62953-CA39-4D73-9473-21C64101DE17}.Megafon|Any CPU.ActiveCfg = Release|Any CPU
		{E4B62953-CA39-4D73-9473-21C64101DE17}.Megafon|Any CPU.Build.0 = Release|Any CPU
		{E4B62953-CA39-4D73-9473-21C64101DE17}.MTS_Json|Any CPU.ActiveCfg = Release|Any CPU
		{E4B62953-CA39-4D73-9473-21C64101DE17}.MTS_Json|Any CPU.Build.0 = Release|Any CPU
		{E4B62953-CA39-4D73-9473-21C64101DE17}.MTS_Prod|Any CPU.ActiveCfg = Release|Any CPU
		{E4B62953-CA39-4D73-9473-21C64101DE17}.MTS_Prod|Any CPU.Build.0 = Release|Any CPU
		{E4B62953-CA39-4D73-9473-21C64101DE17}.MTS_Stage|Any CPU.ActiveCfg = Release|Any CPU
		{E4B62953-CA39-4D73-9473-21C64101DE17}.MTS_Stage|Any CPU.Build.0 = Release|Any CPU
		{E4B62953-CA39-4D73-9473-21C64101DE17}.MTS|Any CPU.ActiveCfg = Release|Any CPU
		{E4B62953-CA39-4D73-9473-21C64101DE17}.MTS|Any CPU.Build.0 = Release|Any CPU
		{E4B62953-CA39-4D73-9473-21C64101DE17}.Release|Any CPU.ActiveCfg = Release|Any CPU
		{E4B62953-CA39-4D73-9473-21C64101DE17}.Release|Any CPU.Build.0 = Release|Any CPU
		{E4B62953-CA39-4D73-9473-21C64101DE17}.Tele2|Any CPU.ActiveCfg = Release|Any CPU
		{E4B62953-CA39-4D73-9473-21C64101DE17}.Tele2|Any CPU.Build.0 = Release|Any CPU
		{03733F0D-60C5-41DB-BBA0-C60658CFF327}.Bee_test|Any CPU.ActiveCfg = Release|Any CPU
		{03733F0D-60C5-41DB-BBA0-C60658CFF327}.Bee_test|Any CPU.Build.0 = Release|Any CPU
		{03733F0D-60C5-41DB-BBA0-C60658CFF327}.Debug|Any CPU.ActiveCfg = Debug|Any CPU
		{03733F0D-60C5-41DB-BBA0-C60658CFF327}.Debug|Any CPU.Build.0 = Debug|Any CPU
		{03733F0D-60C5-41DB-BBA0-C60658CFF327}.Dev|Any CPU.ActiveCfg = Debug|Any CPU
		{03733F0D-60C5-41DB-BBA0-C60658CFF327}.Dev|Any CPU.Build.0 = Debug|Any CPU
		{03733F0D-60C5-41DB-BBA0-C60658CFF327}.Megafon|Any CPU.ActiveCfg = Release|Any CPU
		{03733F0D-60C5-41DB-BBA0-C60658CFF327}.Megafon|Any CPU.Build.0 = Release|Any CPU
		{03733F0D-60C5-41DB-BBA0-C60658CFF327}.MTS_Json|Any CPU.ActiveCfg = Release|Any CPU
		{03733F0D-60C5-41DB-BBA0-C60658CFF327}.MTS_Json|Any CPU.Build.0 = Release|Any CPU
		{03733F0D-60C5-41DB-BBA0-C60658CFF327}.MTS_Prod|Any CPU.ActiveCfg = Release|Any CPU
		{03733F0D-60C5-41DB-BBA0-C60658CFF327}.MTS_Prod|Any CPU.Build.0 = Release|Any CPU
		{03733F0D-60C5-41DB-BBA0-C60658CFF327}.MTS_Stage|Any CPU.ActiveCfg = Release|Any CPU
		{03733F0D-60C5-41DB-BBA0-C60658CFF327}.MTS_Stage|Any CPU.Build.0 = Release|Any CPU
		{03733F0D-60C5-41DB-BBA0-C60658CFF327}.MTS|Any CPU.ActiveCfg = Release|Any CPU
		{03733F0D-60C5-41DB-BBA0-C60658CFF327}.MTS|Any CPU.Build.0 = Release|Any CPU
		{03733F0D-60C5-41DB-BBA0-C60658CFF327}.Release|Any CPU.ActiveCfg = Release|Any CPU
		{03733F0D-60C5-41DB-BBA0-C60658CFF327}.Release|Any CPU.Build.0 = Release|Any CPU
		{03733F0D-60C5-41DB-BBA0-C60658CFF327}.Tele2|Any CPU.ActiveCfg = Release|Any CPU
		{03733F0D-60C5-41DB-BBA0-C60658CFF327}.Tele2|Any CPU.Build.0 = Release|Any CPU
		{705D32CF-038B-405F-8907-706A208C6C96}.Bee_test|Any CPU.ActiveCfg = Debug|Any CPU
		{705D32CF-038B-405F-8907-706A208C6C96}.Bee_test|Any CPU.Build.0 = Debug|Any CPU
		{705D32CF-038B-405F-8907-706A208C6C96}.Debug|Any CPU.ActiveCfg = Debug|Any CPU
		{705D32CF-038B-405F-8907-706A208C6C96}.Debug|Any CPU.Build.0 = Debug|Any CPU
		{705D32CF-038B-405F-8907-706A208C6C96}.Dev|Any CPU.ActiveCfg = Debug|Any CPU
		{705D32CF-038B-405F-8907-706A208C6C96}.Dev|Any CPU.Build.0 = Debug|Any CPU
		{705D32CF-038B-405F-8907-706A208C6C96}.Megafon|Any CPU.ActiveCfg = Debug|Any CPU
		{705D32CF-038B-405F-8907-706A208C6C96}.Megafon|Any CPU.Build.0 = Debug|Any CPU
		{705D32CF-038B-405F-8907-706A208C6C96}.MTS_Json|Any CPU.ActiveCfg = Debug|Any CPU
		{705D32CF-038B-405F-8907-706A208C6C96}.MTS_Json|Any CPU.Build.0 = Debug|Any CPU
		{705D32CF-038B-405F-8907-706A208C6C96}.MTS_Prod|Any CPU.ActiveCfg = Debug|Any CPU
		{705D32CF-038B-405F-8907-706A208C6C96}.MTS_Prod|Any CPU.Build.0 = Debug|Any CPU
		{705D32CF-038B-405F-8907-706A208C6C96}.MTS_Stage|Any CPU.ActiveCfg = Debug|Any CPU
		{705D32CF-038B-405F-8907-706A208C6C96}.MTS_Stage|Any CPU.Build.0 = Debug|Any CPU
		{705D32CF-038B-405F-8907-706A208C6C96}.MTS|Any CPU.ActiveCfg = Debug|Any CPU
		{705D32CF-038B-405F-8907-706A208C6C96}.MTS|Any CPU.Build.0 = Debug|Any CPU
		{705D32CF-038B-405F-8907-706A208C6C96}.Release|Any CPU.ActiveCfg = Release|Any CPU
		{705D32CF-038B-405F-8907-706A208C6C96}.Release|Any CPU.Build.0 = Release|Any CPU
		{705D32CF-038B-405F-8907-706A208C6C96}.Tele2|Any CPU.ActiveCfg = Debug|Any CPU
		{705D32CF-038B-405F-8907-706A208C6C96}.Tele2|Any CPU.Build.0 = Debug|Any CPU
		{081667D3-039A-4A55-80DD-679638D088AB}.Bee_test|Any CPU.ActiveCfg = Debug|Any CPU
		{081667D3-039A-4A55-80DD-679638D088AB}.Bee_test|Any CPU.Build.0 = Debug|Any CPU
		{081667D3-039A-4A55-80DD-679638D088AB}.Debug|Any CPU.ActiveCfg = Debug|Any CPU
		{081667D3-039A-4A55-80DD-679638D088AB}.Debug|Any CPU.Build.0 = Debug|Any CPU
		{081667D3-039A-4A55-80DD-679638D088AB}.Dev|Any CPU.ActiveCfg = Debug|Any CPU
		{081667D3-039A-4A55-80DD-679638D088AB}.Dev|Any CPU.Build.0 = Debug|Any CPU
		{081667D3-039A-4A55-80DD-679638D088AB}.Megafon|Any CPU.ActiveCfg = Debug|Any CPU
		{081667D3-039A-4A55-80DD-679638D088AB}.Megafon|Any CPU.Build.0 = Debug|Any CPU
		{081667D3-039A-4A55-80DD-679638D088AB}.MTS_Json|Any CPU.ActiveCfg = Debug|Any CPU
		{081667D3-039A-4A55-80DD-679638D088AB}.MTS_Json|Any CPU.Build.0 = Debug|Any CPU
		{081667D3-039A-4A55-80DD-679638D088AB}.MTS_Prod|Any CPU.ActiveCfg = Debug|Any CPU
		{081667D3-039A-4A55-80DD-679638D088AB}.MTS_Prod|Any CPU.Build.0 = Debug|Any CPU
		{081667D3-039A-4A55-80DD-679638D088AB}.MTS_Stage|Any CPU.ActiveCfg = Debug|Any CPU
		{081667D3-039A-4A55-80DD-679638D088AB}.MTS_Stage|Any CPU.Build.0 = Debug|Any CPU
		{081667D3-039A-4A55-80DD-679638D088AB}.MTS|Any CPU.ActiveCfg = Debug|Any CPU
		{081667D3-039A-4A55-80DD-679638D088AB}.MTS|Any CPU.Build.0 = Debug|Any CPU
		{081667D3-039A-4A55-80DD-679638D088AB}.Release|Any CPU.ActiveCfg = Release|Any CPU
		{081667D3-039A-4A55-80DD-679638D088AB}.Release|Any CPU.Build.0 = Release|Any CPU
		{081667D3-039A-4A55-80DD-679638D088AB}.Tele2|Any CPU.ActiveCfg = Debug|Any CPU
		{081667D3-039A-4A55-80DD-679638D088AB}.Tele2|Any CPU.Build.0 = Debug|Any CPU
		{CA968B53-92BE-4CCA-9147-D59EAEC35BD9}.Bee_test|Any CPU.ActiveCfg = Debug|Any CPU
		{CA968B53-92BE-4CCA-9147-D59EAEC35BD9}.Bee_test|Any CPU.Build.0 = Debug|Any CPU
		{CA968B53-92BE-4CCA-9147-D59EAEC35BD9}.Debug|Any CPU.ActiveCfg = Debug|Any CPU
		{CA968B53-92BE-4CCA-9147-D59EAEC35BD9}.Debug|Any CPU.Build.0 = Debug|Any CPU
		{CA968B53-92BE-4CCA-9147-D59EAEC35BD9}.Dev|Any CPU.ActiveCfg = Debug|Any CPU
		{CA968B53-92BE-4CCA-9147-D59EAEC35BD9}.Dev|Any CPU.Build.0 = Debug|Any CPU
		{CA968B53-92BE-4CCA-9147-D59EAEC35BD9}.Megafon|Any CPU.ActiveCfg = Debug|Any CPU
		{CA968B53-92BE-4CCA-9147-D59EAEC35BD9}.Megafon|Any CPU.Build.0 = Debug|Any CPU
		{CA968B53-92BE-4CCA-9147-D59EAEC35BD9}.MTS_Json|Any CPU.ActiveCfg = Debug|Any CPU
		{CA968B53-92BE-4CCA-9147-D59EAEC35BD9}.MTS_Json|Any CPU.Build.0 = Debug|Any CPU
		{CA968B53-92BE-4CCA-9147-D59EAEC35BD9}.MTS_Prod|Any CPU.ActiveCfg = Debug|Any CPU
		{CA968B53-92BE-4CCA-9147-D59EAEC35BD9}.MTS_Prod|Any CPU.Build.0 = Debug|Any CPU
		{CA968B53-92BE-4CCA-9147-D59EAEC35BD9}.MTS_Stage|Any CPU.ActiveCfg = Debug|Any CPU
		{CA968B53-92BE-4CCA-9147-D59EAEC35BD9}.MTS_Stage|Any CPU.Build.0 = Debug|Any CPU
		{CA968B53-92BE-4CCA-9147-D59EAEC35BD9}.MTS|Any CPU.ActiveCfg = Debug|Any CPU
		{CA968B53-92BE-4CCA-9147-D59EAEC35BD9}.MTS|Any CPU.Build.0 = Debug|Any CPU
		{CA968B53-92BE-4CCA-9147-D59EAEC35BD9}.Release|Any CPU.ActiveCfg = Release|Any CPU
		{CA968B53-92BE-4CCA-9147-D59EAEC35BD9}.Release|Any CPU.Build.0 = Release|Any CPU
		{CA968B53-92BE-4CCA-9147-D59EAEC35BD9}.Tele2|Any CPU.ActiveCfg = Debug|Any CPU
		{CA968B53-92BE-4CCA-9147-D59EAEC35BD9}.Tele2|Any CPU.Build.0 = Debug|Any CPU
		{B378D3A8-EF46-408F-9869-FFBDE85B934B}.Bee_test|Any CPU.ActiveCfg = Debug|Any CPU
		{B378D3A8-EF46-408F-9869-FFBDE85B934B}.Bee_test|Any CPU.Build.0 = Debug|Any CPU
		{B378D3A8-EF46-408F-9869-FFBDE85B934B}.Debug|Any CPU.ActiveCfg = Debug|Any CPU
		{B378D3A8-EF46-408F-9869-FFBDE85B934B}.Debug|Any CPU.Build.0 = Debug|Any CPU
		{B378D3A8-EF46-408F-9869-FFBDE85B934B}.Dev|Any CPU.ActiveCfg = Debug|Any CPU
		{B378D3A8-EF46-408F-9869-FFBDE85B934B}.Dev|Any CPU.Build.0 = Debug|Any CPU
		{B378D3A8-EF46-408F-9869-FFBDE85B934B}.Megafon|Any CPU.ActiveCfg = Debug|Any CPU
		{B378D3A8-EF46-408F-9869-FFBDE85B934B}.Megafon|Any CPU.Build.0 = Debug|Any CPU
		{B378D3A8-EF46-408F-9869-FFBDE85B934B}.MTS_Json|Any CPU.ActiveCfg = Debug|Any CPU
		{B378D3A8-EF46-408F-9869-FFBDE85B934B}.MTS_Json|Any CPU.Build.0 = Debug|Any CPU
		{B378D3A8-EF46-408F-9869-FFBDE85B934B}.MTS_Prod|Any CPU.ActiveCfg = Debug|Any CPU
		{B378D3A8-EF46-408F-9869-FFBDE85B934B}.MTS_Prod|Any CPU.Build.0 = Debug|Any CPU
		{B378D3A8-EF46-408F-9869-FFBDE85B934B}.MTS_Stage|Any CPU.ActiveCfg = Debug|Any CPU
		{B378D3A8-EF46-408F-9869-FFBDE85B934B}.MTS_Stage|Any CPU.Build.0 = Debug|Any CPU
		{B378D3A8-EF46-408F-9869-FFBDE85B934B}.MTS|Any CPU.ActiveCfg = Debug|Any CPU
		{B378D3A8-EF46-408F-9869-FFBDE85B934B}.MTS|Any CPU.Build.0 = Debug|Any CPU
		{B378D3A8-EF46-408F-9869-FFBDE85B934B}.Release|Any CPU.ActiveCfg = Release|Any CPU
		{B378D3A8-EF46-408F-9869-FFBDE85B934B}.Release|Any CPU.Build.0 = Release|Any CPU
		{B378D3A8-EF46-408F-9869-FFBDE85B934B}.Tele2|Any CPU.ActiveCfg = Debug|Any CPU
		{B378D3A8-EF46-408F-9869-FFBDE85B934B}.Tele2|Any CPU.Build.0 = Debug|Any CPU
		{A92ADEFA-5229-4BE3-AEFC-925EA55A8848}.Bee_test|Any CPU.ActiveCfg = Debug|Any CPU
		{A92ADEFA-5229-4BE3-AEFC-925EA55A8848}.Bee_test|Any CPU.Build.0 = Debug|Any CPU
		{A92ADEFA-5229-4BE3-AEFC-925EA55A8848}.Debug|Any CPU.ActiveCfg = Debug|Any CPU
		{A92ADEFA-5229-4BE3-AEFC-925EA55A8848}.Debug|Any CPU.Build.0 = Debug|Any CPU
		{A92ADEFA-5229-4BE3-AEFC-925EA55A8848}.Dev|Any CPU.ActiveCfg = Debug|Any CPU
		{A92ADEFA-5229-4BE3-AEFC-925EA55A8848}.Dev|Any CPU.Build.0 = Debug|Any CPU
		{A92ADEFA-5229-4BE3-AEFC-925EA55A8848}.Megafon|Any CPU.ActiveCfg = Debug|Any CPU
		{A92ADEFA-5229-4BE3-AEFC-925EA55A8848}.Megafon|Any CPU.Build.0 = Debug|Any CPU
		{A92ADEFA-5229-4BE3-AEFC-925EA55A8848}.MTS_Json|Any CPU.ActiveCfg = Debug|Any CPU
		{A92ADEFA-5229-4BE3-AEFC-925EA55A8848}.MTS_Json|Any CPU.Build.0 = Debug|Any CPU
		{A92ADEFA-5229-4BE3-AEFC-925EA55A8848}.MTS_Prod|Any CPU.ActiveCfg = Debug|Any CPU
		{A92ADEFA-5229-4BE3-AEFC-925EA55A8848}.MTS_Prod|Any CPU.Build.0 = Debug|Any CPU
		{A92ADEFA-5229-4BE3-AEFC-925EA55A8848}.MTS_Stage|Any CPU.ActiveCfg = Debug|Any CPU
		{A92ADEFA-5229-4BE3-AEFC-925EA55A8848}.MTS_Stage|Any CPU.Build.0 = Debug|Any CPU
		{A92ADEFA-5229-4BE3-AEFC-925EA55A8848}.MTS|Any CPU.ActiveCfg = Debug|Any CPU
		{A92ADEFA-5229-4BE3-AEFC-925EA55A8848}.MTS|Any CPU.Build.0 = Debug|Any CPU
		{A92ADEFA-5229-4BE3-AEFC-925EA55A8848}.Release|Any CPU.ActiveCfg = Release|Any CPU
		{A92ADEFA-5229-4BE3-AEFC-925EA55A8848}.Release|Any CPU.Build.0 = Release|Any CPU
		{A92ADEFA-5229-4BE3-AEFC-925EA55A8848}.Tele2|Any CPU.ActiveCfg = Debug|Any CPU
		{A92ADEFA-5229-4BE3-AEFC-925EA55A8848}.Tele2|Any CPU.Build.0 = Debug|Any CPU
		{D353984A-C50B-4F91-80F2-73FA193FEE64}.Bee_test|Any CPU.ActiveCfg = Debug|Any CPU
		{D353984A-C50B-4F91-80F2-73FA193FEE64}.Bee_test|Any CPU.Build.0 = Debug|Any CPU
		{D353984A-C50B-4F91-80F2-73FA193FEE64}.Debug|Any CPU.ActiveCfg = Debug|Any CPU
		{D353984A-C50B-4F91-80F2-73FA193FEE64}.Debug|Any CPU.Build.0 = Debug|Any CPU
		{D353984A-C50B-4F91-80F2-73FA193FEE64}.Dev|Any CPU.ActiveCfg = Debug|Any CPU
		{D353984A-C50B-4F91-80F2-73FA193FEE64}.Dev|Any CPU.Build.0 = Debug|Any CPU
		{D353984A-C50B-4F91-80F2-73FA193FEE64}.Megafon|Any CPU.ActiveCfg = Debug|Any CPU
		{D353984A-C50B-4F91-80F2-73FA193FEE64}.Megafon|Any CPU.Build.0 = Debug|Any CPU
		{D353984A-C50B-4F91-80F2-73FA193FEE64}.MTS_Json|Any CPU.ActiveCfg = Debug|Any CPU
		{D353984A-C50B-4F91-80F2-73FA193FEE64}.MTS_Json|Any CPU.Build.0 = Debug|Any CPU
		{D353984A-C50B-4F91-80F2-73FA193FEE64}.MTS_Prod|Any CPU.ActiveCfg = Debug|Any CPU
		{D353984A-C50B-4F91-80F2-73FA193FEE64}.MTS_Prod|Any CPU.Build.0 = Debug|Any CPU
		{D353984A-C50B-4F91-80F2-73FA193FEE64}.MTS_Stage|Any CPU.ActiveCfg = Debug|Any CPU
		{D353984A-C50B-4F91-80F2-73FA193FEE64}.MTS_Stage|Any CPU.Build.0 = Debug|Any CPU
		{D353984A-C50B-4F91-80F2-73FA193FEE64}.MTS|Any CPU.ActiveCfg = Debug|Any CPU
		{D353984A-C50B-4F91-80F2-73FA193FEE64}.MTS|Any CPU.Build.0 = Debug|Any CPU
		{D353984A-C50B-4F91-80F2-73FA193FEE64}.Release|Any CPU.ActiveCfg = Release|Any CPU
		{D353984A-C50B-4F91-80F2-73FA193FEE64}.Release|Any CPU.Build.0 = Release|Any CPU
		{D353984A-C50B-4F91-80F2-73FA193FEE64}.Tele2|Any CPU.ActiveCfg = Debug|Any CPU
		{D353984A-C50B-4F91-80F2-73FA193FEE64}.Tele2|Any CPU.Build.0 = Debug|Any CPU
		{B2B6FF49-DD74-47E9-92EC-31F8339A6195}.Bee_test|Any CPU.ActiveCfg = Debug|Any CPU
		{B2B6FF49-DD74-47E9-92EC-31F8339A6195}.Bee_test|Any CPU.Build.0 = Debug|Any CPU
		{B2B6FF49-DD74-47E9-92EC-31F8339A6195}.Debug|Any CPU.ActiveCfg = Debug|Any CPU
		{B2B6FF49-DD74-47E9-92EC-31F8339A6195}.Debug|Any CPU.Build.0 = Debug|Any CPU
		{B2B6FF49-DD74-47E9-92EC-31F8339A6195}.Dev|Any CPU.ActiveCfg = Debug|Any CPU
		{B2B6FF49-DD74-47E9-92EC-31F8339A6195}.Dev|Any CPU.Build.0 = Debug|Any CPU
		{B2B6FF49-DD74-47E9-92EC-31F8339A6195}.Megafon|Any CPU.ActiveCfg = Debug|Any CPU
		{B2B6FF49-DD74-47E9-92EC-31F8339A6195}.Megafon|Any CPU.Build.0 = Debug|Any CPU
		{B2B6FF49-DD74-47E9-92EC-31F8339A6195}.MTS_Json|Any CPU.ActiveCfg = Debug|Any CPU
		{B2B6FF49-DD74-47E9-92EC-31F8339A6195}.MTS_Json|Any CPU.Build.0 = Debug|Any CPU
		{B2B6FF49-DD74-47E9-92EC-31F8339A6195}.MTS_Prod|Any CPU.ActiveCfg = Debug|Any CPU
		{B2B6FF49-DD74-47E9-92EC-31F8339A6195}.MTS_Prod|Any CPU.Build.0 = Debug|Any CPU
		{B2B6FF49-DD74-47E9-92EC-31F8339A6195}.MTS_Stage|Any CPU.ActiveCfg = Debug|Any CPU
		{B2B6FF49-DD74-47E9-92EC-31F8339A6195}.MTS_Stage|Any CPU.Build.0 = Debug|Any CPU
		{B2B6FF49-DD74-47E9-92EC-31F8339A6195}.MTS|Any CPU.ActiveCfg = Debug|Any CPU
		{B2B6FF49-DD74-47E9-92EC-31F8339A6195}.MTS|Any CPU.Build.0 = Debug|Any CPU
		{B2B6FF49-DD74-47E9-92EC-31F8339A6195}.Release|Any CPU.ActiveCfg = Release|Any CPU
		{B2B6FF49-DD74-47E9-92EC-31F8339A6195}.Release|Any CPU.Build.0 = Release|Any CPU
		{B2B6FF49-DD74-47E9-92EC-31F8339A6195}.Tele2|Any CPU.ActiveCfg = Debug|Any CPU
		{B2B6FF49-DD74-47E9-92EC-31F8339A6195}.Tele2|Any CPU.Build.0 = Debug|Any CPU
		{70C8EEAE-3FFA-4B32-B276-8DA91D91A7F3}.Bee_test|Any CPU.ActiveCfg = Debug|Any CPU
		{70C8EEAE-3FFA-4B32-B276-8DA91D91A7F3}.Bee_test|Any CPU.Build.0 = Debug|Any CPU
		{70C8EEAE-3FFA-4B32-B276-8DA91D91A7F3}.Debug|Any CPU.ActiveCfg = Debug|Any CPU
		{70C8EEAE-3FFA-4B32-B276-8DA91D91A7F3}.Debug|Any CPU.Build.0 = Debug|Any CPU
		{70C8EEAE-3FFA-4B32-B276-8DA91D91A7F3}.Dev|Any CPU.ActiveCfg = Debug|Any CPU
		{70C8EEAE-3FFA-4B32-B276-8DA91D91A7F3}.Dev|Any CPU.Build.0 = Debug|Any CPU
		{70C8EEAE-3FFA-4B32-B276-8DA91D91A7F3}.Megafon|Any CPU.ActiveCfg = Debug|Any CPU
		{70C8EEAE-3FFA-4B32-B276-8DA91D91A7F3}.Megafon|Any CPU.Build.0 = Debug|Any CPU
		{70C8EEAE-3FFA-4B32-B276-8DA91D91A7F3}.MTS_Json|Any CPU.ActiveCfg = Debug|Any CPU
		{70C8EEAE-3FFA-4B32-B276-8DA91D91A7F3}.MTS_Json|Any CPU.Build.0 = Debug|Any CPU
		{70C8EEAE-3FFA-4B32-B276-8DA91D91A7F3}.MTS_Prod|Any CPU.ActiveCfg = Debug|Any CPU
		{70C8EEAE-3FFA-4B32-B276-8DA91D91A7F3}.MTS_Prod|Any CPU.Build.0 = Debug|Any CPU
		{70C8EEAE-3FFA-4B32-B276-8DA91D91A7F3}.MTS_Stage|Any CPU.ActiveCfg = Debug|Any CPU
		{70C8EEAE-3FFA-4B32-B276-8DA91D91A7F3}.MTS_Stage|Any CPU.Build.0 = Debug|Any CPU
		{70C8EEAE-3FFA-4B32-B276-8DA91D91A7F3}.MTS|Any CPU.ActiveCfg = Debug|Any CPU
		{70C8EEAE-3FFA-4B32-B276-8DA91D91A7F3}.MTS|Any CPU.Build.0 = Debug|Any CPU
		{70C8EEAE-3FFA-4B32-B276-8DA91D91A7F3}.Release|Any CPU.ActiveCfg = Release|Any CPU
		{70C8EEAE-3FFA-4B32-B276-8DA91D91A7F3}.Release|Any CPU.Build.0 = Release|Any CPU
		{70C8EEAE-3FFA-4B32-B276-8DA91D91A7F3}.Tele2|Any CPU.ActiveCfg = Debug|Any CPU
		{70C8EEAE-3FFA-4B32-B276-8DA91D91A7F3}.Tele2|Any CPU.Build.0 = Debug|Any CPU
		{65838F7C-BAEC-402F-8FC6-0A3E104D291D}.Bee_test|Any CPU.ActiveCfg = Debug|Any CPU
		{65838F7C-BAEC-402F-8FC6-0A3E104D291D}.Bee_test|Any CPU.Build.0 = Debug|Any CPU
		{65838F7C-BAEC-402F-8FC6-0A3E104D291D}.Debug|Any CPU.ActiveCfg = Debug|Any CPU
		{65838F7C-BAEC-402F-8FC6-0A3E104D291D}.Debug|Any CPU.Build.0 = Debug|Any CPU
		{65838F7C-BAEC-402F-8FC6-0A3E104D291D}.Dev|Any CPU.ActiveCfg = Debug|Any CPU
		{65838F7C-BAEC-402F-8FC6-0A3E104D291D}.Dev|Any CPU.Build.0 = Debug|Any CPU
		{65838F7C-BAEC-402F-8FC6-0A3E104D291D}.Megafon|Any CPU.ActiveCfg = Debug|Any CPU
		{65838F7C-BAEC-402F-8FC6-0A3E104D291D}.Megafon|Any CPU.Build.0 = Debug|Any CPU
		{65838F7C-BAEC-402F-8FC6-0A3E104D291D}.MTS_Json|Any CPU.ActiveCfg = Debug|Any CPU
		{65838F7C-BAEC-402F-8FC6-0A3E104D291D}.MTS_Json|Any CPU.Build.0 = Debug|Any CPU
		{65838F7C-BAEC-402F-8FC6-0A3E104D291D}.MTS_Prod|Any CPU.ActiveCfg = Debug|Any CPU
		{65838F7C-BAEC-402F-8FC6-0A3E104D291D}.MTS_Prod|Any CPU.Build.0 = Debug|Any CPU
		{65838F7C-BAEC-402F-8FC6-0A3E104D291D}.MTS_Stage|Any CPU.ActiveCfg = Debug|Any CPU
		{65838F7C-BAEC-402F-8FC6-0A3E104D291D}.MTS_Stage|Any CPU.Build.0 = Debug|Any CPU
		{65838F7C-BAEC-402F-8FC6-0A3E104D291D}.MTS|Any CPU.ActiveCfg = Debug|Any CPU
		{65838F7C-BAEC-402F-8FC6-0A3E104D291D}.MTS|Any CPU.Build.0 = Debug|Any CPU
		{65838F7C-BAEC-402F-8FC6-0A3E104D291D}.Release|Any CPU.ActiveCfg = Release|Any CPU
		{65838F7C-BAEC-402F-8FC6-0A3E104D291D}.Release|Any CPU.Build.0 = Release|Any CPU
		{65838F7C-BAEC-402F-8FC6-0A3E104D291D}.Tele2|Any CPU.ActiveCfg = Debug|Any CPU
		{65838F7C-BAEC-402F-8FC6-0A3E104D291D}.Tele2|Any CPU.Build.0 = Debug|Any CPU
	EndGlobalSection
	GlobalSection(SolutionProperties) = preSolution
		HideSolutionNode = FALSE
	EndGlobalSection
	GlobalSection(NestedProjects) = preSolution
		{5AF860A1-97A7-4C36-9496-21054975E226} = {AB0E48A6-4C45-4470-9FE4-0213262054A6}
		{4BAEAE00-DA81-49DC-8B75-475724D4C4C2} = {AB0E48A6-4C45-4470-9FE4-0213262054A6}
		{722A9ABE-56A0-46ED-89C8-ABCA3AAC54E5} = {9E374573-BDFB-453D-B9A7-D098D2E295C5}
		{30CE970F-DC61-40B7-9625-44A70E8BEAF8} = {AB0E48A6-4C45-4470-9FE4-0213262054A6}
		{B06F1098-5BA5-48D2-A81F-4BAADE9ADACC} = {9E374573-BDFB-453D-B9A7-D098D2E295C5}
		{7F8AC7E1-5857-4383-A542-BBC1E9CD7609} = {06D27517-93E4-45A2-9286-E5B3A7F91BF7}
		{08B8D510-2309-425F-B3E3-DD9DCDB3497F} = {06D27517-93E4-45A2-9286-E5B3A7F91BF7}
		{54C5A130-E1F2-4971-A76A-C7991FC456AA} = {AB0E48A6-4C45-4470-9FE4-0213262054A6}
		{8516B769-6B89-4E24-BEF7-3C4B1924A11A} = {6B8EF7FB-0D20-4D5B-B5C8-98648657CC0B}
		{D321028F-16DD-480A-923E-8451140B3926} = {9E374573-BDFB-453D-B9A7-D098D2E295C5}
		{0C29C41B-87D1-462F-9C33-C875C76D464D} = {6B8EF7FB-0D20-4D5B-B5C8-98648657CC0B}
		{8AC337D0-15BE-4A60-9166-B7EEAE3D5B32} = {AB0E48A6-4C45-4470-9FE4-0213262054A6}
		{56E7FB60-0511-4BC7-9091-99C91D4CA5F7} = {AB0E48A6-4C45-4470-9FE4-0213262054A6}
		{DC1022BC-9FB5-498F-AF48-BDE521AA5B4C} = {6B8EF7FB-0D20-4D5B-B5C8-98648657CC0B}
		{B946F700-B9DF-41EA-9203-484303757C97} = {4AF1C2D3-1B2A-40DA-A685-32F292738E01}
		{AD3609FC-0781-432A-912B-FDD3B1FB773C} = {3CFD0424-6D77-42E4-8E77-716107622B27}
		{7BF30688-370A-4290-89E4-EF9181D373E4} = {AB0E48A6-4C45-4470-9FE4-0213262054A6}
		{FD13BB50-4C6C-4B4C-A343-9B44C089BA98} = {9E374573-BDFB-453D-B9A7-D098D2E295C5}
		{749FE9E8-3678-497B-948F-F0B0135E2D97} = {AB0E48A6-4C45-4470-9FE4-0213262054A6}
		{F14BB090-9951-49BA-BE2B-80027F155D65} = {3CFD0424-6D77-42E4-8E77-716107622B27}
		{B5EACF01-4B71-47B6-83F0-C6A27F18333D} = {1B0D546F-6CAC-4069-8B99-9CC4328C4B0E}
		{71121A6B-3673-4CC1-A97A-610E9C33F33A} = {AB0E48A6-4C45-4470-9FE4-0213262054A6}
		{1B4547C9-EA65-4025-A940-A1516EA460D3} = {AB0E48A6-4C45-4470-9FE4-0213262054A6}
		{D0E2CB2D-042A-4882-8E6D-BBB0966FB47B} = {4AF1C2D3-1B2A-40DA-A685-32F292738E01}
		{EF2CA54C-748B-4E29-9EE2-15DE0DB5BFD6} = {1B0D546F-6CAC-4069-8B99-9CC4328C4B0E}
		{B48876AB-8BC5-4D53-8D23-C725E2247A4D} = {9E374573-BDFB-453D-B9A7-D098D2E295C5}
		{8EE920A3-9A9F-49F4-91DE-153E283F753C} = {06D27517-93E4-45A2-9286-E5B3A7F91BF7}
		{08DE5738-45F8-47B9-B828-D657223EAE51} = {064EB671-0575-4864-AEB9-84B6D08F029B}
		{3B949EFD-3D99-4915-ADA1-AA74025156EA} = {064EB671-0575-4864-AEB9-84B6D08F029B}
		{DEEDCDEE-A343-4B63-8905-3A549F505002} = {9E374573-BDFB-453D-B9A7-D098D2E295C5}
		{BDA5817B-BE73-4FC3-9B64-E85599BF7E51} = {5F3FA71D-494E-445E-B5AB-823BBDD911FD}
		{E5F24ED1-7228-4E08-9B2B-C33F37955D75} = {AB0E48A6-4C45-4470-9FE4-0213262054A6}
		{9F586920-D2E0-4335-9F19-C24C0B4862DC} = {064EB671-0575-4864-AEB9-84B6D08F029B}
		{D894F71E-C027-4B58-8930-1D44A65727CB} = {AB0E48A6-4C45-4470-9FE4-0213262054A6}
		{1BC33243-2C97-4C9C-B711-8697E8FD0882} = {AB0E48A6-4C45-4470-9FE4-0213262054A6}
		{E4B62953-CA39-4D73-9473-21C64101DE17} = {3CFD0424-6D77-42E4-8E77-716107622B27}
		{03733F0D-60C5-41DB-BBA0-C60658CFF327} = {9E374573-BDFB-453D-B9A7-D098D2E295C5}
		{705D32CF-038B-405F-8907-706A208C6C96} = {AB0E48A6-4C45-4470-9FE4-0213262054A6}
		{081667D3-039A-4A55-80DD-679638D088AB} = {AB0E48A6-4C45-4470-9FE4-0213262054A6}
		{CA968B53-92BE-4CCA-9147-D59EAEC35BD9} = {9E374573-BDFB-453D-B9A7-D098D2E295C5}
		{B378D3A8-EF46-408F-9869-FFBDE85B934B} = {AB0E48A6-4C45-4470-9FE4-0213262054A6}
		{A92ADEFA-5229-4BE3-AEFC-925EA55A8848} = {BD97F8FF-249D-4776-8C46-6346C8E29ADA}
		{D353984A-C50B-4F91-80F2-73FA193FEE64} = {AB0E48A6-4C45-4470-9FE4-0213262054A6}
		{B2B6FF49-DD74-47E9-92EC-31F8339A6195} = {AB0E48A6-4C45-4470-9FE4-0213262054A6}
		{70C8EEAE-3FFA-4B32-B276-8DA91D91A7F3} = {AB0E48A6-4C45-4470-9FE4-0213262054A6}
		{65838F7C-BAEC-402F-8FC6-0A3E104D291D} = {4AF1C2D3-1B2A-40DA-A685-32F292738E01}
	EndGlobalSection
	GlobalSection(ExtensibilityGlobals) = postSolution
		SolutionGuid = {4E53AF99-AD67-41FE-A509-408818971ABB}
		EnterpriseLibraryConfigurationToolBinariesPathV6 = packages\EnterpriseLibrary.Common.6.0.1304.0\lib\NET45;packages\EnterpriseLibrary.Validation.6.0.1304.0\lib\NET45
	EndGlobalSection
EndGlobal
