
Microsoft Visual Studio Solution File, Format Version 12.00
# Visual Studio 14
VisualStudioVersion = 14.0.25123.0
MinimumVisualStudioVersion = 10.0.40219.1
Project("{FAE04EC0-301F-11D3-BF4B-00C04F79EFBC}") = "QA.ProductCatalog.SiteSyncWebHost", "QA.ProductCatalog.SiteSyncWebHost\QA.ProductCatalog.SiteSyncWebHost.csproj", "{375EC380-2D28-47CF-80A2-F7AB84123883}"
EndProject
Project("{FAE04EC0-301F-11D3-BF4B-00C04F79EFBC}") = "QA.Core.DPC.Integration", "QA.Core.DPC.Integration\QA.Core.DPC.Integration.csproj", "{71121A6B-3673-4CC1-A97A-610E9C33F33A}"
EndProject
Project("{2150E333-8FDC-42A3-9474-1A3956D46DE8}") = "Core", "Core", "{5F456B86-6814-47F9-8A84-645792224BD1}"
EndProject
Project("{FAE04EC0-301F-11D3-BF4B-00C04F79EFBC}") = "QA.ProductCatalog.Integration", "QA.ProductCatalog.Integration\QA.ProductCatalog.Integration.csproj", "{54C5A130-E1F2-4971-A76A-C7991FC456AA}"
EndProject
Project("{FAE04EC0-301F-11D3-BF4B-00C04F79EFBC}") = "QA.ProductCatalog.Infrastructure", "QA.ProductCatalog.Infrastructure\QA.ProductCatalog.Infrastructure.csproj", "{5AF860A1-97A7-4C36-9496-21054975E226}"
EndProject
Project("{FAE04EC0-301F-11D3-BF4B-00C04F79EFBC}") = "QA.Core.Models", "QA.Core.Models\QA.Core.Models.csproj", "{4BAEAE00-DA81-49DC-8B75-475724D4C4C2}"
EndProject
Project("{2150E333-8FDC-42A3-9474-1A3956D46DE8}") = ".nuget", ".nuget", "{AC57F749-DB69-4285-9E2A-3480424AFB05}"
	ProjectSection(SolutionItems) = preProject
		nuget.config = nuget.config
	EndProjectSection
EndProject
Project("{FAE04EC0-301F-11D3-BF4B-00C04F79EFBC}") = "QA.Core.DPC.Formatters", "QA.Core.DPC.Formatters\QA.Core.DPC.Formatters.csproj", "{749FE9E8-3678-497B-948F-F0B0135E2D97}"
EndProject
Project("{FAE04EC0-301F-11D3-BF4B-00C04F79EFBC}") = "QA.Core.DPC.Loader", "QA.Core.DPC.Loader\QA.Core.DPC.Loader.csproj", "{30CE970F-DC61-40B7-9625-44A70E8BEAF8}"
EndProject
Project("{FAE04EC0-301F-11D3-BF4B-00C04F79EFBC}") = "QA.Core.DocumentGenerator", "QA.Core.DocumentGenerator\QA.Core.DocumentGenerator.csproj", "{7BF30688-370A-4290-89E4-EF9181D373E4}"
EndProject
Global
	GlobalSection(SolutionConfigurationPlatforms) = preSolution
		Bee_test|Any CPU = Bee_test|Any CPU
		Debug|Any CPU = Debug|Any CPU
		Megafon|Any CPU = Megafon|Any CPU
		MTS_Json|Any CPU = MTS_Json|Any CPU
		MTS_Prod|Any CPU = MTS_Prod|Any CPU
		MTS_Stage|Any CPU = MTS_Stage|Any CPU
		MTS|Any CPU = MTS|Any CPU
		Release|Any CPU = Release|Any CPU
		Tele2|Any CPU = Tele2|Any CPU
	EndGlobalSection
	GlobalSection(ProjectConfigurationPlatforms) = postSolution
		{375EC380-2D28-47CF-80A2-F7AB84123883}.Bee_test|Any CPU.ActiveCfg = Release|Any CPU
		{375EC380-2D28-47CF-80A2-F7AB84123883}.Bee_test|Any CPU.Build.0 = Release|Any CPU
		{375EC380-2D28-47CF-80A2-F7AB84123883}.Debug|Any CPU.ActiveCfg = Debug|Any CPU
		{375EC380-2D28-47CF-80A2-F7AB84123883}.Debug|Any CPU.Build.0 = Debug|Any CPU
		{375EC380-2D28-47CF-80A2-F7AB84123883}.Megafon|Any CPU.ActiveCfg = Release|Any CPU
		{375EC380-2D28-47CF-80A2-F7AB84123883}.Megafon|Any CPU.Build.0 = Release|Any CPU
		{375EC380-2D28-47CF-80A2-F7AB84123883}.MTS_Json|Any CPU.ActiveCfg = MTS_Json|Any CPU
		{375EC380-2D28-47CF-80A2-F7AB84123883}.MTS_Json|Any CPU.Build.0 = MTS_Json|Any CPU
		{375EC380-2D28-47CF-80A2-F7AB84123883}.MTS_Prod|Any CPU.ActiveCfg = MTS_Prod|Any CPU
		{375EC380-2D28-47CF-80A2-F7AB84123883}.MTS_Prod|Any CPU.Build.0 = MTS_Prod|Any CPU
		{375EC380-2D28-47CF-80A2-F7AB84123883}.MTS_Stage|Any CPU.ActiveCfg = MTS_Stage|Any CPU
		{375EC380-2D28-47CF-80A2-F7AB84123883}.MTS_Stage|Any CPU.Build.0 = MTS_Stage|Any CPU
		{375EC380-2D28-47CF-80A2-F7AB84123883}.MTS|Any CPU.ActiveCfg = MTS|Any CPU
		{375EC380-2D28-47CF-80A2-F7AB84123883}.MTS|Any CPU.Build.0 = MTS|Any CPU
		{375EC380-2D28-47CF-80A2-F7AB84123883}.Release|Any CPU.ActiveCfg = Release|Any CPU
		{375EC380-2D28-47CF-80A2-F7AB84123883}.Release|Any CPU.Build.0 = Release|Any CPU
		{375EC380-2D28-47CF-80A2-F7AB84123883}.Tele2|Any CPU.ActiveCfg = Tele2|Any CPU
		{375EC380-2D28-47CF-80A2-F7AB84123883}.Tele2|Any CPU.Build.0 = Tele2|Any CPU
		{71121A6B-3673-4CC1-A97A-610E9C33F33A}.Bee_test|Any CPU.ActiveCfg = Release|Any CPU
		{71121A6B-3673-4CC1-A97A-610E9C33F33A}.Bee_test|Any CPU.Build.0 = Release|Any CPU
		{71121A6B-3673-4CC1-A97A-610E9C33F33A}.Debug|Any CPU.ActiveCfg = Debug|Any CPU
		{71121A6B-3673-4CC1-A97A-610E9C33F33A}.Debug|Any CPU.Build.0 = Debug|Any CPU
		{71121A6B-3673-4CC1-A97A-610E9C33F33A}.Megafon|Any CPU.ActiveCfg = Release|Any CPU
		{71121A6B-3673-4CC1-A97A-610E9C33F33A}.Megafon|Any CPU.Build.0 = Release|Any CPU
		{71121A6B-3673-4CC1-A97A-610E9C33F33A}.MTS_Json|Any CPU.ActiveCfg = Debug|Any CPU
		{71121A6B-3673-4CC1-A97A-610E9C33F33A}.MTS_Json|Any CPU.Build.0 = Debug|Any CPU
		{71121A6B-3673-4CC1-A97A-610E9C33F33A}.MTS_Prod|Any CPU.ActiveCfg = MTS_Prod|Any CPU
		{71121A6B-3673-4CC1-A97A-610E9C33F33A}.MTS_Prod|Any CPU.Build.0 = MTS_Prod|Any CPU
		{71121A6B-3673-4CC1-A97A-610E9C33F33A}.MTS_Stage|Any CPU.ActiveCfg = Debug|Any CPU
		{71121A6B-3673-4CC1-A97A-610E9C33F33A}.MTS_Stage|Any CPU.Build.0 = Debug|Any CPU
		{71121A6B-3673-4CC1-A97A-610E9C33F33A}.MTS|Any CPU.ActiveCfg = Debug|Any CPU
		{71121A6B-3673-4CC1-A97A-610E9C33F33A}.MTS|Any CPU.Build.0 = Debug|Any CPU
		{71121A6B-3673-4CC1-A97A-610E9C33F33A}.Release|Any CPU.ActiveCfg = Release|Any CPU
		{71121A6B-3673-4CC1-A97A-610E9C33F33A}.Release|Any CPU.Build.0 = Release|Any CPU
		{71121A6B-3673-4CC1-A97A-610E9C33F33A}.Tele2|Any CPU.ActiveCfg = Tele2|Any CPU
		{71121A6B-3673-4CC1-A97A-610E9C33F33A}.Tele2|Any CPU.Build.0 = Tele2|Any CPU
		{54C5A130-E1F2-4971-A76A-C7991FC456AA}.Bee_test|Any CPU.ActiveCfg = Bee_test|Any CPU
		{54C5A130-E1F2-4971-A76A-C7991FC456AA}.Bee_test|Any CPU.Build.0 = Bee_test|Any CPU
		{54C5A130-E1F2-4971-A76A-C7991FC456AA}.Debug|Any CPU.ActiveCfg = Debug|Any CPU
		{54C5A130-E1F2-4971-A76A-C7991FC456AA}.Debug|Any CPU.Build.0 = Debug|Any CPU
		{54C5A130-E1F2-4971-A76A-C7991FC456AA}.Megafon|Any CPU.ActiveCfg = Megafon|Any CPU
		{54C5A130-E1F2-4971-A76A-C7991FC456AA}.Megafon|Any CPU.Build.0 = Megafon|Any CPU
		{54C5A130-E1F2-4971-A76A-C7991FC456AA}.MTS_Json|Any CPU.ActiveCfg = MTS|Any CPU
		{54C5A130-E1F2-4971-A76A-C7991FC456AA}.MTS_Json|Any CPU.Build.0 = MTS|Any CPU
		{54C5A130-E1F2-4971-A76A-C7991FC456AA}.MTS_Prod|Any CPU.ActiveCfg = MTS_Prod|Any CPU
		{54C5A130-E1F2-4971-A76A-C7991FC456AA}.MTS_Prod|Any CPU.Build.0 = MTS_Prod|Any CPU
		{54C5A130-E1F2-4971-A76A-C7991FC456AA}.MTS_Stage|Any CPU.ActiveCfg = MTS|Any CPU
		{54C5A130-E1F2-4971-A76A-C7991FC456AA}.MTS_Stage|Any CPU.Build.0 = MTS|Any CPU
		{54C5A130-E1F2-4971-A76A-C7991FC456AA}.MTS|Any CPU.ActiveCfg = MTS|Any CPU
		{54C5A130-E1F2-4971-A76A-C7991FC456AA}.MTS|Any CPU.Build.0 = MTS|Any CPU
		{54C5A130-E1F2-4971-A76A-C7991FC456AA}.Release|Any CPU.ActiveCfg = Release|Any CPU
		{54C5A130-E1F2-4971-A76A-C7991FC456AA}.Release|Any CPU.Build.0 = Release|Any CPU
		{54C5A130-E1F2-4971-A76A-C7991FC456AA}.Tele2|Any CPU.ActiveCfg = Tele2|Any CPU
		{54C5A130-E1F2-4971-A76A-C7991FC456AA}.Tele2|Any CPU.Build.0 = Tele2|Any CPU
		{5AF860A1-97A7-4C36-9496-21054975E226}.Bee_test|Any CPU.ActiveCfg = Bee_test|Any CPU
		{5AF860A1-97A7-4C36-9496-21054975E226}.Bee_test|Any CPU.Build.0 = Bee_test|Any CPU
		{5AF860A1-97A7-4C36-9496-21054975E226}.Debug|Any CPU.ActiveCfg = Debug|Any CPU
		{5AF860A1-97A7-4C36-9496-21054975E226}.Debug|Any CPU.Build.0 = Debug|Any CPU
		{5AF860A1-97A7-4C36-9496-21054975E226}.Megafon|Any CPU.ActiveCfg = Megafon|Any CPU
		{5AF860A1-97A7-4C36-9496-21054975E226}.Megafon|Any CPU.Build.0 = Megafon|Any CPU
		{5AF860A1-97A7-4C36-9496-21054975E226}.MTS_Json|Any CPU.ActiveCfg = MTS|Any CPU
		{5AF860A1-97A7-4C36-9496-21054975E226}.MTS_Json|Any CPU.Build.0 = MTS|Any CPU
		{5AF860A1-97A7-4C36-9496-21054975E226}.MTS_Prod|Any CPU.ActiveCfg = MTS_Prod|Any CPU
		{5AF860A1-97A7-4C36-9496-21054975E226}.MTS_Prod|Any CPU.Build.0 = MTS_Prod|Any CPU
		{5AF860A1-97A7-4C36-9496-21054975E226}.MTS_Stage|Any CPU.ActiveCfg = MTS|Any CPU
		{5AF860A1-97A7-4C36-9496-21054975E226}.MTS_Stage|Any CPU.Build.0 = MTS|Any CPU
		{5AF860A1-97A7-4C36-9496-21054975E226}.MTS|Any CPU.ActiveCfg = MTS|Any CPU
		{5AF860A1-97A7-4C36-9496-21054975E226}.MTS|Any CPU.Build.0 = MTS|Any CPU
		{5AF860A1-97A7-4C36-9496-21054975E226}.Release|Any CPU.ActiveCfg = Release|Any CPU
		{5AF860A1-97A7-4C36-9496-21054975E226}.Release|Any CPU.Build.0 = Release|Any CPU
		{5AF860A1-97A7-4C36-9496-21054975E226}.Tele2|Any CPU.ActiveCfg = Tele2|Any CPU
		{5AF860A1-97A7-4C36-9496-21054975E226}.Tele2|Any CPU.Build.0 = Tele2|Any CPU
		{4BAEAE00-DA81-49DC-8B75-475724D4C4C2}.Bee_test|Any CPU.ActiveCfg = Bee_test|Any CPU
		{4BAEAE00-DA81-49DC-8B75-475724D4C4C2}.Bee_test|Any CPU.Build.0 = Bee_test|Any CPU
		{4BAEAE00-DA81-49DC-8B75-475724D4C4C2}.Debug|Any CPU.ActiveCfg = Debug|Any CPU
		{4BAEAE00-DA81-49DC-8B75-475724D4C4C2}.Debug|Any CPU.Build.0 = Debug|Any CPU
		{4BAEAE00-DA81-49DC-8B75-475724D4C4C2}.Megafon|Any CPU.ActiveCfg = Megafon|Any CPU
		{4BAEAE00-DA81-49DC-8B75-475724D4C4C2}.Megafon|Any CPU.Build.0 = Megafon|Any CPU
		{4BAEAE00-DA81-49DC-8B75-475724D4C4C2}.MTS_Json|Any CPU.ActiveCfg = MTS|Any CPU
		{4BAEAE00-DA81-49DC-8B75-475724D4C4C2}.MTS_Json|Any CPU.Build.0 = MTS|Any CPU
		{4BAEAE00-DA81-49DC-8B75-475724D4C4C2}.MTS_Prod|Any CPU.ActiveCfg = MTS_Prod|Any CPU
		{4BAEAE00-DA81-49DC-8B75-475724D4C4C2}.MTS_Prod|Any CPU.Build.0 = MTS_Prod|Any CPU
		{4BAEAE00-DA81-49DC-8B75-475724D4C4C2}.MTS_Stage|Any CPU.ActiveCfg = MTS|Any CPU
		{4BAEAE00-DA81-49DC-8B75-475724D4C4C2}.MTS_Stage|Any CPU.Build.0 = MTS|Any CPU
		{4BAEAE00-DA81-49DC-8B75-475724D4C4C2}.MTS|Any CPU.ActiveCfg = MTS|Any CPU
		{4BAEAE00-DA81-49DC-8B75-475724D4C4C2}.MTS|Any CPU.Build.0 = MTS|Any CPU
		{4BAEAE00-DA81-49DC-8B75-475724D4C4C2}.Release|Any CPU.ActiveCfg = Release|Any CPU
		{4BAEAE00-DA81-49DC-8B75-475724D4C4C2}.Release|Any CPU.Build.0 = Release|Any CPU
		{4BAEAE00-DA81-49DC-8B75-475724D4C4C2}.Tele2|Any CPU.ActiveCfg = Tele2|Any CPU
		{4BAEAE00-DA81-49DC-8B75-475724D4C4C2}.Tele2|Any CPU.Build.0 = Tele2|Any CPU
		{749FE9E8-3678-497B-948F-F0B0135E2D97}.Bee_test|Any CPU.ActiveCfg = MTS_Prod|Any CPU
		{749FE9E8-3678-497B-948F-F0B0135E2D97}.Bee_test|Any CPU.Build.0 = MTS_Prod|Any CPU
		{749FE9E8-3678-497B-948F-F0B0135E2D97}.Debug|Any CPU.ActiveCfg = Debug|Any CPU
		{749FE9E8-3678-497B-948F-F0B0135E2D97}.Debug|Any CPU.Build.0 = Debug|Any CPU
		{749FE9E8-3678-497B-948F-F0B0135E2D97}.Megafon|Any CPU.ActiveCfg = MTS_Prod|Any CPU
		{749FE9E8-3678-497B-948F-F0B0135E2D97}.Megafon|Any CPU.Build.0 = MTS_Prod|Any CPU
		{749FE9E8-3678-497B-948F-F0B0135E2D97}.MTS_Json|Any CPU.ActiveCfg = MTS_Prod|Any CPU
		{749FE9E8-3678-497B-948F-F0B0135E2D97}.MTS_Json|Any CPU.Build.0 = MTS_Prod|Any CPU
		{749FE9E8-3678-497B-948F-F0B0135E2D97}.MTS_Prod|Any CPU.ActiveCfg = MTS_Prod|Any CPU
		{749FE9E8-3678-497B-948F-F0B0135E2D97}.MTS_Prod|Any CPU.Build.0 = MTS_Prod|Any CPU
		{749FE9E8-3678-497B-948F-F0B0135E2D97}.MTS_Stage|Any CPU.ActiveCfg = MTS_Prod|Any CPU
		{749FE9E8-3678-497B-948F-F0B0135E2D97}.MTS_Stage|Any CPU.Build.0 = MTS_Prod|Any CPU
		{749FE9E8-3678-497B-948F-F0B0135E2D97}.MTS|Any CPU.ActiveCfg = MTS|Any CPU
		{749FE9E8-3678-497B-948F-F0B0135E2D97}.MTS|Any CPU.Build.0 = MTS|Any CPU
		{749FE9E8-3678-497B-948F-F0B0135E2D97}.Release|Any CPU.ActiveCfg = Release|Any CPU
		{749FE9E8-3678-497B-948F-F0B0135E2D97}.Release|Any CPU.Build.0 = Release|Any CPU
		{749FE9E8-3678-497B-948F-F0B0135E2D97}.Tele2|Any CPU.ActiveCfg = Tele2|Any CPU
		{749FE9E8-3678-497B-948F-F0B0135E2D97}.Tele2|Any CPU.Build.0 = Tele2|Any CPU
		{30CE970F-DC61-40B7-9625-44A70E8BEAF8}.Bee_test|Any CPU.ActiveCfg = Bee_test|Any CPU
		{30CE970F-DC61-40B7-9625-44A70E8BEAF8}.Bee_test|Any CPU.Build.0 = Bee_test|Any CPU
		{30CE970F-DC61-40B7-9625-44A70E8BEAF8}.Debug|Any CPU.ActiveCfg = Debug|Any CPU
		{30CE970F-DC61-40B7-9625-44A70E8BEAF8}.Debug|Any CPU.Build.0 = Debug|Any CPU
		{30CE970F-DC61-40B7-9625-44A70E8BEAF8}.Megafon|Any CPU.ActiveCfg = Megafon|Any CPU
		{30CE970F-DC61-40B7-9625-44A70E8BEAF8}.Megafon|Any CPU.Build.0 = Megafon|Any CPU
		{30CE970F-DC61-40B7-9625-44A70E8BEAF8}.MTS_Json|Any CPU.ActiveCfg = MTS_Prod|Any CPU
		{30CE970F-DC61-40B7-9625-44A70E8BEAF8}.MTS_Json|Any CPU.Build.0 = MTS_Prod|Any CPU
		{30CE970F-DC61-40B7-9625-44A70E8BEAF8}.MTS_Prod|Any CPU.ActiveCfg = MTS_Prod|Any CPU
		{30CE970F-DC61-40B7-9625-44A70E8BEAF8}.MTS_Prod|Any CPU.Build.0 = MTS_Prod|Any CPU
		{30CE970F-DC61-40B7-9625-44A70E8BEAF8}.MTS_Stage|Any CPU.ActiveCfg = MTS_Prod|Any CPU
		{30CE970F-DC61-40B7-9625-44A70E8BEAF8}.MTS_Stage|Any CPU.Build.0 = MTS_Prod|Any CPU
		{30CE970F-DC61-40B7-9625-44A70E8BEAF8}.MTS|Any CPU.ActiveCfg = MTS|Any CPU
		{30CE970F-DC61-40B7-9625-44A70E8BEAF8}.MTS|Any CPU.Build.0 = MTS|Any CPU
		{30CE970F-DC61-40B7-9625-44A70E8BEAF8}.Release|Any CPU.ActiveCfg = Release|Any CPU
		{30CE970F-DC61-40B7-9625-44A70E8BEAF8}.Release|Any CPU.Build.0 = Release|Any CPU
		{30CE970F-DC61-40B7-9625-44A70E8BEAF8}.Tele2|Any CPU.ActiveCfg = Tele2|Any CPU
		{30CE970F-DC61-40B7-9625-44A70E8BEAF8}.Tele2|Any CPU.Build.0 = Tele2|Any CPU
		{7BF30688-370A-4290-89E4-EF9181D373E4}.Bee_test|Any CPU.ActiveCfg = MTS_Prod|Any CPU
		{7BF30688-370A-4290-89E4-EF9181D373E4}.Bee_test|Any CPU.Build.0 = MTS_Prod|Any CPU
		{7BF30688-370A-4290-89E4-EF9181D373E4}.Debug|Any CPU.ActiveCfg = Debug|Any CPU
		{7BF30688-370A-4290-89E4-EF9181D373E4}.Debug|Any CPU.Build.0 = Debug|Any CPU
		{7BF30688-370A-4290-89E4-EF9181D373E4}.Megafon|Any CPU.ActiveCfg = Megafon|Any CPU
		{7BF30688-370A-4290-89E4-EF9181D373E4}.Megafon|Any CPU.Build.0 = Megafon|Any CPU
		{7BF30688-370A-4290-89E4-EF9181D373E4}.MTS_Json|Any CPU.ActiveCfg = MTS_Prod|Any CPU
		{7BF30688-370A-4290-89E4-EF9181D373E4}.MTS_Json|Any CPU.Build.0 = MTS_Prod|Any CPU
		{7BF30688-370A-4290-89E4-EF9181D373E4}.MTS_Prod|Any CPU.ActiveCfg = MTS_Prod|Any CPU
		{7BF30688-370A-4290-89E4-EF9181D373E4}.MTS_Prod|Any CPU.Build.0 = MTS_Prod|Any CPU
		{7BF30688-370A-4290-89E4-EF9181D373E4}.MTS_Stage|Any CPU.ActiveCfg = MTS_Prod|Any CPU
		{7BF30688-370A-4290-89E4-EF9181D373E4}.MTS_Stage|Any CPU.Build.0 = MTS_Prod|Any CPU
		{7BF30688-370A-4290-89E4-EF9181D373E4}.MTS|Any CPU.ActiveCfg = MTS|Any CPU
		{7BF30688-370A-4290-89E4-EF9181D373E4}.MTS|Any CPU.Build.0 = MTS|Any CPU
		{7BF30688-370A-4290-89E4-EF9181D373E4}.Release|Any CPU.ActiveCfg = Release|Any CPU
		{7BF30688-370A-4290-89E4-EF9181D373E4}.Release|Any CPU.Build.0 = Release|Any CPU
		{7BF30688-370A-4290-89E4-EF9181D373E4}.Tele2|Any CPU.ActiveCfg = Tele2|Any CPU
		{7BF30688-370A-4290-89E4-EF9181D373E4}.Tele2|Any CPU.Build.0 = Tele2|Any CPU
	EndGlobalSection
	GlobalSection(SolutionProperties) = preSolution
		HideSolutionNode = FALSE
	EndGlobalSection
	GlobalSection(NestedProjects) = preSolution
		{54C5A130-E1F2-4971-A76A-C7991FC456AA} = {5F456B86-6814-47F9-8A84-645792224BD1}
		{5AF860A1-97A7-4C36-9496-21054975E226} = {5F456B86-6814-47F9-8A84-645792224BD1}
		{4BAEAE00-DA81-49DC-8B75-475724D4C4C2} = {5F456B86-6814-47F9-8A84-645792224BD1}
		{749FE9E8-3678-497B-948F-F0B0135E2D97} = {5F456B86-6814-47F9-8A84-645792224BD1}
		{30CE970F-DC61-40B7-9625-44A70E8BEAF8} = {5F456B86-6814-47F9-8A84-645792224BD1}
		{7BF30688-370A-4290-89E4-EF9181D373E4} = {5F456B86-6814-47F9-8A84-645792224BD1}
	EndGlobalSection
	GlobalSection(TeamFoundationVersionControl) = preSolution
		SccNumberOfProjects = 10
		SccEnterpriseProvider = {4CA58AB2-18FA-4F8D-95D4-32DDF27D184C}
		SccTeamFoundationServer = http://tfs.artq.com:8080/tfs/quantumartcollection
		SccLocalPath0 = .
		SccProjectUniqueName1 = QA.ProductCatalog.SiteSyncWebHost\\QA.ProductCatalog.SiteSyncWebHost.csproj
		SccProjectName1 = QA.ProductCatalog.SiteSyncWebHost
		SccLocalPath1 = QA.ProductCatalog.SiteSyncWebHost
		SccProjectUniqueName2 = QA.Core.DPC.Integration\\QA.Core.DPC.Integration.csproj
		SccProjectName2 = QA.Core.DPC.Integration
		SccLocalPath2 = QA.Core.DPC.Integration
		SccProjectUniqueName3 = QA.Configuration\\QA.Configuration.csproj
		SccProjectTopLevelParentUniqueName3 = QA.ProductCatalog.SiteSyncWebHost.sln
		SccProjectName3 = QA.Configuration
		SccLocalPath3 = QA.Configuration
		SccProjectUniqueName4 = QA.ProductCatalog.Integration\\QA.ProductCatalog.Integration.csproj
		SccProjectTopLevelParentUniqueName4 = QA.ProductCatalog.SiteSyncWebHost.sln
		SccProjectName4 = QA.ProductCatalog.Integration
		SccLocalPath4 = QA.ProductCatalog.Integration
		SccProjectUniqueName5 = QA.ProductCatalog.Infrastructure\\QA.ProductCatalog.Infrastructure.csproj
		SccProjectTopLevelParentUniqueName5 = QA.ProductCatalog.SiteSyncWebHost.sln
		SccProjectName5 = QA.ProductCatalog.Infrastructure
		SccLocalPath5 = QA.ProductCatalog.Infrastructure
		SccProjectUniqueName6 = QA.Core.Models\\QA.Core.Models.csproj
		SccProjectTopLevelParentUniqueName6 = QA.ProductCatalog.SiteSyncWebHost.sln
		SccProjectName6 = QA.Core.Models
		SccLocalPath6 = QA.Core.Models
		SccProjectUniqueName7 = QA.Core.DPC.Formatters\\QA.Core.DPC.Formatters.csproj
		SccProjectTopLevelParentUniqueName7 = QA.ProductCatalog.SiteSyncWebHost.sln
		SccProjectName7 = QA.Core.DPC.Formatters
		SccLocalPath7 = QA.Core.DPC.Formatters
		SccProjectUniqueName8 = QA.Core.DPC.Loader\\QA.Core.DPC.Loader.csproj
		SccProjectTopLevelParentUniqueName8 = QA.ProductCatalog.SiteSyncWebHost.sln
		SccProjectName8 = QA.Core.DPC.Loader
		SccLocalPath8 = QA.Core.DPC.Loader
		SccProjectUniqueName9 = QA.Core.DocumentGenerator\\QA.Core.DocumentGenerator.csproj
		SccProjectTopLevelParentUniqueName9 = QA.ProductCatalog.SiteSyncWebHost.sln
		SccProjectName9 = QA.Core.DocumentGenerator
		SccLocalPath9 = QA.Core.DocumentGenerator
	EndGlobalSection
EndGlobal
